{
  "version": 4,
  "terraform_version": "1.3.1",
  "serial": 102,
  "lineage": "5f973a2f-91db-afac-d3c0-7b7e3540188c",
  "outputs": {},
  "resources": [
    {
      "mode": "data",
      "type": "aws_caller_identity",
      "name": "current",
      "provider": "provider[\"registry.terraform.io/hashicorp/aws\"]",
      "instances": [
        {
          "schema_version": 0,
          "attributes": {
            "account_id": "710440188130",
            "arn": "arn:aws:sts::710440188130:assumed-role/Admin/stejwar-Isengard",
            "id": "710440188130",
            "user_id": "AROA2K2MI7DRGXI64OQVQ:stejwar-Isengard"
          },
          "sensitive_attributes": []
        }
      ]
    },
    {
      "mode": "managed",
      "type": "aws_cloudwatch_log_group",
      "name": "discord_api_to_lambda",
      "provider": "provider[\"registry.terraform.io/hashicorp/aws\"]",
      "instances": [
        {
          "schema_version": 0,
          "attributes": {
            "arn": "arn:aws:logs:us-west-1:710440188130:log-group:/aws/lambda/lambda-api-discord-diffusion-prod",
            "id": "/aws/lambda/lambda-api-discord-diffusion-prod",
            "kms_key_id": "",
            "name": "/aws/lambda/lambda-api-discord-diffusion-prod",
            "name_prefix": null,
            "retention_in_days": 14,
            "tags": {},
            "tags_all": {
              "Project": "discord-diffusion",
              "auto-delete": "no"
            }
          },
          "sensitive_attributes": [],
          "private": "bnVsbA=="
        }
      ]
    },
    {
      "mode": "managed",
      "type": "aws_iam_policy",
      "name": "discord_api_lambda_logging",
      "provider": "provider[\"registry.terraform.io/hashicorp/aws\"]",
      "instances": [
        {
          "schema_version": 0,
          "attributes": {
            "arn": "arn:aws:iam::710440188130:policy/discord-lambda-logging",
            "description": "IAM policy for logging from a lambda",
            "id": "arn:aws:iam::710440188130:policy/discord-lambda-logging",
            "name": "discord-lambda-logging",
            "name_prefix": null,
            "path": "/",
            "policy": "{\"Statement\":[{\"Action\":[\"logs:CreateLogGroup\",\"logs:CreateLogStream\",\"logs:PutLogEvents\"],\"Effect\":\"Allow\",\"Resource\":\"arn:aws:logs:us-west-1:710440188130:/aws/lambda/lambda-api-discord-diffusion-prod:*\"}],\"Version\":\"2012-10-17\"}",
            "policy_id": "ANPA2K2MI7DRD5TFWBGVN",
            "tags": {},
            "tags_all": {
              "Project": "discord-diffusion",
              "auto-delete": "no"
            }
          },
          "sensitive_attributes": [],
          "private": "bnVsbA==",
          "dependencies": [
            "data.aws_caller_identity.current"
          ]
        }
      ]
    },
    {
      "mode": "managed",
      "type": "aws_iam_policy",
      "name": "lambda_read_sec_param",
      "provider": "provider[\"registry.terraform.io/hashicorp/aws\"]",
      "instances": [
        {
          "schema_version": 0,
          "attributes": {
            "arn": "arn:aws:iam::710440188130:policy/LambdaReadSSMSecrets-discord-diffusion-prod",
            "description": "IAM policy for logging from a lambda",
            "id": "arn:aws:iam::710440188130:policy/LambdaReadSSMSecrets-discord-diffusion-prod",
            "name": "LambdaReadSSMSecrets-discord-diffusion-prod",
            "name_prefix": null,
            "path": "/",
            "policy": "{\"Statement\":[{\"Action\":[\"kms:Decrypt\",\"ssm:GetParameters\",\"ssm:GetParameter\"],\"Effect\":\"Allow\",\"Resource\":[\"arn:aws:kms:*:710440188130:alias/aws/ssm\",\"arn:aws:ssm:us-west-1:710440188130:parameter/lambda-api-discord-diffusion-prod\"]}],\"Version\":\"2012-10-17\"}",
            "policy_id": "ANPA2K2MI7DRNLSSPAREB",
            "tags": {},
            "tags_all": {
              "Project": "discord-diffusion",
              "auto-delete": "no"
            }
          },
          "sensitive_attributes": [],
          "private": "bnVsbA==",
          "dependencies": [
            "aws_ssm_parameter.secret",
            "data.aws_caller_identity.current"
          ]
        }
      ]
    },
    {
      "mode": "managed",
      "type": "aws_iam_policy",
      "name": "lambda_send_sqs_message",
      "provider": "provider[\"registry.terraform.io/hashicorp/aws\"]",
      "instances": [
        {
          "schema_version": 0,
          "attributes": {
            "arn": "arn:aws:iam::710440188130:policy/LambdaWriteSQS-discord-diffusion-prod",
            "description": "IAM policy for writing to sqs queue",
            "id": "arn:aws:iam::710440188130:policy/LambdaWriteSQS-discord-diffusion-prod",
            "name": "LambdaWriteSQS-discord-diffusion-prod",
            "name_prefix": null,
            "path": "/",
            "policy": "{\"Statement\":[{\"Action\":\"sqs:SendMessage\",\"Effect\":\"Allow\",\"Resource\":\"arn:aws:sqs:us-west-1:710440188130:discord-diffusion-prod20221004033820681700000002.fifo\"}],\"Version\":\"2012-10-17\"}",
            "policy_id": "ANPA2K2MI7DRLLGNBSNAS",
            "tags": null,
            "tags_all": {
              "Project": "discord-diffusion",
              "auto-delete": "no"
            }
          },
          "sensitive_attributes": [],
          "private": "bnVsbA==",
          "dependencies": [
            "aws_sqs_queue.default_queue"
          ]
        }
      ]
    },
    {
      "mode": "managed",
      "type": "aws_iam_role",
      "name": "discord_api_to_lambda",
      "provider": "provider[\"registry.terraform.io/hashicorp/aws\"]",
      "instances": [
        {
          "schema_version": 0,
          "attributes": {
            "arn": "arn:aws:iam::710440188130:role/lambda-api-discord-diffusion-prod",
            "assume_role_policy": "{\"Statement\":[{\"Action\":\"sts:AssumeRole\",\"Effect\":\"Allow\",\"Principal\":{\"Service\":\"lambda.amazonaws.com\"},\"Sid\":\"\"}],\"Version\":\"2012-10-17\"}",
            "create_date": "2022-10-04T03:38:21Z",
            "description": "",
            "force_detach_policies": false,
            "id": "lambda-api-discord-diffusion-prod",
            "inline_policy": [],
            "managed_policy_arns": [
              "arn:aws:iam::710440188130:policy/LambdaReadSSMSecrets-discord-diffusion-prod",
              "arn:aws:iam::710440188130:policy/discord-lambda-logging"
            ],
            "max_session_duration": 3600,
            "name": "lambda-api-discord-diffusion-prod",
            "name_prefix": "",
            "path": "/",
            "permissions_boundary": null,
            "tags": {},
            "tags_all": {
              "Project": "discord-diffusion",
              "auto-delete": "no"
            },
            "unique_id": "AROA2K2MI7DRDCIBJYAHB"
          },
          "sensitive_attributes": [],
          "private": "bnVsbA=="
        }
      ]
    },
    {
      "mode": "managed",
      "type": "aws_iam_role_policy_attachment",
      "name": "discord_api_to_lambda",
      "provider": "provider[\"registry.terraform.io/hashicorp/aws\"]",
      "instances": [
        {
          "schema_version": 0,
          "attributes": {
            "id": "lambda-api-discord-diffusion-prod-20221004033822433200000003",
            "policy_arn": "arn:aws:iam::710440188130:policy/discord-lambda-logging",
            "role": "lambda-api-discord-diffusion-prod"
          },
          "sensitive_attributes": [],
          "private": "bnVsbA==",
          "dependencies": [
            "aws_iam_policy.discord_api_lambda_logging",
            "aws_iam_role.discord_api_to_lambda",
            "data.aws_caller_identity.current"
          ]
        }
      ]
    },
    {
      "mode": "managed",
      "type": "aws_iam_role_policy_attachment",
      "name": "discord_api_to_lambda_sqs",
      "provider": "provider[\"registry.terraform.io/hashicorp/aws\"]",
      "instances": [
        {
          "schema_version": 0,
          "attributes": {
            "id": "lambda-api-discord-diffusion-prod-20221004035622744600000001",
            "policy_arn": "arn:aws:iam::710440188130:policy/LambdaWriteSQS-discord-diffusion-prod",
            "role": "lambda-api-discord-diffusion-prod"
          },
          "sensitive_attributes": [],
          "private": "bnVsbA==",
          "dependencies": [
            "aws_iam_policy.lambda_send_sqs_message",
            "aws_iam_role.discord_api_to_lambda",
            "aws_sqs_queue.default_queue"
          ]
        }
      ]
    },
    {
      "mode": "managed",
      "type": "aws_iam_role_policy_attachment",
      "name": "discord_api_to_lambda_ssm",
      "provider": "provider[\"registry.terraform.io/hashicorp/aws\"]",
      "instances": [
        {
          "schema_version": 0,
          "attributes": {
            "id": "lambda-api-discord-diffusion-prod-20221004035326596400000001",
            "policy_arn": "arn:aws:iam::710440188130:policy/LambdaReadSSMSecrets-discord-diffusion-prod",
            "role": "lambda-api-discord-diffusion-prod"
          },
          "sensitive_attributes": [],
          "private": "bnVsbA==",
          "dependencies": [
            "aws_iam_policy.lambda_read_sec_param",
            "aws_iam_role.discord_api_to_lambda",
            "aws_ssm_parameter.secret",
            "data.aws_caller_identity.current"
          ]
        }
      ]
    },
    {
      "mode": "managed",
      "type": "aws_lambda_layer_version",
      "name": "pynacl",
      "provider": "provider[\"registry.terraform.io/hashicorp/aws\"]",
      "instances": [
        {
          "schema_version": 0,
          "attributes": {
            "arn": "arn:aws:lambda:us-west-1:710440188130:layer:discord-diffusion-prod-pynacl:2",
            "compatible_architectures": [],
            "compatible_runtimes": [
              "python3.8"
            ],
            "created_date": "2022-10-04T03:38:28.534+0000",
            "description": "",
            "filename": "files/pynacl_py3p8.zip",
            "id": "arn:aws:lambda:us-west-1:710440188130:layer:discord-diffusion-prod-pynacl:2",
            "layer_arn": "arn:aws:lambda:us-west-1:710440188130:layer:discord-diffusion-prod-pynacl",
            "layer_name": "discord-diffusion-prod-pynacl",
            "license_info": "",
            "s3_bucket": null,
            "s3_key": null,
            "s3_object_version": null,
            "signing_job_arn": "",
            "signing_profile_version_arn": "",
            "skip_destroy": false,
            "source_code_hash": "4hckogiSnSmTwcK6MbfGfqHSsT4j6YdkoAMhJqJ8De0=",
            "source_code_size": 1735600,
            "version": "2"
          },
          "sensitive_attributes": [],
          "private": "bnVsbA=="
        }
      ]
    },
    {
      "mode": "managed",
      "type": "aws_lambda_layer_version",
      "name": "requests",
      "provider": "provider[\"registry.terraform.io/hashicorp/aws\"]",
      "instances": [
        {
          "schema_version": 0,
          "attributes": {
            "arn": "arn:aws:lambda:us-west-1:710440188130:layer:discord-diffusion-prod-requests:2",
            "compatible_architectures": [],
            "compatible_runtimes": [
              "python3.8"
            ],
            "created_date": "2022-10-04T03:38:23.806+0000",
            "description": "",
            "filename": "files/requests_py3p8.zip",
            "id": "arn:aws:lambda:us-west-1:710440188130:layer:discord-diffusion-prod-requests:2",
            "layer_arn": "arn:aws:lambda:us-west-1:710440188130:layer:discord-diffusion-prod-requests",
            "layer_name": "discord-diffusion-prod-requests",
            "license_info": "",
            "s3_bucket": null,
            "s3_key": null,
            "s3_object_version": null,
            "signing_job_arn": "",
            "signing_profile_version_arn": "",
            "skip_destroy": false,
            "source_code_hash": "qB7gB6d5kKwNdWwzqFLiVgNGq3vnrZPl3jCkcaAwc4U=",
            "source_code_size": 801989,
            "version": "2"
          },
          "sensitive_attributes": [],
          "private": "bnVsbA=="
        }
      ]
    },
    {
      "mode": "managed",
      "type": "aws_sqs_queue",
      "name": "default_queue",
      "provider": "provider[\"registry.terraform.io/hashicorp/aws\"]",
      "instances": [
        {
          "schema_version": 0,
          "attributes": {
            "arn": "arn:aws:sqs:us-west-1:710440188130:discord-diffusion-prod20221004033820681700000002.fifo",
            "content_based_deduplication": true,
            "deduplication_scope": "queue",
            "delay_seconds": 0,
            "fifo_queue": true,
            "fifo_throughput_limit": "perQueue",
            "id": "https://sqs.us-west-1.amazonaws.com/710440188130/discord-diffusion-prod20221004033820681700000002.fifo",
            "kms_data_key_reuse_period_seconds": 300,
            "kms_master_key_id": "",
            "max_message_size": 262144,
            "message_retention_seconds": 345600,
            "name": "discord-diffusion-prod20221004033820681700000002.fifo",
            "name_prefix": "discord-diffusion-prod",
            "policy": "",
            "receive_wait_time_seconds": 20,
            "redrive_allow_policy": "",
            "redrive_policy": "",
            "sqs_managed_sse_enabled": false,
            "tags": {},
            "tags_all": {
              "Project": "discord-diffusion",
              "auto-delete": "no"
            },
            "url": "https://sqs.us-west-1.amazonaws.com/710440188130/discord-diffusion-prod20221004033820681700000002.fifo",
            "visibility_timeout_seconds": 120
          },
          "sensitive_attributes": [],
          "private": "bnVsbA=="
        }
      ]
    },
    {
      "mode": "managed",
      "type": "aws_ssm_parameter",
      "name": "secret",
      "provider": "provider[\"registry.terraform.io/hashicorp/aws\"]",
      "instances": [
        {
          "schema_version": 0,
          "attributes": {
            "allowed_pattern": "",
            "arn": "arn:aws:ssm:us-west-1:710440188130:parameter/lambda-api-discord-diffusion-prod",
            "data_type": "text",
            "description": "Discord Application Secret",
            "id": "lambda-api-discord-diffusion-prod",
            "insecure_value": null,
            "key_id": "alias/aws/ssm",
            "name": "lambda-api-discord-diffusion-prod",
            "overwrite": null,
            "tags": {},
            "tags_all": {
              "Project": "discord-diffusion",
              "auto-delete": "no"
            },
            "tier": "Standard",
            "type": "SecureString",
            "value": "sELMvra_QLm8HvDLRi_zWvHsYizOGjQi",
            "version": 1
          },
          "sensitive_attributes": [],
          "private": "bnVsbA=="
        }
      ]
    }
  ],
  "check_results": []
}
