{
  "version": 4,
  "terraform_version": "1.3.1",
  "serial": 1099,
  "lineage": "5f973a2f-91db-afac-d3c0-7b7e3540188c",
  "outputs": {},
  "resources": [
    {
      "mode": "data",
      "type": "aws_caller_identity",
      "name": "current",
      "provider": "provider[\"registry.terraform.io/hashicorp/aws\"]",
      "instances": [
        {
          "schema_version": 0,
          "attributes": {
            "account_id": "710440188130",
            "arn": "arn:aws:sts::710440188130:assumed-role/Admin/stejwar-Isengard",
            "id": "710440188130",
            "user_id": "AROA2K2MI7DRGXI64OQVQ:stejwar-Isengard"
          },
          "sensitive_attributes": []
        }
      ]
    },
    {
      "mode": "managed",
      "type": "aws_lambda_layer_version",
      "name": "pynacl",
      "provider": "provider[\"registry.terraform.io/hashicorp/aws\"]",
      "instances": [
        {
          "schema_version": 0,
          "attributes": {
            "arn": "arn:aws:lambda:us-west-1:710440188130:layer:discord-diffusion-prod-pynacl:7",
            "compatible_architectures": [],
            "compatible_runtimes": [
              "python3.8"
            ],
            "created_date": "2022-10-07T21:06:24.696+0000",
            "description": "",
            "filename": "files/pynacl_py3p8.zip",
            "id": "arn:aws:lambda:us-west-1:710440188130:layer:discord-diffusion-prod-pynacl:7",
            "layer_arn": "arn:aws:lambda:us-west-1:710440188130:layer:discord-diffusion-prod-pynacl",
            "layer_name": "discord-diffusion-prod-pynacl",
            "license_info": "",
            "s3_bucket": null,
            "s3_key": null,
            "s3_object_version": null,
            "signing_job_arn": "",
            "signing_profile_version_arn": "",
            "skip_destroy": false,
            "source_code_hash": "4hckogiSnSmTwcK6MbfGfqHSsT4j6YdkoAMhJqJ8De0=",
            "source_code_size": 1735600,
            "version": "7"
          },
          "sensitive_attributes": [],
          "private": "bnVsbA=="
        }
      ]
    },
    {
      "mode": "managed",
      "type": "aws_lambda_layer_version",
      "name": "requests",
      "provider": "provider[\"registry.terraform.io/hashicorp/aws\"]",
      "instances": [
        {
          "schema_version": 0,
          "attributes": {
            "arn": "arn:aws:lambda:us-west-1:710440188130:layer:discord-diffusion-prod-requests:7",
            "compatible_architectures": [],
            "compatible_runtimes": [
              "python3.8"
            ],
            "created_date": "2022-10-07T21:06:29.698+0000",
            "description": "",
            "filename": "files/requests_py3p8.zip",
            "id": "arn:aws:lambda:us-west-1:710440188130:layer:discord-diffusion-prod-requests:7",
            "layer_arn": "arn:aws:lambda:us-west-1:710440188130:layer:discord-diffusion-prod-requests",
            "layer_name": "discord-diffusion-prod-requests",
            "license_info": "",
            "s3_bucket": null,
            "s3_key": null,
            "s3_object_version": null,
            "signing_job_arn": "",
            "signing_profile_version_arn": "",
            "skip_destroy": false,
            "source_code_hash": "qB7gB6d5kKwNdWwzqFLiVgNGq3vnrZPl3jCkcaAwc4U=",
            "source_code_size": 801989,
            "version": "7"
          },
          "sensitive_attributes": [],
          "private": "bnVsbA=="
        }
      ]
    },
    {
      "mode": "managed",
      "type": "aws_sqs_queue",
      "name": "default_queue",
      "provider": "provider[\"registry.terraform.io/hashicorp/aws\"]",
      "instances": [
        {
          "schema_version": 0,
          "attributes": {
            "arn": "arn:aws:sqs:us-west-1:710440188130:discord-diffusion-prod20221007210619509000000002.fifo",
            "content_based_deduplication": true,
            "deduplication_scope": "queue",
            "delay_seconds": 0,
            "fifo_queue": true,
            "fifo_throughput_limit": "perQueue",
            "id": "https://sqs.us-west-1.amazonaws.com/710440188130/discord-diffusion-prod20221007210619509000000002.fifo",
            "kms_data_key_reuse_period_seconds": 300,
            "kms_master_key_id": "",
            "max_message_size": 262144,
            "message_retention_seconds": 345600,
            "name": "discord-diffusion-prod20221007210619509000000002.fifo",
            "name_prefix": "discord-diffusion-prod",
            "policy": "",
            "receive_wait_time_seconds": 20,
            "redrive_allow_policy": "",
            "redrive_policy": "",
            "sqs_managed_sse_enabled": false,
            "tags": {},
            "tags_all": {
              "Project": "discord-diffusion",
              "auto-delete": "no"
            },
            "url": "https://sqs.us-west-1.amazonaws.com/710440188130/discord-diffusion-prod20221007210619509000000002.fifo",
            "visibility_timeout_seconds": 120
          },
          "sensitive_attributes": [],
          "private": "bnVsbA=="
        }
      ]
    },
    {
      "module": "module.api_gw_lambda",
      "mode": "data",
      "type": "archive_file",
      "name": "discord_api_to_lambda",
      "provider": "provider[\"registry.terraform.io/hashicorp/archive\"]",
      "instances": [
        {
          "schema_version": 0,
          "attributes": {
            "excludes": null,
            "id": "99baa74539000d367542b899bc5647174522db50",
            "output_base64sha256": "7xyR6RS62v6B2J6Hp2vu4dep8XOJfb0kUb6DzMJO8UQ=",
            "output_file_mode": null,
            "output_md5": "22bca8430a34b318a8512f055c195487",
            "output_path": "modules/api_gw_lambda/files/discord_api_gw.zip",
            "output_sha": "99baa74539000d367542b899bc5647174522db50",
            "output_size": 2549,
            "source": [],
            "source_content": null,
            "source_content_filename": null,
            "source_dir": "modules/api_gw_lambda/files/discord_api_gw",
            "source_file": null,
            "type": "zip"
          },
          "sensitive_attributes": []
        }
      ]
    },
    {
      "module": "module.api_gw_lambda",
      "mode": "managed",
      "type": "aws_cloudwatch_log_group",
      "name": "discord_api_to_lambda",
      "provider": "provider[\"registry.terraform.io/hashicorp/aws\"]",
      "instances": [
        {
          "schema_version": 0,
          "attributes": {
            "arn": "arn:aws:logs:us-west-1:710440188130:log-group:/aws/lambda/lambda-api-discord-diffusion-prod",
            "id": "/aws/lambda/lambda-api-discord-diffusion-prod",
            "kms_key_id": "",
            "name": "/aws/lambda/lambda-api-discord-diffusion-prod",
            "name_prefix": null,
            "retention_in_days": 14,
            "tags": {},
            "tags_all": {
              "Project": "discord-diffusion",
              "auto-delete": "no"
            }
          },
          "sensitive_attributes": [],
          "private": "bnVsbA=="
        }
      ]
    },
    {
      "module": "module.api_gw_lambda",
      "mode": "managed",
      "type": "aws_iam_policy",
      "name": "discord_api_lambda_logging",
      "provider": "provider[\"registry.terraform.io/hashicorp/aws\"]",
      "instances": [
        {
          "schema_version": 0,
          "attributes": {
            "arn": "arn:aws:iam::710440188130:policy/apigw-logging-discord-diffusion-prod",
            "description": "IAM policy for logging from a lambda",
            "id": "arn:aws:iam::710440188130:policy/apigw-logging-discord-diffusion-prod",
            "name": "apigw-logging-discord-diffusion-prod",
            "name_prefix": null,
            "path": "/",
            "policy": "{\"Statement\":[{\"Action\":\"logs:CreateLogGroup\",\"Effect\":\"Allow\",\"Resource\":\"arn:aws:logs:us-west-1:710440188130:*\"},{\"Action\":[\"logs:CreateLogStream\",\"logs:PutLogEvents\"],\"Effect\":\"Allow\",\"Resource\":\"arn:aws:logs:us-west-1:710440188130:/aws/lambda/lambda-api-discord-diffusion-prod:*\"}],\"Version\":\"2012-10-17\"}",
            "policy_id": "ANPA2K2MI7DRBHTXLCOPJ",
            "tags": {},
            "tags_all": {
              "Project": "discord-diffusion",
              "auto-delete": "no"
            }
          },
          "sensitive_attributes": [],
          "private": "bnVsbA==",
          "dependencies": [
            "data.aws_caller_identity.current"
          ]
        }
      ]
    },
    {
      "module": "module.api_gw_lambda",
      "mode": "managed",
      "type": "aws_iam_policy",
      "name": "lambda_send_sqs_message",
      "provider": "provider[\"registry.terraform.io/hashicorp/aws\"]",
      "instances": [
        {
          "schema_version": 0,
          "attributes": {
            "arn": "arn:aws:iam::710440188130:policy/LambdaWriteSQS-discord-diffusion-prod",
            "description": "IAM policy for writing to sqs queue",
            "id": "arn:aws:iam::710440188130:policy/LambdaWriteSQS-discord-diffusion-prod",
            "name": "LambdaWriteSQS-discord-diffusion-prod",
            "name_prefix": null,
            "path": "/",
            "policy": "{\"Statement\":[{\"Action\":\"sqs:SendMessage\",\"Effect\":\"Allow\",\"Resource\":\"arn:aws:sqs:us-west-1:710440188130:discord-diffusion-prod20221007210619509000000002.fifo\"}],\"Version\":\"2012-10-17\"}",
            "policy_id": "ANPA2K2MI7DRCIH3CKVYL",
            "tags": {},
            "tags_all": {
              "Project": "discord-diffusion",
              "auto-delete": "no"
            }
          },
          "sensitive_attributes": [],
          "private": "bnVsbA==",
          "dependencies": [
            "aws_sqs_queue.default_queue"
          ]
        }
      ]
    },
    {
      "module": "module.api_gw_lambda",
      "mode": "managed",
      "type": "aws_iam_role",
      "name": "discord_api_to_lambda",
      "provider": "provider[\"registry.terraform.io/hashicorp/aws\"]",
      "instances": [
        {
          "schema_version": 0,
          "attributes": {
            "arn": "arn:aws:iam::710440188130:role/lambda-api-discord-diffusion-prod",
            "assume_role_policy": "{\"Statement\":[{\"Action\":\"sts:AssumeRole\",\"Effect\":\"Allow\",\"Principal\":{\"Service\":\"lambda.amazonaws.com\"},\"Sid\":\"\"}],\"Version\":\"2012-10-17\"}",
            "create_date": "2022-10-07T21:06:20Z",
            "description": "",
            "force_detach_policies": false,
            "id": "lambda-api-discord-diffusion-prod",
            "inline_policy": [],
            "managed_policy_arns": [
              "arn:aws:iam::710440188130:policy/LambdaWriteSQS-discord-diffusion-prod",
              "arn:aws:iam::710440188130:policy/apigw-logging-discord-diffusion-prod"
            ],
            "max_session_duration": 3600,
            "name": "lambda-api-discord-diffusion-prod",
            "name_prefix": "",
            "path": "/",
            "permissions_boundary": null,
            "tags": {},
            "tags_all": {
              "Project": "discord-diffusion",
              "auto-delete": "no"
            },
            "unique_id": "AROA2K2MI7DRJ5RTOOKMA"
          },
          "sensitive_attributes": [],
          "private": "bnVsbA=="
        }
      ]
    },
    {
      "module": "module.api_gw_lambda",
      "mode": "managed",
      "type": "aws_iam_role_policy_attachment",
      "name": "discord_api_to_lambda",
      "provider": "provider[\"registry.terraform.io/hashicorp/aws\"]",
      "instances": [
        {
          "schema_version": 0,
          "attributes": {
            "id": "lambda-api-discord-diffusion-prod-20221007210621071900000003",
            "policy_arn": "arn:aws:iam::710440188130:policy/apigw-logging-discord-diffusion-prod",
            "role": "lambda-api-discord-diffusion-prod"
          },
          "sensitive_attributes": [],
          "private": "bnVsbA==",
          "dependencies": [
            "data.aws_caller_identity.current",
            "module.api_gw_lambda.aws_iam_policy.discord_api_lambda_logging",
            "module.api_gw_lambda.aws_iam_role.discord_api_to_lambda"
          ]
        }
      ]
    },
    {
      "module": "module.api_gw_lambda",
      "mode": "managed",
      "type": "aws_iam_role_policy_attachment",
      "name": "discord_api_to_lambda_sqs",
      "provider": "provider[\"registry.terraform.io/hashicorp/aws\"]",
      "instances": [
        {
          "schema_version": 0,
          "attributes": {
            "id": "lambda-api-discord-diffusion-prod-20221007210646087000000004",
            "policy_arn": "arn:aws:iam::710440188130:policy/LambdaWriteSQS-discord-diffusion-prod",
            "role": "lambda-api-discord-diffusion-prod"
          },
          "sensitive_attributes": [],
          "private": "bnVsbA==",
          "dependencies": [
            "aws_sqs_queue.default_queue",
            "module.api_gw_lambda.aws_iam_policy.lambda_send_sqs_message",
            "module.api_gw_lambda.aws_iam_role.discord_api_to_lambda"
          ]
        }
      ]
    },
    {
      "module": "module.api_gw_lambda",
      "mode": "managed",
      "type": "aws_lambda_function",
      "name": "discord_api_to_lambda",
      "provider": "provider[\"registry.terraform.io/hashicorp/aws\"]",
      "instances": [
        {
          "schema_version": 0,
          "attributes": {
            "architectures": [
              "x86_64"
            ],
            "arn": "arn:aws:lambda:us-west-1:710440188130:function:lambda-api-discord-diffusion-prod",
            "code_signing_config_arn": "",
            "dead_letter_config": [],
            "description": "Discord First Response",
            "environment": [
              {
                "variables": {
                  "APPLICATION_ID": "1026679548953243660",
                  "PUBLIC_KEY": "743f6ba5346ef9fffbd24c8c55b5b739386c65832c71d3fc1aa509a7ba010f00",
                  "SQS_QUEUE_URL": "https://sqs.us-west-1.amazonaws.com/710440188130/discord-diffusion-prod20221007210619509000000002.fifo"
                }
              }
            ],
            "ephemeral_storage": [
              {
                "size": 512
              }
            ],
            "file_system_config": [],
            "filename": "modules/api_gw_lambda/files/discord_api_gw.zip",
            "function_name": "lambda-api-discord-diffusion-prod",
            "handler": "lambda_function.lambda_handler",
            "id": "lambda-api-discord-diffusion-prod",
            "image_config": [],
            "image_uri": "",
            "invoke_arn": "arn:aws:apigateway:us-west-1:lambda:path/2015-03-31/functions/arn:aws:lambda:us-west-1:710440188130:function:lambda-api-discord-diffusion-prod/invocations",
            "kms_key_arn": "",
            "last_modified": "2022-10-07T21:07:51.000+0000",
            "layers": [
              "arn:aws:lambda:us-west-1:710440188130:layer:discord-diffusion-prod-requests:7",
              "arn:aws:lambda:us-west-1:710440188130:layer:discord-diffusion-prod-pynacl:7"
            ],
            "memory_size": 128,
            "package_type": "Zip",
            "publish": false,
            "qualified_arn": "arn:aws:lambda:us-west-1:710440188130:function:lambda-api-discord-diffusion-prod:$LATEST",
            "qualified_invoke_arn": "arn:aws:apigateway:us-west-1:lambda:path/2015-03-31/functions/arn:aws:lambda:us-west-1:710440188130:function:lambda-api-discord-diffusion-prod:$LATEST/invocations",
            "reserved_concurrent_executions": -1,
            "role": "arn:aws:iam::710440188130:role/lambda-api-discord-diffusion-prod",
            "runtime": "python3.8",
            "s3_bucket": null,
            "s3_key": null,
            "s3_object_version": null,
            "signing_job_arn": "",
            "signing_profile_version_arn": "",
            "source_code_hash": "7xyR6RS62v6B2J6Hp2vu4dep8XOJfb0kUb6DzMJO8UQ=",
            "source_code_size": 2549,
            "tags": {},
            "tags_all": {
              "Project": "discord-diffusion",
              "auto-delete": "no"
            },
            "timeout": 3,
            "timeouts": null,
            "tracing_config": [
              {
                "mode": "PassThrough"
              }
            ],
            "version": "$LATEST",
            "vpc_config": []
          },
          "sensitive_attributes": [],
          "private": "eyJlMmJmYjczMC1lY2FhLTExZTYtOGY4OC0zNDM2M2JjN2M0YzAiOnsiY3JlYXRlIjo2MDAwMDAwMDAwMDB9fQ==",
          "dependencies": [
            "aws_lambda_layer_version.pynacl",
            "aws_lambda_layer_version.requests",
            "aws_sqs_queue.default_queue",
            "data.aws_caller_identity.current",
            "module.api_gw_lambda.aws_cloudwatch_log_group.discord_api_to_lambda",
            "module.api_gw_lambda.aws_iam_policy.discord_api_lambda_logging",
            "module.api_gw_lambda.aws_iam_policy.lambda_send_sqs_message",
            "module.api_gw_lambda.aws_iam_role.discord_api_to_lambda",
            "module.api_gw_lambda.aws_iam_role_policy_attachment.discord_api_to_lambda",
            "module.api_gw_lambda.aws_iam_role_policy_attachment.discord_api_to_lambda_sqs",
            "module.api_gw_lambda.data.archive_file.discord_api_to_lambda"
          ]
        }
      ]
    }
  ],
  "check_results": []
}
