{
  "version": 4,
  "terraform_version": "1.3.1",
  "serial": 3023,
  "lineage": "5f973a2f-91db-afac-d3c0-7b7e3540188c",
  "outputs": {
    "ami": {
      "value": "ami-0b38ac3236214a6c0",
      "type": "string",
      "sensitive": true
    },
    "discord_interactions_endpoint_url": {
      "value": "https://dfr3gohlql.execute-api.us-west-1.amazonaws.com",
      "type": "string"
    },
    "project_id": {
      "value": "discord-diffusion-prod",
      "type": "string"
    }
  },
  "resources": [
    {
      "mode": "data",
      "type": "aws_caller_identity",
      "name": "current",
      "provider": "provider[\"registry.terraform.io/hashicorp/aws\"]",
      "instances": [
        {
          "schema_version": 0,
          "attributes": {
            "account_id": "710440188130",
            "arn": "arn:aws:sts::710440188130:assumed-role/Admin/stejwar-Isengard",
            "id": "710440188130",
            "user_id": "AROA2K2MI7DRGXI64OQVQ:stejwar-Isengard"
          },
          "sensitive_attributes": []
        }
      ]
    },
    {
      "mode": "managed",
      "type": "aws_lambda_layer_version",
      "name": "pynacl",
      "provider": "provider[\"registry.terraform.io/hashicorp/aws\"]",
      "instances": [
        {
          "schema_version": 0,
          "attributes": {
            "arn": "arn:aws:lambda:us-west-1:710440188130:layer:discord-diffusion-prod-pynacl:13",
            "compatible_architectures": [
              "arm64"
            ],
            "compatible_runtimes": [
              "python3.8"
            ],
            "created_date": "2022-10-14T01:38:35.587+0000",
            "description": "",
            "filename": "files/pynacl_layer_arm64.zip",
            "id": "arn:aws:lambda:us-west-1:710440188130:layer:discord-diffusion-prod-pynacl:13",
            "layer_arn": "arn:aws:lambda:us-west-1:710440188130:layer:discord-diffusion-prod-pynacl",
            "layer_name": "discord-diffusion-prod-pynacl",
            "license_info": "",
            "s3_bucket": null,
            "s3_key": null,
            "s3_object_version": null,
            "signing_job_arn": "",
            "signing_profile_version_arn": "",
            "skip_destroy": false,
            "source_code_hash": "6UkGEFg5euMl+u7w40jUWnXDNjwHWeVIdvTAujUe/1Y=",
            "source_code_size": 1489102,
            "version": "13"
          },
          "sensitive_attributes": [],
          "private": "bnVsbA=="
        }
      ]
    },
    {
      "mode": "managed",
      "type": "aws_lambda_layer_version",
      "name": "requests",
      "provider": "provider[\"registry.terraform.io/hashicorp/aws\"]",
      "instances": [
        {
          "schema_version": 0,
          "attributes": {
            "arn": "arn:aws:lambda:us-west-1:710440188130:layer:discord-diffusion-prod-requests:13",
            "compatible_architectures": [
              "arm64"
            ],
            "compatible_runtimes": [
              "python3.8"
            ],
            "created_date": "2022-10-14T01:38:41.039+0000",
            "description": "",
            "filename": "files/requests_layer_arm64.zip",
            "id": "arn:aws:lambda:us-west-1:710440188130:layer:discord-diffusion-prod-requests:13",
            "layer_arn": "arn:aws:lambda:us-west-1:710440188130:layer:discord-diffusion-prod-requests",
            "layer_name": "discord-diffusion-prod-requests",
            "license_info": "",
            "s3_bucket": null,
            "s3_key": null,
            "s3_object_version": null,
            "signing_job_arn": "",
            "signing_profile_version_arn": "",
            "skip_destroy": false,
            "source_code_hash": "b16a7tNuXQzKXAgrPEQuw/+2Is+/1s5KzuPoVUhTvYI=",
            "source_code_size": 803231,
            "version": "13"
          },
          "sensitive_attributes": [],
          "private": "bnVsbA=="
        }
      ]
    },
    {
      "module": "module.api_gw_lambda",
      "mode": "data",
      "type": "archive_file",
      "name": "discord_api_to_lambda",
      "provider": "provider[\"registry.terraform.io/hashicorp/archive\"]",
      "instances": [
        {
          "schema_version": 0,
          "attributes": {
            "excludes": null,
            "id": "5a794975a7fb2cee5d1a41478300a28a0fdfc66c",
            "output_base64sha256": "W48LU/8RMBBgn8xKkf8YqAutVoZMaimMqIDz/cAKsnQ=",
            "output_file_mode": null,
            "output_md5": "820ebfd788777373c159fda35ce0438f",
            "output_path": "modules/api_lambda_sqs/files/discord_api_gw.zip",
            "output_sha": "5a794975a7fb2cee5d1a41478300a28a0fdfc66c",
            "output_size": 2562,
            "source": [],
            "source_content": null,
            "source_content_filename": null,
            "source_dir": "modules/api_lambda_sqs/files/discord_api_gw",
            "source_file": null,
            "type": "zip"
          },
          "sensitive_attributes": []
        }
      ]
    },
    {
      "module": "module.api_gw_lambda",
      "mode": "managed",
      "type": "aws_apigatewayv2_api",
      "name": "discord_gw",
      "provider": "provider[\"registry.terraform.io/hashicorp/aws\"]",
      "instances": [
        {
          "schema_version": 0,
          "attributes": {
            "api_endpoint": "https://dfr3gohlql.execute-api.us-west-1.amazonaws.com",
            "api_key_selection_expression": "$request.header.x-api-key",
            "arn": "arn:aws:apigateway:us-west-1::/apis/dfr3gohlql",
            "body": null,
            "cors_configuration": [
              {
                "allow_credentials": false,
                "allow_headers": [
                  "*"
                ],
                "allow_methods": [
                  "OPTIONS",
                  "PUT"
                ],
                "allow_origins": [
                  "https://discord.com"
                ],
                "expose_headers": [],
                "max_age": 0
              }
            ],
            "credentials_arn": null,
            "description": "HTTP Gateway for Discord Requests",
            "disable_execute_api_endpoint": false,
            "execution_arn": "arn:aws:execute-api:us-west-1:710440188130:dfr3gohlql",
            "fail_on_warnings": null,
            "id": "dfr3gohlql",
            "name": "discord-diffusion",
            "protocol_type": "HTTP",
            "route_key": "POST /",
            "route_selection_expression": "$request.method $request.path",
            "tags": {},
            "tags_all": {
              "Project": "discord-diffusion",
              "auto-delete": "no"
            },
            "target": "arn:aws:lambda:us-west-1:710440188130:function:lambda-api-discord-diffusion-prod",
            "version": ""
          },
          "sensitive_attributes": [],
          "private": "bnVsbA==",
          "dependencies": [
            "aws_lambda_layer_version.pynacl",
            "aws_lambda_layer_version.requests",
            "data.aws_caller_identity.current",
            "module.api_gw_lambda.aws_cloudwatch_log_group.discord_api_to_lambda",
            "module.api_gw_lambda.aws_iam_policy.discord_api_lambda_logging",
            "module.api_gw_lambda.aws_iam_policy.lambda_send_sqs_message",
            "module.api_gw_lambda.aws_iam_role.discord_api_to_lambda",
            "module.api_gw_lambda.aws_iam_role_policy_attachment.discord_api_to_lambda",
            "module.api_gw_lambda.aws_iam_role_policy_attachment.discord_api_to_lambda_sqs",
            "module.api_gw_lambda.aws_lambda_function.discord_api_to_lambda",
            "module.api_gw_lambda.aws_sqs_queue.default_queue",
            "module.api_gw_lambda.data.archive_file.discord_api_to_lambda"
          ]
        }
      ]
    },
    {
      "module": "module.api_gw_lambda",
      "mode": "managed",
      "type": "aws_cloudwatch_log_group",
      "name": "discord_api_to_lambda",
      "provider": "provider[\"registry.terraform.io/hashicorp/aws\"]",
      "instances": [
        {
          "schema_version": 0,
          "attributes": {
            "arn": "arn:aws:logs:us-west-1:710440188130:log-group:/aws/lambda/lambda-api-discord-diffusion-prod",
            "id": "/aws/lambda/lambda-api-discord-diffusion-prod",
            "kms_key_id": "",
            "name": "/aws/lambda/lambda-api-discord-diffusion-prod",
            "name_prefix": null,
            "retention_in_days": 14,
            "tags": {},
            "tags_all": {
              "Project": "discord-diffusion",
              "auto-delete": "no"
            }
          },
          "sensitive_attributes": [],
          "private": "bnVsbA=="
        }
      ]
    },
    {
      "module": "module.api_gw_lambda",
      "mode": "managed",
      "type": "aws_iam_policy",
      "name": "discord_api_lambda_logging",
      "provider": "provider[\"registry.terraform.io/hashicorp/aws\"]",
      "instances": [
        {
          "schema_version": 0,
          "attributes": {
            "arn": "arn:aws:iam::710440188130:policy/apigw-logging-discord-diffusion-prod",
            "description": "IAM policy for logging from a lambda",
            "id": "arn:aws:iam::710440188130:policy/apigw-logging-discord-diffusion-prod",
            "name": "apigw-logging-discord-diffusion-prod",
            "name_prefix": null,
            "path": "/",
            "policy": "{\"Statement\":[{\"Action\":\"logs:CreateLogGroup\",\"Effect\":\"Allow\",\"Resource\":\"arn:aws:logs:us-west-1:710440188130:*\"},{\"Action\":[\"logs:CreateLogStream\",\"logs:PutLogEvents\"],\"Effect\":\"Allow\",\"Resource\":\"arn:aws:logs:us-west-1:710440188130:log-group:/aws/lambda/lambda-api-discord-diffusion-prod:*\"}],\"Version\":\"2012-10-17\"}",
            "policy_id": "ANPA2K2MI7DRPIBPE6BT7",
            "tags": {},
            "tags_all": {
              "Project": "discord-diffusion",
              "auto-delete": "no"
            }
          },
          "sensitive_attributes": [],
          "private": "bnVsbA==",
          "dependencies": [
            "data.aws_caller_identity.current"
          ]
        }
      ]
    },
    {
      "module": "module.api_gw_lambda",
      "mode": "managed",
      "type": "aws_iam_policy",
      "name": "lambda_send_sqs_message",
      "provider": "provider[\"registry.terraform.io/hashicorp/aws\"]",
      "instances": [
        {
          "schema_version": 0,
          "attributes": {
            "arn": "arn:aws:iam::710440188130:policy/LambdaWriteSQS-discord-diffusion-prod",
            "description": "IAM policy for writing to sqs queue",
            "id": "arn:aws:iam::710440188130:policy/LambdaWriteSQS-discord-diffusion-prod",
            "name": "LambdaWriteSQS-discord-diffusion-prod",
            "name_prefix": null,
            "path": "/",
            "policy": "{\"Statement\":[{\"Action\":\"sqs:SendMessage\",\"Effect\":\"Allow\",\"Resource\":\"arn:aws:sqs:us-west-1:710440188130:discord-diffusion-prod.fifo\"}],\"Version\":\"2012-10-17\"}",
            "policy_id": "ANPA2K2MI7DRF5JPC24Q3",
            "tags": {},
            "tags_all": {
              "Project": "discord-diffusion",
              "auto-delete": "no"
            }
          },
          "sensitive_attributes": [],
          "private": "bnVsbA==",
          "dependencies": [
            "module.api_gw_lambda.aws_sqs_queue.default_queue"
          ]
        }
      ]
    },
    {
      "module": "module.api_gw_lambda",
      "mode": "managed",
      "type": "aws_iam_role",
      "name": "discord_api_to_lambda",
      "provider": "provider[\"registry.terraform.io/hashicorp/aws\"]",
      "instances": [
        {
          "schema_version": 0,
          "attributes": {
            "arn": "arn:aws:iam::710440188130:role/lambda-api-discord-diffusion-prod",
            "assume_role_policy": "{\"Statement\":[{\"Action\":\"sts:AssumeRole\",\"Effect\":\"Allow\",\"Principal\":{\"Service\":\"lambda.amazonaws.com\"},\"Sid\":\"\"}],\"Version\":\"2012-10-17\"}",
            "create_date": "2022-10-14T01:38:29Z",
            "description": "",
            "force_detach_policies": false,
            "id": "lambda-api-discord-diffusion-prod",
            "inline_policy": [],
            "managed_policy_arns": [
              "arn:aws:iam::710440188130:policy/LambdaWriteSQS-discord-diffusion-prod",
              "arn:aws:iam::710440188130:policy/apigw-logging-discord-diffusion-prod"
            ],
            "max_session_duration": 3600,
            "name": "lambda-api-discord-diffusion-prod",
            "name_prefix": "",
            "path": "/",
            "permissions_boundary": null,
            "tags": {},
            "tags_all": {
              "Project": "discord-diffusion",
              "auto-delete": "no"
            },
            "unique_id": "AROA2K2MI7DRP2J5TGDFS"
          },
          "sensitive_attributes": [],
          "private": "bnVsbA=="
        }
      ]
    },
    {
      "module": "module.api_gw_lambda",
      "mode": "managed",
      "type": "aws_iam_role_policy_attachment",
      "name": "discord_api_to_lambda",
      "provider": "provider[\"registry.terraform.io/hashicorp/aws\"]",
      "instances": [
        {
          "schema_version": 0,
          "attributes": {
            "id": "lambda-api-discord-diffusion-prod-20221014013830093100000002",
            "policy_arn": "arn:aws:iam::710440188130:policy/apigw-logging-discord-diffusion-prod",
            "role": "lambda-api-discord-diffusion-prod"
          },
          "sensitive_attributes": [],
          "private": "bnVsbA==",
          "dependencies": [
            "data.aws_caller_identity.current",
            "module.api_gw_lambda.aws_iam_policy.discord_api_lambda_logging",
            "module.api_gw_lambda.aws_iam_role.discord_api_to_lambda"
          ]
        }
      ]
    },
    {
      "module": "module.api_gw_lambda",
      "mode": "managed",
      "type": "aws_iam_role_policy_attachment",
      "name": "discord_api_to_lambda_sqs",
      "provider": "provider[\"registry.terraform.io/hashicorp/aws\"]",
      "instances": [
        {
          "schema_version": 0,
          "attributes": {
            "id": "lambda-api-discord-diffusion-prod-20221014013855030000000004",
            "policy_arn": "arn:aws:iam::710440188130:policy/LambdaWriteSQS-discord-diffusion-prod",
            "role": "lambda-api-discord-diffusion-prod"
          },
          "sensitive_attributes": [],
          "private": "bnVsbA==",
          "dependencies": [
            "module.api_gw_lambda.aws_iam_policy.lambda_send_sqs_message",
            "module.api_gw_lambda.aws_iam_role.discord_api_to_lambda",
            "module.api_gw_lambda.aws_sqs_queue.default_queue"
          ]
        }
      ]
    },
    {
      "module": "module.api_gw_lambda",
      "mode": "managed",
      "type": "aws_lambda_function",
      "name": "discord_api_to_lambda",
      "provider": "provider[\"registry.terraform.io/hashicorp/aws\"]",
      "instances": [
        {
          "schema_version": 0,
          "attributes": {
            "architectures": [
              "arm64"
            ],
            "arn": "arn:aws:lambda:us-west-1:710440188130:function:lambda-api-discord-diffusion-prod",
            "code_signing_config_arn": "",
            "dead_letter_config": [],
            "description": "Discord First Response",
            "environment": [
              {
                "variables": {
                  "APPLICATION_ID": "1026679548953243660",
                  "PUBLIC_KEY": "743f6ba5346ef9fffbd24c8c55b5b739386c65832c71d3fc1aa509a7ba010f00",
                  "SQS_QUEUE_URL": "https://sqs.us-west-1.amazonaws.com/710440188130/discord-diffusion-prod.fifo"
                }
              }
            ],
            "ephemeral_storage": [
              {
                "size": 512
              }
            ],
            "file_system_config": [],
            "filename": "modules/api_lambda_sqs/files/discord_api_gw.zip",
            "function_name": "lambda-api-discord-diffusion-prod",
            "handler": "lambda_function.lambda_handler",
            "id": "lambda-api-discord-diffusion-prod",
            "image_config": [],
            "image_uri": "",
            "invoke_arn": "arn:aws:apigateway:us-west-1:lambda:path/2015-03-31/functions/arn:aws:lambda:us-west-1:710440188130:function:lambda-api-discord-diffusion-prod/invocations",
            "kms_key_arn": "",
            "last_modified": "2022-10-14T01:39:06.161+0000",
            "layers": [
              "arn:aws:lambda:us-west-1:710440188130:layer:discord-diffusion-prod-requests:13",
              "arn:aws:lambda:us-west-1:710440188130:layer:discord-diffusion-prod-pynacl:13"
            ],
            "memory_size": 128,
            "package_type": "Zip",
            "publish": false,
            "qualified_arn": "arn:aws:lambda:us-west-1:710440188130:function:lambda-api-discord-diffusion-prod:$LATEST",
            "qualified_invoke_arn": "arn:aws:apigateway:us-west-1:lambda:path/2015-03-31/functions/arn:aws:lambda:us-west-1:710440188130:function:lambda-api-discord-diffusion-prod:$LATEST/invocations",
            "reserved_concurrent_executions": -1,
            "role": "arn:aws:iam::710440188130:role/lambda-api-discord-diffusion-prod",
            "runtime": "python3.8",
            "s3_bucket": null,
            "s3_key": null,
            "s3_object_version": null,
            "signing_job_arn": "",
            "signing_profile_version_arn": "",
            "source_code_hash": "W48LU/8RMBBgn8xKkf8YqAutVoZMaimMqIDz/cAKsnQ=",
            "source_code_size": 2562,
            "tags": {},
            "tags_all": {
              "Project": "discord-diffusion",
              "auto-delete": "no"
            },
            "timeout": 3,
            "timeouts": null,
            "tracing_config": [
              {
                "mode": "PassThrough"
              }
            ],
            "version": "$LATEST",
            "vpc_config": []
          },
          "sensitive_attributes": [],
          "private": "eyJlMmJmYjczMC1lY2FhLTExZTYtOGY4OC0zNDM2M2JjN2M0YzAiOnsiY3JlYXRlIjo2MDAwMDAwMDAwMDB9fQ==",
          "dependencies": [
            "aws_lambda_layer_version.pynacl",
            "aws_lambda_layer_version.requests",
            "data.aws_caller_identity.current",
            "module.api_gw_lambda.aws_cloudwatch_log_group.discord_api_to_lambda",
            "module.api_gw_lambda.aws_iam_policy.discord_api_lambda_logging",
            "module.api_gw_lambda.aws_iam_policy.lambda_send_sqs_message",
            "module.api_gw_lambda.aws_iam_role.discord_api_to_lambda",
            "module.api_gw_lambda.aws_iam_role_policy_attachment.discord_api_to_lambda",
            "module.api_gw_lambda.aws_iam_role_policy_attachment.discord_api_to_lambda_sqs",
            "module.api_gw_lambda.aws_sqs_queue.default_queue",
            "module.api_gw_lambda.data.archive_file.discord_api_to_lambda"
          ]
        }
      ]
    },
    {
      "module": "module.api_gw_lambda",
      "mode": "managed",
      "type": "aws_lambda_permission",
      "name": "apigw",
      "provider": "provider[\"registry.terraform.io/hashicorp/aws\"]",
      "instances": [
        {
          "schema_version": 0,
          "attributes": {
            "action": "lambda:InvokeFunction",
            "event_source_token": null,
            "function_name": "arn:aws:lambda:us-west-1:710440188130:function:lambda-api-discord-diffusion-prod",
            "function_url_auth_type": null,
            "id": "terraform-20221014013905992400000005",
            "principal": "apigateway.amazonaws.com",
            "principal_org_id": null,
            "qualifier": "",
            "source_account": null,
            "source_arn": "arn:aws:execute-api:us-west-1:710440188130:dfr3gohlql/*/*",
            "statement_id": "terraform-20221014013905992400000005",
            "statement_id_prefix": "terraform-"
          },
          "sensitive_attributes": [],
          "private": "bnVsbA==",
          "dependencies": [
            "aws_lambda_layer_version.pynacl",
            "aws_lambda_layer_version.requests",
            "data.aws_caller_identity.current",
            "module.api_gw_lambda.aws_apigatewayv2_api.discord_gw",
            "module.api_gw_lambda.aws_cloudwatch_log_group.discord_api_to_lambda",
            "module.api_gw_lambda.aws_iam_policy.discord_api_lambda_logging",
            "module.api_gw_lambda.aws_iam_policy.lambda_send_sqs_message",
            "module.api_gw_lambda.aws_iam_role.discord_api_to_lambda",
            "module.api_gw_lambda.aws_iam_role_policy_attachment.discord_api_to_lambda",
            "module.api_gw_lambda.aws_iam_role_policy_attachment.discord_api_to_lambda_sqs",
            "module.api_gw_lambda.aws_lambda_function.discord_api_to_lambda",
            "module.api_gw_lambda.aws_sqs_queue.default_queue",
            "module.api_gw_lambda.data.archive_file.discord_api_to_lambda"
          ]
        }
      ]
    },
    {
      "module": "module.api_gw_lambda",
      "mode": "managed",
      "type": "aws_sqs_queue",
      "name": "default_queue",
      "provider": "provider[\"registry.terraform.io/hashicorp/aws\"]",
      "instances": [
        {
          "schema_version": 0,
          "attributes": {
            "arn": "arn:aws:sqs:us-west-1:710440188130:discord-diffusion-prod.fifo",
            "content_based_deduplication": true,
            "deduplication_scope": "queue",
            "delay_seconds": 0,
            "fifo_queue": true,
            "fifo_throughput_limit": "perQueue",
            "id": "https://sqs.us-west-1.amazonaws.com/710440188130/discord-diffusion-prod.fifo",
            "kms_data_key_reuse_period_seconds": 300,
            "kms_master_key_id": "",
            "max_message_size": 262144,
            "message_retention_seconds": 345600,
            "name": "discord-diffusion-prod.fifo",
            "name_prefix": "",
            "policy": "",
            "receive_wait_time_seconds": 20,
            "redrive_allow_policy": "",
            "redrive_policy": "",
            "sqs_managed_sse_enabled": true,
            "tags": {},
            "tags_all": {
              "Project": "discord-diffusion",
              "auto-delete": "no"
            },
            "url": "https://sqs.us-west-1.amazonaws.com/710440188130/discord-diffusion-prod.fifo",
            "visibility_timeout_seconds": 120
          },
          "sensitive_attributes": [],
          "private": "bnVsbA=="
        }
      ]
    },
    {
      "module": "module.discord_ui",
      "mode": "data",
      "type": "archive_file",
      "name": "discord_ui",
      "provider": "provider[\"registry.terraform.io/hashicorp/archive\"]",
      "instances": [
        {
          "schema_version": 0,
          "attributes": {
            "excludes": null,
            "id": "972cf519b70b95f3b4543f9005e9f42d1f66bcfb",
            "output_base64sha256": "aCtxzkjuPxm0Ho8mBRBNlp9eNyBMPnGCsIgm9w4AzVA=",
            "output_file_mode": null,
            "output_md5": "0c681f71b8aaefd066ef4de562f75f10",
            "output_path": "modules/discord_ui/files/discord_ui.zip",
            "output_sha": "972cf519b70b95f3b4543f9005e9f42d1f66bcfb",
            "output_size": 1335,
            "source": [],
            "source_content": null,
            "source_content_filename": null,
            "source_dir": "modules/discord_ui/files/discord_ui",
            "source_file": null,
            "type": "zip"
          },
          "sensitive_attributes": []
        }
      ]
    },
    {
      "module": "module.discord_ui",
      "mode": "managed",
      "type": "aws_cloudwatch_log_group",
      "name": "discord_ui",
      "provider": "provider[\"registry.terraform.io/hashicorp/aws\"]",
      "instances": [
        {
          "schema_version": 0,
          "attributes": {
            "arn": "arn:aws:logs:us-west-1:710440188130:log-group:/aws/lambda/discord-ui-discord-diffusion-prod",
            "id": "/aws/lambda/discord-ui-discord-diffusion-prod",
            "kms_key_id": "",
            "name": "/aws/lambda/discord-ui-discord-diffusion-prod",
            "name_prefix": null,
            "retention_in_days": 14,
            "tags": {},
            "tags_all": {
              "Project": "discord-diffusion",
              "auto-delete": "no"
            }
          },
          "sensitive_attributes": [],
          "private": "bnVsbA=="
        }
      ]
    },
    {
      "module": "module.discord_ui",
      "mode": "managed",
      "type": "aws_iam_policy",
      "name": "discord_ui",
      "provider": "provider[\"registry.terraform.io/hashicorp/aws\"]",
      "instances": [
        {
          "schema_version": 0,
          "attributes": {
            "arn": "arn:aws:iam::710440188130:policy/discord-ui-logging-discord-diffusion-prod",
            "description": "IAM policy for logging from a lambda",
            "id": "arn:aws:iam::710440188130:policy/discord-ui-logging-discord-diffusion-prod",
            "name": "discord-ui-logging-discord-diffusion-prod",
            "name_prefix": null,
            "path": "/",
            "policy": "{\"Statement\":[{\"Action\":\"logs:CreateLogGroup\",\"Effect\":\"Allow\",\"Resource\":\"arn:aws:logs:us-west-1:710440188130:*\"},{\"Action\":[\"logs:CreateLogStream\",\"logs:PutLogEvents\"],\"Effect\":\"Allow\",\"Resource\":\"arn:aws:logs:us-west-1:710440188130:log-group:/aws/lambda/discord-ui-discord-diffusion-prod:*\"}],\"Version\":\"2012-10-17\"}",
            "policy_id": "ANPA2K2MI7DRDPTA4MIYS",
            "tags": {},
            "tags_all": {
              "Project": "discord-diffusion",
              "auto-delete": "no"
            }
          },
          "sensitive_attributes": [],
          "private": "bnVsbA==",
          "dependencies": [
            "data.aws_caller_identity.current"
          ]
        }
      ]
    },
    {
      "module": "module.discord_ui",
      "mode": "managed",
      "type": "aws_iam_policy",
      "name": "lambda_read_sec_param",
      "provider": "provider[\"registry.terraform.io/hashicorp/aws\"]",
      "instances": [
        {
          "schema_version": 0,
          "attributes": {
            "arn": "arn:aws:iam::710440188130:policy/LambdaReadSSMSecrets-discord-diffusion-prod",
            "description": "IAM policy for logging from a lambda",
            "id": "arn:aws:iam::710440188130:policy/LambdaReadSSMSecrets-discord-diffusion-prod",
            "name": "LambdaReadSSMSecrets-discord-diffusion-prod",
            "name_prefix": null,
            "path": "/",
            "policy": "{\"Statement\":[{\"Action\":[\"kms:Decrypt\",\"ssm:GetParameters\",\"ssm:GetParameter\"],\"Effect\":\"Allow\",\"Resource\":[\"arn:aws:kms:*:710440188130:alias/aws/ssm\",\"arn:aws:ssm:us-west-1:710440188130:parameter/BOT_TOKEN\"]}],\"Version\":\"2012-10-17\"}",
            "policy_id": "ANPA2K2MI7DRCR4Z46HZY",
            "tags": {},
            "tags_all": {
              "Project": "discord-diffusion",
              "auto-delete": "no"
            }
          },
          "sensitive_attributes": [],
          "private": "bnVsbA==",
          "dependencies": [
            "data.aws_caller_identity.current",
            "module.discord_ui.aws_ssm_parameter.secret"
          ]
        }
      ]
    },
    {
      "module": "module.discord_ui",
      "mode": "managed",
      "type": "aws_iam_role",
      "name": "discord_ui",
      "provider": "provider[\"registry.terraform.io/hashicorp/aws\"]",
      "instances": [
        {
          "schema_version": 0,
          "attributes": {
            "arn": "arn:aws:iam::710440188130:role/discord-ui-discord-diffusion-prod",
            "assume_role_policy": "{\"Statement\":[{\"Action\":\"sts:AssumeRole\",\"Effect\":\"Allow\",\"Principal\":{\"Service\":\"lambda.amazonaws.com\"},\"Sid\":\"\"}],\"Version\":\"2012-10-17\"}",
            "create_date": "2022-10-14T01:38:29Z",
            "description": "",
            "force_detach_policies": false,
            "id": "discord-ui-discord-diffusion-prod",
            "inline_policy": [],
            "managed_policy_arns": [
              "arn:aws:iam::710440188130:policy/LambdaReadSSMSecrets-discord-diffusion-prod",
              "arn:aws:iam::710440188130:policy/discord-ui-logging-discord-diffusion-prod"
            ],
            "max_session_duration": 3600,
            "name": "discord-ui-discord-diffusion-prod",
            "name_prefix": "",
            "path": "/",
            "permissions_boundary": null,
            "tags": {},
            "tags_all": {
              "Project": "discord-diffusion",
              "auto-delete": "no"
            },
            "unique_id": "AROA2K2MI7DRO4EXU5OOA"
          },
          "sensitive_attributes": [],
          "private": "bnVsbA=="
        }
      ]
    },
    {
      "module": "module.discord_ui",
      "mode": "managed",
      "type": "aws_iam_role_policy_attachment",
      "name": "discord_ui_logging",
      "provider": "provider[\"registry.terraform.io/hashicorp/aws\"]",
      "instances": [
        {
          "schema_version": 0,
          "attributes": {
            "id": "discord-ui-discord-diffusion-prod-20221014013830093100000001",
            "policy_arn": "arn:aws:iam::710440188130:policy/discord-ui-logging-discord-diffusion-prod",
            "role": "discord-ui-discord-diffusion-prod"
          },
          "sensitive_attributes": [],
          "private": "bnVsbA==",
          "dependencies": [
            "data.aws_caller_identity.current",
            "module.discord_ui.aws_iam_policy.discord_ui",
            "module.discord_ui.aws_iam_role.discord_ui"
          ]
        }
      ]
    },
    {
      "module": "module.discord_ui",
      "mode": "managed",
      "type": "aws_iam_role_policy_attachment",
      "name": "discord_ui_ssm",
      "provider": "provider[\"registry.terraform.io/hashicorp/aws\"]",
      "instances": [
        {
          "schema_version": 0,
          "attributes": {
            "id": "discord-ui-discord-diffusion-prod-20221014013830100500000003",
            "policy_arn": "arn:aws:iam::710440188130:policy/LambdaReadSSMSecrets-discord-diffusion-prod",
            "role": "discord-ui-discord-diffusion-prod"
          },
          "sensitive_attributes": [],
          "private": "bnVsbA==",
          "dependencies": [
            "data.aws_caller_identity.current",
            "module.discord_ui.aws_iam_policy.lambda_read_sec_param",
            "module.discord_ui.aws_iam_role.discord_ui",
            "module.discord_ui.aws_ssm_parameter.secret"
          ]
        }
      ]
    },
    {
      "module": "module.discord_ui",
      "mode": "managed",
      "type": "aws_lambda_function",
      "name": "discord_ui",
      "provider": "provider[\"registry.terraform.io/hashicorp/aws\"]",
      "instances": [
        {
          "schema_version": 0,
          "attributes": {
            "architectures": [
              "arm64"
            ],
            "arn": "arn:aws:lambda:us-west-1:710440188130:function:discord-ui-discord-diffusion-prod",
            "code_signing_config_arn": "",
            "dead_letter_config": [],
            "description": "Discord UI",
            "environment": [
              {
                "variables": {
                  "APPLICATION_ID": "1026679548953243660"
                }
              }
            ],
            "ephemeral_storage": [
              {
                "size": 512
              }
            ],
            "file_system_config": [],
            "filename": "modules/discord_ui/files/discord_ui.zip",
            "function_name": "discord-ui-discord-diffusion-prod",
            "handler": "lambda_function.lambda_handler",
            "id": "discord-ui-discord-diffusion-prod",
            "image_config": [],
            "image_uri": "",
            "invoke_arn": "arn:aws:apigateway:us-west-1:lambda:path/2015-03-31/functions/arn:aws:lambda:us-west-1:710440188130:function:discord-ui-discord-diffusion-prod/invocations",
            "kms_key_arn": "",
            "last_modified": "2022-10-14T01:38:41.244+0000",
            "layers": [
              "arn:aws:lambda:us-west-1:710440188130:layer:discord-diffusion-prod-requests:13"
            ],
            "memory_size": 128,
            "package_type": "Zip",
            "publish": false,
            "qualified_arn": "arn:aws:lambda:us-west-1:710440188130:function:discord-ui-discord-diffusion-prod:$LATEST",
            "qualified_invoke_arn": "arn:aws:apigateway:us-west-1:lambda:path/2015-03-31/functions/arn:aws:lambda:us-west-1:710440188130:function:discord-ui-discord-diffusion-prod:$LATEST/invocations",
            "reserved_concurrent_executions": -1,
            "role": "arn:aws:iam::710440188130:role/discord-ui-discord-diffusion-prod",
            "runtime": "python3.8",
            "s3_bucket": null,
            "s3_key": null,
            "s3_object_version": null,
            "signing_job_arn": "",
            "signing_profile_version_arn": "",
            "source_code_hash": "aCtxzkjuPxm0Ho8mBRBNlp9eNyBMPnGCsIgm9w4AzVA=",
            "source_code_size": 1335,
            "tags": {},
            "tags_all": {
              "Project": "discord-diffusion",
              "auto-delete": "no"
            },
            "timeout": 3,
            "timeouts": null,
            "tracing_config": [
              {
                "mode": "PassThrough"
              }
            ],
            "version": "$LATEST",
            "vpc_config": []
          },
          "sensitive_attributes": [],
          "private": "eyJlMmJmYjczMC1lY2FhLTExZTYtOGY4OC0zNDM2M2JjN2M0YzAiOnsiY3JlYXRlIjo2MDAwMDAwMDAwMDB9fQ==",
          "dependencies": [
            "aws_lambda_layer_version.requests",
            "data.aws_caller_identity.current",
            "module.discord_ui.aws_cloudwatch_log_group.discord_ui",
            "module.discord_ui.aws_iam_policy.discord_ui",
            "module.discord_ui.aws_iam_policy.lambda_read_sec_param",
            "module.discord_ui.aws_iam_role.discord_ui",
            "module.discord_ui.aws_iam_role_policy_attachment.discord_ui_logging",
            "module.discord_ui.aws_iam_role_policy_attachment.discord_ui_ssm",
            "module.discord_ui.aws_ssm_parameter.secret",
            "module.discord_ui.data.archive_file.discord_ui"
          ]
        }
      ]
    },
    {
      "module": "module.discord_ui",
      "mode": "managed",
      "type": "aws_ssm_parameter",
      "name": "secret",
      "provider": "provider[\"registry.terraform.io/hashicorp/aws\"]",
      "instances": [
        {
          "schema_version": 0,
          "attributes": {
            "allowed_pattern": "",
            "arn": "arn:aws:ssm:us-west-1:710440188130:parameter/BOT_TOKEN",
            "data_type": "text",
            "description": "Discord Bot Secret",
            "id": "BOT_TOKEN",
            "insecure_value": null,
            "key_id": "alias/aws/ssm",
            "name": "BOT_TOKEN",
            "overwrite": null,
            "tags": {},
            "tags_all": {
              "Project": "discord-diffusion",
              "auto-delete": "no"
            },
            "tier": "Standard",
            "type": "SecureString",
            "value": "MTAyNjY3OTU0ODk1MzI0MzY2MA.GxM6kd.bJYPZmI25I9fRL5H88rwsIIaony0PwhPVv4J0c",
            "version": 1
          },
          "sensitive_attributes": [],
          "private": "bnVsbA=="
        }
      ]
    },
    {
      "module": "module.ecs_cluster",
      "mode": "data",
      "type": "aws_iam_policy",
      "name": "AWSLambdaSQSQueueExecutionRole",
      "provider": "provider[\"registry.terraform.io/hashicorp/aws\"]",
      "instances": [
        {
          "schema_version": 0,
          "attributes": {
            "arn": "arn:aws:iam::aws:policy/service-role/AWSLambdaSQSQueueExecutionRole",
            "description": "Provides receive message, delete message, and read attribute access to SQS queues, and write permissions to CloudWatch logs.",
            "id": "arn:aws:iam::aws:policy/service-role/AWSLambdaSQSQueueExecutionRole",
            "name": "AWSLambdaSQSQueueExecutionRole",
            "path": "/service-role/",
            "path_prefix": null,
            "policy": "{\n  \"Version\": \"2012-10-17\",\n  \"Statement\": [\n    {\n      \"Effect\": \"Allow\",\n      \"Action\": [\n        \"sqs:ReceiveMessage\",\n        \"sqs:DeleteMessage\",\n        \"sqs:GetQueueAttributes\",\n        \"logs:CreateLogGroup\",\n        \"logs:CreateLogStream\",\n        \"logs:PutLogEvents\"\n      ],\n      \"Resource\": \"*\"\n    }\n  ]\n}",
            "policy_id": "ANPAJFWJZI6JNND4TSELK",
            "tags": {}
          },
          "sensitive_attributes": []
        }
      ]
    },
    {
      "module": "module.ecs_cluster",
      "mode": "data",
      "type": "aws_iam_policy",
      "name": "AmazonEC2ContainerServiceforEC2Role",
      "provider": "provider[\"registry.terraform.io/hashicorp/aws\"]",
      "instances": [
        {
          "schema_version": 0,
          "attributes": {
            "arn": "arn:aws:iam::aws:policy/service-role/AmazonEC2ContainerServiceforEC2Role",
            "description": "Default policy for the Amazon EC2 Role for Amazon EC2 Container Service.",
            "id": "arn:aws:iam::aws:policy/service-role/AmazonEC2ContainerServiceforEC2Role",
            "name": "AmazonEC2ContainerServiceforEC2Role",
            "path": "/service-role/",
            "path_prefix": null,
            "policy": "{\n  \"Version\": \"2012-10-17\",\n  \"Statement\": [\n    {\n      \"Effect\": \"Allow\",\n      \"Action\": [\n        \"ec2:DescribeTags\",\n        \"ecs:CreateCluster\",\n        \"ecs:DeregisterContainerInstance\",\n        \"ecs:DiscoverPollEndpoint\",\n        \"ecs:Poll\",\n        \"ecs:RegisterContainerInstance\",\n        \"ecs:StartTelemetrySession\",\n        \"ecs:UpdateContainerInstancesState\",\n        \"ecs:Submit*\",\n        \"ecr:GetAuthorizationToken\",\n        \"ecr:BatchCheckLayerAvailability\",\n        \"ecr:GetDownloadUrlForLayer\",\n        \"ecr:BatchGetImage\",\n        \"logs:CreateLogStream\",\n        \"logs:PutLogEvents\"\n      ],\n      \"Resource\": \"*\"\n    }\n  ]\n}",
            "policy_id": "ANPAJLYJCVHC7TQHCSQDS",
            "tags": {}
          },
          "sensitive_attributes": []
        }
      ]
    },
    {
      "module": "module.ecs_cluster",
      "mode": "data",
      "type": "aws_iam_policy",
      "name": "AmazonECSTaskExecutionRolePolicy",
      "provider": "provider[\"registry.terraform.io/hashicorp/aws\"]",
      "instances": [
        {
          "schema_version": 0,
          "attributes": {
            "arn": "arn:aws:iam::aws:policy/service-role/AmazonECSTaskExecutionRolePolicy",
            "description": "Provides access to other AWS service resources that are required to run Amazon ECS tasks",
            "id": "arn:aws:iam::aws:policy/service-role/AmazonECSTaskExecutionRolePolicy",
            "name": "AmazonECSTaskExecutionRolePolicy",
            "path": "/service-role/",
            "path_prefix": null,
            "policy": "{\n  \"Version\": \"2012-10-17\",\n  \"Statement\": [\n    {\n      \"Effect\": \"Allow\",\n      \"Action\": [\n        \"ecr:GetAuthorizationToken\",\n        \"ecr:BatchCheckLayerAvailability\",\n        \"ecr:GetDownloadUrlForLayer\",\n        \"ecr:BatchGetImage\",\n        \"logs:CreateLogStream\",\n        \"logs:PutLogEvents\"\n      ],\n      \"Resource\": \"*\"\n    }\n  ]\n}",
            "policy_id": "ANPAJG4T4G4PV56DE72PY",
            "tags": {}
          },
          "sensitive_attributes": []
        }
      ]
    },
    {
      "module": "module.ecs_cluster",
      "mode": "data",
      "type": "aws_ssm_parameter",
      "name": "ecs_gpu_ami",
      "provider": "provider[\"registry.terraform.io/hashicorp/aws\"]",
      "instances": [
        {
          "schema_version": 0,
          "attributes": {
            "arn": "arn:aws:ssm:us-west-1::parameter/aws/service/ecs/optimized-ami/amazon-linux-2/gpu/recommended/image_id",
            "id": "/aws/service/ecs/optimized-ami/amazon-linux-2/gpu/recommended/image_id",
            "name": "/aws/service/ecs/optimized-ami/amazon-linux-2/gpu/recommended/image_id",
            "type": "String",
            "value": "ami-0b38ac3236214a6c0",
            "version": 91,
            "with_decryption": true
          },
          "sensitive_attributes": []
        }
      ]
    },
    {
      "module": "module.ecs_cluster",
      "mode": "data",
      "type": "aws_subnets",
      "name": "public",
      "provider": "provider[\"registry.terraform.io/hashicorp/aws\"]",
      "instances": [
        {
          "schema_version": 0,
          "attributes": {
            "filter": [
              {
                "name": "vpc-id",
                "values": [
                  "vpc-0bb816f64e49ccb2f"
                ]
              }
            ],
            "id": "us-west-1",
            "ids": [
              "subnet-05a4a1b31d35ff002",
              "subnet-0627859786de0395d"
            ],
            "tags": {
              "Tier": "Public"
            },
            "timeouts": null
          },
          "sensitive_attributes": []
        }
      ]
    },
    {
      "module": "module.ecs_cluster",
      "mode": "managed",
      "type": "aws_ecs_cluster",
      "name": "discord",
      "provider": "provider[\"registry.terraform.io/hashicorp/aws\"]",
      "instances": [
        {
          "schema_version": 0,
          "attributes": {
            "arn": "arn:aws:ecs:us-west-1:710440188130:cluster/discord-diffusion-prod",
            "capacity_providers": [],
            "configuration": [],
            "default_capacity_provider_strategy": [],
            "id": "arn:aws:ecs:us-west-1:710440188130:cluster/discord-diffusion-prod",
            "name": "discord-diffusion-prod",
            "setting": [
              {
                "name": "containerInsights",
                "value": "disabled"
              }
            ],
            "tags": {},
            "tags_all": {
              "Project": "discord-diffusion",
              "auto-delete": "no"
            }
          },
          "sensitive_attributes": [],
          "private": "bnVsbA==",
          "dependencies": [
            "aws_lambda_layer_version.pynacl",
            "aws_lambda_layer_version.requests",
            "data.aws_caller_identity.current",
            "module.api_gw_lambda.aws_apigatewayv2_api.discord_gw",
            "module.api_gw_lambda.aws_cloudwatch_log_group.discord_api_to_lambda",
            "module.api_gw_lambda.aws_iam_policy.discord_api_lambda_logging",
            "module.api_gw_lambda.aws_iam_policy.lambda_send_sqs_message",
            "module.api_gw_lambda.aws_iam_role.discord_api_to_lambda",
            "module.api_gw_lambda.aws_iam_role_policy_attachment.discord_api_to_lambda",
            "module.api_gw_lambda.aws_iam_role_policy_attachment.discord_api_to_lambda_sqs",
            "module.api_gw_lambda.aws_lambda_function.discord_api_to_lambda",
            "module.api_gw_lambda.aws_lambda_permission.apigw",
            "module.api_gw_lambda.aws_sqs_queue.default_queue",
            "module.api_gw_lambda.data.archive_file.discord_api_to_lambda"
          ]
        }
      ]
    },
    {
      "module": "module.ecs_cluster",
      "mode": "managed",
      "type": "aws_ecs_service",
      "name": "discord_diffusion",
      "provider": "provider[\"registry.terraform.io/hashicorp/aws\"]",
      "instances": [
        {
          "schema_version": 0,
          "attributes": {
            "capacity_provider_strategy": [],
            "cluster": "arn:aws:ecs:us-west-1:710440188130:cluster/discord-diffusion-prod",
            "deployment_circuit_breaker": [
              {
                "enable": true,
                "rollback": true
              }
            ],
            "deployment_controller": [
              {
                "type": "ECS"
              }
            ],
            "deployment_maximum_percent": 200,
            "deployment_minimum_healthy_percent": 100,
            "desired_count": 0,
            "enable_ecs_managed_tags": false,
            "enable_execute_command": false,
            "force_new_deployment": null,
            "health_check_grace_period_seconds": 0,
            "iam_role": null,
            "id": "arn:aws:ecs:us-west-1:710440188130:service/discord-diffusion-prod/discord-diffusion-prod",
            "launch_type": "EC2",
            "load_balancer": [],
            "name": "discord-diffusion-prod",
            "network_configuration": [],
            "ordered_placement_strategy": [
              {
                "field": "instanceId",
                "type": "spread"
              }
            ],
            "placement_constraints": [],
            "platform_version": "",
            "propagate_tags": "NONE",
            "scheduling_strategy": "REPLICA",
            "service_registries": [],
            "tags": {},
            "tags_all": {
              "Project": "discord-diffusion",
              "auto-delete": "no"
            },
            "task_definition": "arn:aws:ecs:us-west-1:710440188130:task-definition/discord-diffusion-prod:8",
            "timeouts": null,
            "wait_for_steady_state": false
          },
          "sensitive_attributes": [],
          "private": "eyJlMmJmYjczMC1lY2FhLTExZTYtOGY4OC0zNDM2M2JjN2M0YzAiOnsiY3JlYXRlIjoxMjAwMDAwMDAwMDAwLCJkZWxldGUiOjEyMDAwMDAwMDAwMDAsInVwZGF0ZSI6MTIwMDAwMDAwMDAwMH19",
          "dependencies": [
            "aws_lambda_layer_version.pynacl",
            "aws_lambda_layer_version.requests",
            "data.aws_caller_identity.current",
            "module.api_gw_lambda.aws_apigatewayv2_api.discord_gw",
            "module.api_gw_lambda.aws_cloudwatch_log_group.discord_api_to_lambda",
            "module.api_gw_lambda.aws_iam_policy.discord_api_lambda_logging",
            "module.api_gw_lambda.aws_iam_policy.lambda_send_sqs_message",
            "module.api_gw_lambda.aws_iam_role.discord_api_to_lambda",
            "module.api_gw_lambda.aws_iam_role_policy_attachment.discord_api_to_lambda",
            "module.api_gw_lambda.aws_iam_role_policy_attachment.discord_api_to_lambda_sqs",
            "module.api_gw_lambda.aws_lambda_function.discord_api_to_lambda",
            "module.api_gw_lambda.aws_lambda_permission.apigw",
            "module.api_gw_lambda.aws_sqs_queue.default_queue",
            "module.api_gw_lambda.data.archive_file.discord_api_to_lambda",
            "module.ecs_cluster.aws_ecs_cluster.discord",
            "module.ecs_cluster.aws_ecs_task_definition.ecs_task",
            "module.ecs_cluster.aws_iam_role.ecs_execution",
            "module.ecs_cluster.aws_iam_role.ecs_task_role"
          ]
        }
      ]
    },
    {
      "module": "module.ecs_cluster",
      "mode": "managed",
      "type": "aws_ecs_task_definition",
      "name": "ecs_task",
      "provider": "provider[\"registry.terraform.io/hashicorp/aws\"]",
      "instances": [
        {
          "schema_version": 1,
          "attributes": {
            "arn": "arn:aws:ecs:us-west-1:710440188130:task-definition/discord-diffusion-prod:8",
            "container_definitions": "[{\"command\":[],\"cpu\":4096,\"dnsSearchDomains\":[],\"dnsServers\":[],\"dockerLabels\":{},\"dockerSecurityOptions\":[],\"entryPoint\":[],\"environment\":[{\"name\":\"REGION\",\"value\":\"us-west-1\"},{\"name\":\"SQSQUEUEURL\",\"value\":\"https://sqs.us-west-1.amazonaws.com/710440188130/discord-diffusion-prod.fifo\"}],\"environmentFiles\":[],\"essential\":true,\"extraHosts\":[],\"image\":\"710440188130.dkr.ecr.us-west-1.amazonaws.com/discord-diffusion:latest\",\"links\":[],\"memory\":12288,\"mountPoints\":[],\"name\":\"discord-diffusion-prod\",\"portMappings\":[],\"resourceRequirements\":[{\"type\":\"GPU\",\"value\":\"1\"}],\"secrets\":[],\"systemControls\":[],\"ulimits\":[],\"volumesFrom\":[]}]",
            "cpu": "",
            "ephemeral_storage": [],
            "execution_role_arn": "arn:aws:iam::710440188130:role/ecsExecution-discord-diffusion-prod",
            "family": "discord-diffusion-prod",
            "id": "discord-diffusion-prod",
            "inference_accelerator": [],
            "ipc_mode": "",
            "memory": "",
            "network_mode": "bridge",
            "pid_mode": "",
            "placement_constraints": [],
            "proxy_configuration": [],
            "requires_compatibilities": [
              "EC2"
            ],
            "revision": 8,
            "runtime_platform": [
              {
                "cpu_architecture": "X86_64",
                "operating_system_family": "LINUX"
              }
            ],
            "skip_destroy": false,
            "tags": {},
            "tags_all": {
              "Project": "discord-diffusion",
              "auto-delete": "no"
            },
            "task_role_arn": "arn:aws:iam::710440188130:role/ecsTask-discord-diffusion-prod",
            "volume": []
          },
          "sensitive_attributes": [],
          "private": "eyJzY2hlbWFfdmVyc2lvbiI6IjEifQ==",
          "dependencies": [
            "aws_lambda_layer_version.pynacl",
            "aws_lambda_layer_version.requests",
            "data.aws_caller_identity.current",
            "module.api_gw_lambda.aws_apigatewayv2_api.discord_gw",
            "module.api_gw_lambda.aws_cloudwatch_log_group.discord_api_to_lambda",
            "module.api_gw_lambda.aws_iam_policy.discord_api_lambda_logging",
            "module.api_gw_lambda.aws_iam_policy.lambda_send_sqs_message",
            "module.api_gw_lambda.aws_iam_role.discord_api_to_lambda",
            "module.api_gw_lambda.aws_iam_role_policy_attachment.discord_api_to_lambda",
            "module.api_gw_lambda.aws_iam_role_policy_attachment.discord_api_to_lambda_sqs",
            "module.api_gw_lambda.aws_lambda_function.discord_api_to_lambda",
            "module.api_gw_lambda.aws_lambda_permission.apigw",
            "module.api_gw_lambda.aws_sqs_queue.default_queue",
            "module.api_gw_lambda.data.archive_file.discord_api_to_lambda",
            "module.ecs_cluster.aws_iam_role.ecs_execution",
            "module.ecs_cluster.aws_iam_role.ecs_task_role"
          ]
        }
      ]
    },
    {
      "module": "module.ecs_cluster",
      "mode": "managed",
      "type": "aws_iam_instance_profile",
      "name": "ecs_discord",
      "provider": "provider[\"registry.terraform.io/hashicorp/aws\"]",
      "instances": [
        {
          "schema_version": 0,
          "attributes": {
            "arn": "arn:aws:iam::710440188130:instance-profile/ECS-Discord",
            "create_date": "2022-10-14T01:39:07Z",
            "id": "ECS-Discord",
            "name": "ECS-Discord",
            "name_prefix": null,
            "path": "/",
            "role": "DiscordECS-discord-diffusion-prod",
            "tags": {},
            "tags_all": {
              "Project": "discord-diffusion",
              "auto-delete": "no"
            },
            "unique_id": "AIPA2K2MI7DROHUO2L4WB"
          },
          "sensitive_attributes": [],
          "private": "bnVsbA==",
          "dependencies": [
            "aws_lambda_layer_version.pynacl",
            "aws_lambda_layer_version.requests",
            "data.aws_caller_identity.current",
            "module.api_gw_lambda.aws_apigatewayv2_api.discord_gw",
            "module.api_gw_lambda.aws_cloudwatch_log_group.discord_api_to_lambda",
            "module.api_gw_lambda.aws_iam_policy.discord_api_lambda_logging",
            "module.api_gw_lambda.aws_iam_policy.lambda_send_sqs_message",
            "module.api_gw_lambda.aws_iam_role.discord_api_to_lambda",
            "module.api_gw_lambda.aws_iam_role_policy_attachment.discord_api_to_lambda",
            "module.api_gw_lambda.aws_iam_role_policy_attachment.discord_api_to_lambda_sqs",
            "module.api_gw_lambda.aws_lambda_function.discord_api_to_lambda",
            "module.api_gw_lambda.aws_lambda_permission.apigw",
            "module.api_gw_lambda.aws_sqs_queue.default_queue",
            "module.api_gw_lambda.data.archive_file.discord_api_to_lambda",
            "module.ecs_cluster.aws_iam_role.ecs_discord"
          ]
        }
      ]
    },
    {
      "module": "module.ecs_cluster",
      "mode": "managed",
      "type": "aws_iam_role",
      "name": "ecs_discord",
      "provider": "provider[\"registry.terraform.io/hashicorp/aws\"]",
      "instances": [
        {
          "schema_version": 0,
          "attributes": {
            "arn": "arn:aws:iam::710440188130:role/DiscordECS-discord-diffusion-prod",
            "assume_role_policy": "{\"Statement\":[{\"Action\":\"sts:AssumeRole\",\"Effect\":\"Allow\",\"Principal\":{\"Service\":\"ec2.amazonaws.com\"}}],\"Version\":\"2012-10-17\"}",
            "create_date": "2022-10-14T01:39:06Z",
            "description": "",
            "force_detach_policies": false,
            "id": "DiscordECS-discord-diffusion-prod",
            "inline_policy": [],
            "managed_policy_arns": [
              "arn:aws:iam::aws:policy/service-role/AWSLambdaSQSQueueExecutionRole",
              "arn:aws:iam::aws:policy/service-role/AmazonEC2ContainerServiceforEC2Role"
            ],
            "max_session_duration": 3600,
            "name": "DiscordECS-discord-diffusion-prod",
            "name_prefix": "",
            "path": "/",
            "permissions_boundary": null,
            "tags": {},
            "tags_all": {
              "Project": "discord-diffusion",
              "auto-delete": "no"
            },
            "unique_id": "AROA2K2MI7DRGKNUDOS6A"
          },
          "sensitive_attributes": [],
          "private": "bnVsbA==",
          "dependencies": [
            "aws_lambda_layer_version.pynacl",
            "aws_lambda_layer_version.requests",
            "data.aws_caller_identity.current",
            "module.api_gw_lambda.aws_apigatewayv2_api.discord_gw",
            "module.api_gw_lambda.aws_cloudwatch_log_group.discord_api_to_lambda",
            "module.api_gw_lambda.aws_iam_policy.discord_api_lambda_logging",
            "module.api_gw_lambda.aws_iam_policy.lambda_send_sqs_message",
            "module.api_gw_lambda.aws_iam_role.discord_api_to_lambda",
            "module.api_gw_lambda.aws_iam_role_policy_attachment.discord_api_to_lambda",
            "module.api_gw_lambda.aws_iam_role_policy_attachment.discord_api_to_lambda_sqs",
            "module.api_gw_lambda.aws_lambda_function.discord_api_to_lambda",
            "module.api_gw_lambda.aws_lambda_permission.apigw",
            "module.api_gw_lambda.aws_sqs_queue.default_queue",
            "module.api_gw_lambda.data.archive_file.discord_api_to_lambda"
          ]
        }
      ]
    },
    {
      "module": "module.ecs_cluster",
      "mode": "managed",
      "type": "aws_iam_role",
      "name": "ecs_execution",
      "provider": "provider[\"registry.terraform.io/hashicorp/aws\"]",
      "instances": [
        {
          "schema_version": 0,
          "attributes": {
            "arn": "arn:aws:iam::710440188130:role/ecsExecution-discord-diffusion-prod",
            "assume_role_policy": "{\"Statement\":[{\"Action\":\"sts:AssumeRole\",\"Effect\":\"Allow\",\"Principal\":{\"Service\":\"ecs-tasks.amazonaws.com\"},\"Sid\":\"\"}],\"Version\":\"2012-10-17\"}",
            "create_date": "2022-10-14T01:39:06Z",
            "description": "",
            "force_detach_policies": false,
            "id": "ecsExecution-discord-diffusion-prod",
            "inline_policy": [],
            "managed_policy_arns": [
              "arn:aws:iam::aws:policy/service-role/AmazonECSTaskExecutionRolePolicy"
            ],
            "max_session_duration": 3600,
            "name": "ecsExecution-discord-diffusion-prod",
            "name_prefix": "",
            "path": "/",
            "permissions_boundary": null,
            "tags": {},
            "tags_all": {
              "Project": "discord-diffusion",
              "auto-delete": "no"
            },
            "unique_id": "AROA2K2MI7DRGR4RUAREX"
          },
          "sensitive_attributes": [],
          "private": "bnVsbA==",
          "dependencies": [
            "aws_lambda_layer_version.pynacl",
            "aws_lambda_layer_version.requests",
            "data.aws_caller_identity.current",
            "module.api_gw_lambda.aws_apigatewayv2_api.discord_gw",
            "module.api_gw_lambda.aws_cloudwatch_log_group.discord_api_to_lambda",
            "module.api_gw_lambda.aws_iam_policy.discord_api_lambda_logging",
            "module.api_gw_lambda.aws_iam_policy.lambda_send_sqs_message",
            "module.api_gw_lambda.aws_iam_role.discord_api_to_lambda",
            "module.api_gw_lambda.aws_iam_role_policy_attachment.discord_api_to_lambda",
            "module.api_gw_lambda.aws_iam_role_policy_attachment.discord_api_to_lambda_sqs",
            "module.api_gw_lambda.aws_lambda_function.discord_api_to_lambda",
            "module.api_gw_lambda.aws_lambda_permission.apigw",
            "module.api_gw_lambda.aws_sqs_queue.default_queue",
            "module.api_gw_lambda.data.archive_file.discord_api_to_lambda"
          ]
        }
      ]
    },
    {
      "module": "module.ecs_cluster",
      "mode": "managed",
      "type": "aws_iam_role",
      "name": "ecs_task_role",
      "provider": "provider[\"registry.terraform.io/hashicorp/aws\"]",
      "instances": [
        {
          "schema_version": 0,
          "attributes": {
            "arn": "arn:aws:iam::710440188130:role/ecsTask-discord-diffusion-prod",
            "assume_role_policy": "{\"Statement\":[{\"Action\":\"sts:AssumeRole\",\"Effect\":\"Allow\",\"Principal\":{\"Service\":\"ecs-tasks.amazonaws.com\"},\"Sid\":\"\"}],\"Version\":\"2012-10-17\"}",
            "create_date": "2022-10-14T01:39:06Z",
            "description": "",
            "force_detach_policies": false,
            "id": "ecsTask-discord-diffusion-prod",
            "inline_policy": [],
            "managed_policy_arns": [
              "arn:aws:iam::aws:policy/service-role/AWSLambdaSQSQueueExecutionRole"
            ],
            "max_session_duration": 3600,
            "name": "ecsTask-discord-diffusion-prod",
            "name_prefix": "",
            "path": "/",
            "permissions_boundary": null,
            "tags": {},
            "tags_all": {
              "Project": "discord-diffusion",
              "auto-delete": "no"
            },
            "unique_id": "AROA2K2MI7DREFJEG7W6D"
          },
          "sensitive_attributes": [],
          "private": "bnVsbA==",
          "dependencies": [
            "aws_lambda_layer_version.pynacl",
            "aws_lambda_layer_version.requests",
            "data.aws_caller_identity.current",
            "module.api_gw_lambda.aws_apigatewayv2_api.discord_gw",
            "module.api_gw_lambda.aws_cloudwatch_log_group.discord_api_to_lambda",
            "module.api_gw_lambda.aws_iam_policy.discord_api_lambda_logging",
            "module.api_gw_lambda.aws_iam_policy.lambda_send_sqs_message",
            "module.api_gw_lambda.aws_iam_role.discord_api_to_lambda",
            "module.api_gw_lambda.aws_iam_role_policy_attachment.discord_api_to_lambda",
            "module.api_gw_lambda.aws_iam_role_policy_attachment.discord_api_to_lambda_sqs",
            "module.api_gw_lambda.aws_lambda_function.discord_api_to_lambda",
            "module.api_gw_lambda.aws_lambda_permission.apigw",
            "module.api_gw_lambda.aws_sqs_queue.default_queue",
            "module.api_gw_lambda.data.archive_file.discord_api_to_lambda"
          ]
        }
      ]
    },
    {
      "module": "module.ecs_cluster",
      "mode": "managed",
      "type": "aws_iam_role_policy_attachment",
      "name": "AWSLambdaSQSQueueExecutionRole",
      "provider": "provider[\"registry.terraform.io/hashicorp/aws\"]",
      "instances": [
        {
          "schema_version": 0,
          "attributes": {
            "id": "DiscordECS-discord-diffusion-prod-20221014013907444700000007",
            "policy_arn": "arn:aws:iam::aws:policy/service-role/AWSLambdaSQSQueueExecutionRole",
            "role": "DiscordECS-discord-diffusion-prod"
          },
          "sensitive_attributes": [],
          "private": "bnVsbA==",
          "dependencies": [
            "aws_lambda_layer_version.pynacl",
            "aws_lambda_layer_version.requests",
            "data.aws_caller_identity.current",
            "module.api_gw_lambda.aws_apigatewayv2_api.discord_gw",
            "module.api_gw_lambda.aws_cloudwatch_log_group.discord_api_to_lambda",
            "module.api_gw_lambda.aws_iam_policy.discord_api_lambda_logging",
            "module.api_gw_lambda.aws_iam_policy.lambda_send_sqs_message",
            "module.api_gw_lambda.aws_iam_role.discord_api_to_lambda",
            "module.api_gw_lambda.aws_iam_role_policy_attachment.discord_api_to_lambda",
            "module.api_gw_lambda.aws_iam_role_policy_attachment.discord_api_to_lambda_sqs",
            "module.api_gw_lambda.aws_lambda_function.discord_api_to_lambda",
            "module.api_gw_lambda.aws_lambda_permission.apigw",
            "module.api_gw_lambda.aws_sqs_queue.default_queue",
            "module.api_gw_lambda.data.archive_file.discord_api_to_lambda",
            "module.ecs_cluster.aws_iam_role.ecs_discord",
            "module.ecs_cluster.data.aws_iam_policy.AWSLambdaSQSQueueExecutionRole"
          ]
        }
      ]
    },
    {
      "module": "module.ecs_cluster",
      "mode": "managed",
      "type": "aws_iam_role_policy_attachment",
      "name": "AWSLambdaSQSQueueExecutionRole_ECS",
      "provider": "provider[\"registry.terraform.io/hashicorp/aws\"]",
      "instances": [
        {
          "schema_version": 0,
          "attributes": {
            "id": "ecsTask-discord-diffusion-prod-20221014013907439900000006",
            "policy_arn": "arn:aws:iam::aws:policy/service-role/AWSLambdaSQSQueueExecutionRole",
            "role": "ecsTask-discord-diffusion-prod"
          },
          "sensitive_attributes": [],
          "private": "bnVsbA==",
          "dependencies": [
            "aws_lambda_layer_version.pynacl",
            "aws_lambda_layer_version.requests",
            "data.aws_caller_identity.current",
            "module.api_gw_lambda.aws_apigatewayv2_api.discord_gw",
            "module.api_gw_lambda.aws_cloudwatch_log_group.discord_api_to_lambda",
            "module.api_gw_lambda.aws_iam_policy.discord_api_lambda_logging",
            "module.api_gw_lambda.aws_iam_policy.lambda_send_sqs_message",
            "module.api_gw_lambda.aws_iam_role.discord_api_to_lambda",
            "module.api_gw_lambda.aws_iam_role_policy_attachment.discord_api_to_lambda",
            "module.api_gw_lambda.aws_iam_role_policy_attachment.discord_api_to_lambda_sqs",
            "module.api_gw_lambda.aws_lambda_function.discord_api_to_lambda",
            "module.api_gw_lambda.aws_lambda_permission.apigw",
            "module.api_gw_lambda.aws_sqs_queue.default_queue",
            "module.api_gw_lambda.data.archive_file.discord_api_to_lambda",
            "module.ecs_cluster.aws_iam_role.ecs_task_role",
            "module.ecs_cluster.data.aws_iam_policy.AWSLambdaSQSQueueExecutionRole"
          ]
        }
      ]
    },
    {
      "module": "module.ecs_cluster",
      "mode": "managed",
      "type": "aws_iam_role_policy_attachment",
      "name": "AmazonEC2ContainerServiceforEC2Role",
      "provider": "provider[\"registry.terraform.io/hashicorp/aws\"]",
      "instances": [
        {
          "schema_version": 0,
          "attributes": {
            "id": "DiscordECS-discord-diffusion-prod-20221014013907449600000008",
            "policy_arn": "arn:aws:iam::aws:policy/service-role/AmazonEC2ContainerServiceforEC2Role",
            "role": "DiscordECS-discord-diffusion-prod"
          },
          "sensitive_attributes": [],
          "private": "bnVsbA==",
          "dependencies": [
            "aws_lambda_layer_version.pynacl",
            "aws_lambda_layer_version.requests",
            "data.aws_caller_identity.current",
            "module.api_gw_lambda.aws_apigatewayv2_api.discord_gw",
            "module.api_gw_lambda.aws_cloudwatch_log_group.discord_api_to_lambda",
            "module.api_gw_lambda.aws_iam_policy.discord_api_lambda_logging",
            "module.api_gw_lambda.aws_iam_policy.lambda_send_sqs_message",
            "module.api_gw_lambda.aws_iam_role.discord_api_to_lambda",
            "module.api_gw_lambda.aws_iam_role_policy_attachment.discord_api_to_lambda",
            "module.api_gw_lambda.aws_iam_role_policy_attachment.discord_api_to_lambda_sqs",
            "module.api_gw_lambda.aws_lambda_function.discord_api_to_lambda",
            "module.api_gw_lambda.aws_lambda_permission.apigw",
            "module.api_gw_lambda.aws_sqs_queue.default_queue",
            "module.api_gw_lambda.data.archive_file.discord_api_to_lambda",
            "module.ecs_cluster.aws_iam_role.ecs_discord",
            "module.ecs_cluster.data.aws_iam_policy.AmazonEC2ContainerServiceforEC2Role"
          ]
        }
      ]
    },
    {
      "module": "module.ecs_cluster",
      "mode": "managed",
      "type": "aws_iam_role_policy_attachment",
      "name": "AmazonECSTaskExecutionRolePolicy",
      "provider": "provider[\"registry.terraform.io/hashicorp/aws\"]",
      "instances": [
        {
          "schema_version": 0,
          "attributes": {
            "id": "ecsExecution-discord-diffusion-prod-20221014013907540400000009",
            "policy_arn": "arn:aws:iam::aws:policy/service-role/AmazonECSTaskExecutionRolePolicy",
            "role": "ecsExecution-discord-diffusion-prod"
          },
          "sensitive_attributes": [],
          "private": "bnVsbA==",
          "dependencies": [
            "aws_lambda_layer_version.pynacl",
            "aws_lambda_layer_version.requests",
            "data.aws_caller_identity.current",
            "module.api_gw_lambda.aws_apigatewayv2_api.discord_gw",
            "module.api_gw_lambda.aws_cloudwatch_log_group.discord_api_to_lambda",
            "module.api_gw_lambda.aws_iam_policy.discord_api_lambda_logging",
            "module.api_gw_lambda.aws_iam_policy.lambda_send_sqs_message",
            "module.api_gw_lambda.aws_iam_role.discord_api_to_lambda",
            "module.api_gw_lambda.aws_iam_role_policy_attachment.discord_api_to_lambda",
            "module.api_gw_lambda.aws_iam_role_policy_attachment.discord_api_to_lambda_sqs",
            "module.api_gw_lambda.aws_lambda_function.discord_api_to_lambda",
            "module.api_gw_lambda.aws_lambda_permission.apigw",
            "module.api_gw_lambda.aws_sqs_queue.default_queue",
            "module.api_gw_lambda.data.archive_file.discord_api_to_lambda",
            "module.ecs_cluster.aws_iam_role.ecs_execution",
            "module.ecs_cluster.data.aws_iam_policy.AmazonECSTaskExecutionRolePolicy"
          ]
        }
      ]
    },
    {
      "module": "module.ecs_cluster",
      "mode": "managed",
      "type": "aws_launch_template",
      "name": "discord_diffusion",
      "provider": "provider[\"registry.terraform.io/hashicorp/aws\"]",
      "instances": [
        {
          "schema_version": 0,
          "attributes": {
            "arn": "arn:aws:ec2:us-west-1:710440188130:launch-template/lt-02ab7f0ec3a7a2dc7",
            "block_device_mappings": [
              {
                "device_name": "/dev/xvda",
                "ebs": [
                  {
                    "delete_on_termination": "",
                    "encrypted": "",
                    "iops": 0,
                    "kms_key_id": "",
                    "snapshot_id": "",
                    "throughput": 0,
                    "volume_size": 40,
                    "volume_type": "gp3"
                  }
                ],
                "no_device": "",
                "virtual_name": ""
              }
            ],
            "capacity_reservation_specification": [],
            "cpu_options": [],
            "credit_specification": [],
            "default_version": 1,
            "description": "",
            "disable_api_stop": false,
            "disable_api_termination": false,
            "ebs_optimized": "",
            "elastic_gpu_specifications": [],
            "elastic_inference_accelerator": [],
            "enclave_options": [],
            "hibernation_options": [],
            "iam_instance_profile": [
              {
                "arn": "arn:aws:iam::710440188130:instance-profile/ECS-Discord",
                "name": ""
              }
            ],
            "id": "lt-02ab7f0ec3a7a2dc7",
            "image_id": "ami-0b38ac3236214a6c0",
            "instance_initiated_shutdown_behavior": "terminate",
            "instance_market_options": [],
            "instance_requirements": [],
            "instance_type": "g4dn.xlarge",
            "kernel_id": "",
            "key_name": "discord-diffusion-prod",
            "latest_version": 1,
            "license_specification": [],
            "maintenance_options": [],
            "metadata_options": [],
            "monitoring": [],
            "name": "discord-diffusion-prod",
            "name_prefix": "",
            "network_interfaces": [],
            "placement": [],
            "private_dns_name_options": [],
            "ram_disk_id": "",
            "security_group_names": [],
            "tag_specifications": [],
            "tags": {},
            "tags_all": {
              "Project": "discord-diffusion",
              "auto-delete": "no"
            },
            "update_default_version": null,
            "user_data": "ICAgICMhL2Jpbi9iYXNoCiAgICBjYXQgPDwnRU9GJyA+PiAvZXRjL2Vjcy9lY3MuY29uZmlnCiAgICBFQ1NfQ0xVU1RFUj1hcm46YXdzOmVjczp1cy13ZXN0LTE6NzEwNDQwMTg4MTMwOmNsdXN0ZXIvZGlzY29yZC1kaWZmdXNpb24tcHJvZAogICAgRUNTX0VOQUJMRV9HUFVfU1VQUE9SVD10cnVlCiAgICBFT0YK",
            "vpc_security_group_ids": [
              "sg-00d19260f52bddd00"
            ]
          },
          "sensitive_attributes": [
            [
              {
                "type": "get_attr",
                "value": "image_id"
              }
            ]
          ],
          "private": "bnVsbA==",
          "dependencies": [
            "aws_lambda_layer_version.pynacl",
            "aws_lambda_layer_version.requests",
            "data.aws_caller_identity.current",
            "module.api_gw_lambda.aws_apigatewayv2_api.discord_gw",
            "module.api_gw_lambda.aws_cloudwatch_log_group.discord_api_to_lambda",
            "module.api_gw_lambda.aws_iam_policy.discord_api_lambda_logging",
            "module.api_gw_lambda.aws_iam_policy.lambda_send_sqs_message",
            "module.api_gw_lambda.aws_iam_role.discord_api_to_lambda",
            "module.api_gw_lambda.aws_iam_role_policy_attachment.discord_api_to_lambda",
            "module.api_gw_lambda.aws_iam_role_policy_attachment.discord_api_to_lambda_sqs",
            "module.api_gw_lambda.aws_lambda_function.discord_api_to_lambda",
            "module.api_gw_lambda.aws_lambda_permission.apigw",
            "module.api_gw_lambda.aws_sqs_queue.default_queue",
            "module.api_gw_lambda.data.archive_file.discord_api_to_lambda",
            "module.ecs_cluster.aws_ecs_cluster.discord",
            "module.ecs_cluster.aws_iam_instance_profile.ecs_discord",
            "module.ecs_cluster.aws_iam_role.ecs_discord",
            "module.ecs_cluster.aws_security_group.ecs_discord",
            "module.ecs_cluster.data.aws_ssm_parameter.ecs_gpu_ami"
          ]
        }
      ]
    },
    {
      "module": "module.ecs_cluster",
      "mode": "managed",
      "type": "aws_security_group",
      "name": "ecs_discord",
      "provider": "provider[\"registry.terraform.io/hashicorp/aws\"]",
      "instances": [
        {
          "schema_version": 1,
          "attributes": {
            "arn": "arn:aws:ec2:us-west-1:710440188130:security-group/sg-00d19260f52bddd00",
            "description": "Allow TLS inbound traffic",
            "egress": [
              {
                "cidr_blocks": [
                  "0.0.0.0/0"
                ],
                "description": "",
                "from_port": 0,
                "ipv6_cidr_blocks": [
                  "::/0"
                ],
                "prefix_list_ids": [],
                "protocol": "-1",
                "security_groups": [],
                "self": false,
                "to_port": 0
              }
            ],
            "id": "sg-00d19260f52bddd00",
            "ingress": [],
            "name": "ECS-Discord-discord-diffusion-prod",
            "name_prefix": "",
            "owner_id": "710440188130",
            "revoke_rules_on_delete": false,
            "tags": {},
            "tags_all": {
              "Project": "discord-diffusion",
              "auto-delete": "no"
            },
            "timeouts": null,
            "vpc_id": "vpc-0bb816f64e49ccb2f"
          },
          "sensitive_attributes": [],
          "private": "eyJlMmJmYjczMC1lY2FhLTExZTYtOGY4OC0zNDM2M2JjN2M0YzAiOnsiY3JlYXRlIjo2MDAwMDAwMDAwMDAsImRlbGV0ZSI6OTAwMDAwMDAwMDAwfSwic2NoZW1hX3ZlcnNpb24iOiIxIn0=",
          "dependencies": [
            "aws_lambda_layer_version.pynacl",
            "aws_lambda_layer_version.requests",
            "data.aws_caller_identity.current",
            "module.api_gw_lambda.aws_apigatewayv2_api.discord_gw",
            "module.api_gw_lambda.aws_cloudwatch_log_group.discord_api_to_lambda",
            "module.api_gw_lambda.aws_iam_policy.discord_api_lambda_logging",
            "module.api_gw_lambda.aws_iam_policy.lambda_send_sqs_message",
            "module.api_gw_lambda.aws_iam_role.discord_api_to_lambda",
            "module.api_gw_lambda.aws_iam_role_policy_attachment.discord_api_to_lambda",
            "module.api_gw_lambda.aws_iam_role_policy_attachment.discord_api_to_lambda_sqs",
            "module.api_gw_lambda.aws_lambda_function.discord_api_to_lambda",
            "module.api_gw_lambda.aws_lambda_permission.apigw",
            "module.api_gw_lambda.aws_sqs_queue.default_queue",
            "module.api_gw_lambda.data.archive_file.discord_api_to_lambda"
          ]
        }
      ]
    },
    {
      "module": "module.metrics_scaling",
      "mode": "data",
      "type": "archive_file",
      "name": "lamdba_cw_metric",
      "provider": "provider[\"registry.terraform.io/hashicorp/archive\"]",
      "instances": [
        {
          "schema_version": 0,
          "attributes": {
            "excludes": null,
            "id": "9c3a240fe0c575218c8aef7f860617b334c35b48",
            "output_base64sha256": "d9/jo7vq11B8JpUtsKr3q/af8CMNTtDCeNp5uZBeAL0=",
            "output_file_mode": null,
            "output_md5": "97468f1d98df2410c5bb10f51d9d248d",
            "output_path": "modules/scaling_alarm_lambda/files/custom_cw_metric.zip",
            "output_sha": "9c3a240fe0c575218c8aef7f860617b334c35b48",
            "output_size": 1778,
            "source": [],
            "source_content": null,
            "source_content_filename": null,
            "source_dir": "modules/scaling_alarm_lambda/files/custom_cw_metric",
            "source_file": null,
            "type": "zip"
          },
          "sensitive_attributes": []
        }
      ]
    },
    {
      "module": "module.metrics_scaling",
      "mode": "data",
      "type": "aws_iam_policy",
      "name": "AmazonSQSReadOnlyAccess",
      "provider": "provider[\"registry.terraform.io/hashicorp/aws\"]",
      "instances": [
        {
          "schema_version": 0,
          "attributes": {
            "arn": "arn:aws:iam::aws:policy/AmazonSQSReadOnlyAccess",
            "description": "Provides read only access to Amazon SQS via the AWS Management Console.",
            "id": "arn:aws:iam::aws:policy/AmazonSQSReadOnlyAccess",
            "name": "AmazonSQSReadOnlyAccess",
            "path": "/",
            "path_prefix": null,
            "policy": "{\n  \"Version\": \"2012-10-17\",\n  \"Statement\": [\n    {\n      \"Action\": [\n        \"sqs:GetQueueAttributes\",\n        \"sqs:GetQueueUrl\",\n        \"sqs:ListDeadLetterSourceQueues\",\n        \"sqs:ListQueues\"\n      ],\n      \"Effect\": \"Allow\",\n      \"Resource\": \"*\"\n    }\n  ]\n}",
            "policy_id": "ANPAIUGSSQY362XGCM6KW",
            "tags": {}
          },
          "sensitive_attributes": []
        }
      ]
    },
    {
      "module": "module.metrics_scaling",
      "mode": "data",
      "type": "aws_iam_policy",
      "name": "CloudWatchAgentServerPolicy",
      "provider": "provider[\"registry.terraform.io/hashicorp/aws\"]",
      "instances": [
        {
          "schema_version": 0,
          "attributes": {
            "arn": "arn:aws:iam::aws:policy/CloudWatchAgentServerPolicy",
            "description": "Permissions required to use AmazonCloudWatchAgent on servers",
            "id": "arn:aws:iam::aws:policy/CloudWatchAgentServerPolicy",
            "name": "CloudWatchAgentServerPolicy",
            "path": "/",
            "path_prefix": null,
            "policy": "{\n    \"Version\": \"2012-10-17\",\n    \"Statement\": [\n        {\n            \"Effect\": \"Allow\",\n            \"Action\": [\n                \"cloudwatch:PutMetricData\",\n                \"ec2:DescribeVolumes\",\n                \"ec2:DescribeTags\",\n                \"logs:PutLogEvents\",\n                \"logs:DescribeLogStreams\",\n                \"logs:DescribeLogGroups\",\n                \"logs:CreateLogStream\",\n                \"logs:CreateLogGroup\"\n            ],\n            \"Resource\": \"*\"\n        },\n        {\n            \"Effect\": \"Allow\",\n            \"Action\": [\n                \"ssm:GetParameter\"\n            ],\n            \"Resource\": \"arn:aws:ssm:*:*:parameter/AmazonCloudWatch-*\"\n        }\n    ]\n}",
            "policy_id": "ANPAIGOPKN7KRDAKTLG4I",
            "tags": {}
          },
          "sensitive_attributes": []
        }
      ]
    },
    {
      "module": "module.metrics_scaling",
      "mode": "data",
      "type": "aws_subnets",
      "name": "public",
      "provider": "provider[\"registry.terraform.io/hashicorp/aws\"]",
      "instances": [
        {
          "schema_version": 0,
          "attributes": {
            "filter": [
              {
                "name": "vpc-id",
                "values": [
                  "vpc-0bb816f64e49ccb2f"
                ]
              }
            ],
            "id": "us-west-1",
            "ids": [
              "subnet-05a4a1b31d35ff002",
              "subnet-0627859786de0395d"
            ],
            "tags": {
              "Tier": "Public"
            },
            "timeouts": null
          },
          "sensitive_attributes": []
        }
      ]
    },
    {
      "module": "module.metrics_scaling",
      "mode": "managed",
      "type": "aws_cloudwatch_event_rule",
      "name": "discord_cw",
      "provider": "provider[\"registry.terraform.io/hashicorp/aws\"]",
      "instances": [
        {
          "schema_version": 0,
          "attributes": {
            "arn": "arn:aws:events:us-west-1:710440188130:rule/eventRule-discord-diffusion-prod",
            "description": "Trigger CW Lambda for custom metric every minute",
            "event_bus_name": "default",
            "event_pattern": null,
            "id": "eventRule-discord-diffusion-prod",
            "is_enabled": true,
            "name": "eventRule-discord-diffusion-prod",
            "name_prefix": "",
            "role_arn": "",
            "schedule_expression": "rate(2 minutes)",
            "tags": {},
            "tags_all": {
              "Project": "discord-diffusion",
              "auto-delete": "no"
            }
          },
          "sensitive_attributes": [],
          "private": "bnVsbA==",
          "dependencies": [
            "aws_lambda_layer_version.pynacl",
            "aws_lambda_layer_version.requests",
            "data.aws_caller_identity.current",
            "module.api_gw_lambda.aws_apigatewayv2_api.discord_gw",
            "module.api_gw_lambda.aws_cloudwatch_log_group.discord_api_to_lambda",
            "module.api_gw_lambda.aws_iam_policy.discord_api_lambda_logging",
            "module.api_gw_lambda.aws_iam_policy.lambda_send_sqs_message",
            "module.api_gw_lambda.aws_iam_role.discord_api_to_lambda",
            "module.api_gw_lambda.aws_iam_role_policy_attachment.discord_api_to_lambda",
            "module.api_gw_lambda.aws_iam_role_policy_attachment.discord_api_to_lambda_sqs",
            "module.api_gw_lambda.aws_lambda_function.discord_api_to_lambda",
            "module.api_gw_lambda.aws_lambda_permission.apigw",
            "module.api_gw_lambda.aws_sqs_queue.default_queue",
            "module.api_gw_lambda.data.archive_file.discord_api_to_lambda",
            "module.ecs_cluster.aws_ecs_cluster.discord",
            "module.ecs_cluster.aws_ecs_service.discord_diffusion",
            "module.ecs_cluster.aws_ecs_task_definition.ecs_task",
            "module.ecs_cluster.aws_iam_instance_profile.ecs_discord",
            "module.ecs_cluster.aws_iam_role.ecs_discord",
            "module.ecs_cluster.aws_iam_role.ecs_execution",
            "module.ecs_cluster.aws_iam_role.ecs_task_role",
            "module.ecs_cluster.aws_iam_role_policy_attachment.AWSLambdaSQSQueueExecutionRole",
            "module.ecs_cluster.aws_iam_role_policy_attachment.AWSLambdaSQSQueueExecutionRole_ECS",
            "module.ecs_cluster.aws_iam_role_policy_attachment.AmazonEC2ContainerServiceforEC2Role",
            "module.ecs_cluster.aws_iam_role_policy_attachment.AmazonECSTaskExecutionRolePolicy",
            "module.ecs_cluster.aws_launch_template.discord_diffusion",
            "module.ecs_cluster.aws_security_group.ecs_discord",
            "module.ecs_cluster.data.aws_iam_policy.AWSLambdaSQSQueueExecutionRole",
            "module.ecs_cluster.data.aws_iam_policy.AmazonEC2ContainerServiceforEC2Role",
            "module.ecs_cluster.data.aws_iam_policy.AmazonECSTaskExecutionRolePolicy",
            "module.ecs_cluster.data.aws_ssm_parameter.ecs_gpu_ami",
            "module.ecs_cluster.data.aws_subnets.public"
          ]
        }
      ]
    },
    {
      "module": "module.metrics_scaling",
      "mode": "managed",
      "type": "aws_cloudwatch_event_target",
      "name": "discord_cw",
      "provider": "provider[\"registry.terraform.io/hashicorp/aws\"]",
      "instances": [
        {
          "schema_version": 1,
          "attributes": {
            "arn": "arn:aws:states:us-west-1:710440188130:stateMachine:discord-diffusion-prod",
            "batch_target": [],
            "dead_letter_config": [],
            "ecs_target": [],
            "event_bus_name": "default",
            "http_target": [],
            "id": "eventRule-discord-diffusion-prod-TriggerStepCWMetric",
            "input": "",
            "input_path": "",
            "input_transformer": [],
            "kinesis_target": [],
            "redshift_target": [],
            "retry_policy": [],
            "role_arn": "arn:aws:iam::710440188130:role/eventRule-discord-diffusion-prod",
            "rule": "eventRule-discord-diffusion-prod",
            "run_command_targets": [],
            "sqs_target": [],
            "target_id": "TriggerStepCWMetric"
          },
          "sensitive_attributes": [],
          "private": "eyJzY2hlbWFfdmVyc2lvbiI6IjEifQ==",
          "dependencies": [
            "aws_lambda_layer_version.pynacl",
            "aws_lambda_layer_version.requests",
            "data.aws_caller_identity.current",
            "module.api_gw_lambda.aws_apigatewayv2_api.discord_gw",
            "module.api_gw_lambda.aws_cloudwatch_log_group.discord_api_to_lambda",
            "module.api_gw_lambda.aws_iam_policy.discord_api_lambda_logging",
            "module.api_gw_lambda.aws_iam_policy.lambda_send_sqs_message",
            "module.api_gw_lambda.aws_iam_role.discord_api_to_lambda",
            "module.api_gw_lambda.aws_iam_role_policy_attachment.discord_api_to_lambda",
            "module.api_gw_lambda.aws_iam_role_policy_attachment.discord_api_to_lambda_sqs",
            "module.api_gw_lambda.aws_lambda_function.discord_api_to_lambda",
            "module.api_gw_lambda.aws_lambda_permission.apigw",
            "module.api_gw_lambda.aws_sqs_queue.default_queue",
            "module.api_gw_lambda.data.archive_file.discord_api_to_lambda",
            "module.ecs_cluster.aws_ecs_cluster.discord",
            "module.ecs_cluster.aws_ecs_service.discord_diffusion",
            "module.ecs_cluster.aws_ecs_task_definition.ecs_task",
            "module.ecs_cluster.aws_iam_instance_profile.ecs_discord",
            "module.ecs_cluster.aws_iam_role.ecs_discord",
            "module.ecs_cluster.aws_iam_role.ecs_execution",
            "module.ecs_cluster.aws_iam_role.ecs_task_role",
            "module.ecs_cluster.aws_iam_role_policy_attachment.AWSLambdaSQSQueueExecutionRole",
            "module.ecs_cluster.aws_iam_role_policy_attachment.AWSLambdaSQSQueueExecutionRole_ECS",
            "module.ecs_cluster.aws_iam_role_policy_attachment.AmazonEC2ContainerServiceforEC2Role",
            "module.ecs_cluster.aws_iam_role_policy_attachment.AmazonECSTaskExecutionRolePolicy",
            "module.ecs_cluster.aws_launch_template.discord_diffusion",
            "module.ecs_cluster.aws_security_group.ecs_discord",
            "module.ecs_cluster.data.aws_iam_policy.AWSLambdaSQSQueueExecutionRole",
            "module.ecs_cluster.data.aws_iam_policy.AmazonEC2ContainerServiceforEC2Role",
            "module.ecs_cluster.data.aws_iam_policy.AmazonECSTaskExecutionRolePolicy",
            "module.ecs_cluster.data.aws_ssm_parameter.ecs_gpu_ami",
            "module.ecs_cluster.data.aws_subnets.public",
            "module.metrics_scaling.aws_cloudwatch_event_rule.discord_cw",
            "module.metrics_scaling.aws_cloudwatch_log_group.lamdba_cw_metric",
            "module.metrics_scaling.aws_iam_policy.describe_ecs_services",
            "module.metrics_scaling.aws_iam_role.event_rule",
            "module.metrics_scaling.aws_iam_role.lamdba_cw_metric",
            "module.metrics_scaling.aws_iam_role.step_function",
            "module.metrics_scaling.aws_iam_role_policy_attachment.AmazonSQSReadOnlyAccess",
            "module.metrics_scaling.aws_iam_role_policy_attachment.CloudWatchAgentServerPolicy",
            "module.metrics_scaling.aws_iam_role_policy_attachment.describe_ecs_services",
            "module.metrics_scaling.aws_lambda_function.lamdba_cw_metric",
            "module.metrics_scaling.aws_sfn_state_machine.sfn_state_machine",
            "module.metrics_scaling.data.archive_file.lamdba_cw_metric",
            "module.metrics_scaling.data.aws_iam_policy.AmazonSQSReadOnlyAccess",
            "module.metrics_scaling.data.aws_iam_policy.CloudWatchAgentServerPolicy"
          ]
        }
      ]
    },
    {
      "module": "module.metrics_scaling",
      "mode": "managed",
      "type": "aws_cloudwatch_log_group",
      "name": "lamdba_cw_metric",
      "provider": "provider[\"registry.terraform.io/hashicorp/aws\"]",
      "instances": [
        {
          "schema_version": 0,
          "attributes": {
            "arn": "arn:aws:logs:us-west-1:710440188130:log-group:/aws/lambda/lamdba-cw-metric-discord-diffusion-prod",
            "id": "/aws/lambda/lamdba-cw-metric-discord-diffusion-prod",
            "kms_key_id": "",
            "name": "/aws/lambda/lamdba-cw-metric-discord-diffusion-prod",
            "name_prefix": null,
            "retention_in_days": 14,
            "tags": {},
            "tags_all": {
              "Project": "discord-diffusion",
              "auto-delete": "no"
            }
          },
          "sensitive_attributes": [],
          "private": "bnVsbA==",
          "dependencies": [
            "aws_lambda_layer_version.pynacl",
            "aws_lambda_layer_version.requests",
            "data.aws_caller_identity.current",
            "module.api_gw_lambda.aws_apigatewayv2_api.discord_gw",
            "module.api_gw_lambda.aws_cloudwatch_log_group.discord_api_to_lambda",
            "module.api_gw_lambda.aws_iam_policy.discord_api_lambda_logging",
            "module.api_gw_lambda.aws_iam_policy.lambda_send_sqs_message",
            "module.api_gw_lambda.aws_iam_role.discord_api_to_lambda",
            "module.api_gw_lambda.aws_iam_role_policy_attachment.discord_api_to_lambda",
            "module.api_gw_lambda.aws_iam_role_policy_attachment.discord_api_to_lambda_sqs",
            "module.api_gw_lambda.aws_lambda_function.discord_api_to_lambda",
            "module.api_gw_lambda.aws_lambda_permission.apigw",
            "module.api_gw_lambda.aws_sqs_queue.default_queue",
            "module.api_gw_lambda.data.archive_file.discord_api_to_lambda",
            "module.ecs_cluster.aws_ecs_cluster.discord",
            "module.ecs_cluster.aws_ecs_service.discord_diffusion",
            "module.ecs_cluster.aws_ecs_task_definition.ecs_task",
            "module.ecs_cluster.aws_iam_instance_profile.ecs_discord",
            "module.ecs_cluster.aws_iam_role.ecs_discord",
            "module.ecs_cluster.aws_iam_role.ecs_execution",
            "module.ecs_cluster.aws_iam_role.ecs_task_role",
            "module.ecs_cluster.aws_iam_role_policy_attachment.AWSLambdaSQSQueueExecutionRole",
            "module.ecs_cluster.aws_iam_role_policy_attachment.AWSLambdaSQSQueueExecutionRole_ECS",
            "module.ecs_cluster.aws_iam_role_policy_attachment.AmazonEC2ContainerServiceforEC2Role",
            "module.ecs_cluster.aws_iam_role_policy_attachment.AmazonECSTaskExecutionRolePolicy",
            "module.ecs_cluster.aws_launch_template.discord_diffusion",
            "module.ecs_cluster.aws_security_group.ecs_discord",
            "module.ecs_cluster.data.aws_iam_policy.AWSLambdaSQSQueueExecutionRole",
            "module.ecs_cluster.data.aws_iam_policy.AmazonEC2ContainerServiceforEC2Role",
            "module.ecs_cluster.data.aws_iam_policy.AmazonECSTaskExecutionRolePolicy",
            "module.ecs_cluster.data.aws_ssm_parameter.ecs_gpu_ami",
            "module.ecs_cluster.data.aws_subnets.public"
          ]
        }
      ]
    },
    {
      "module": "module.metrics_scaling",
      "mode": "managed",
      "type": "aws_iam_policy",
      "name": "describe_ecs_services",
      "provider": "provider[\"registry.terraform.io/hashicorp/aws\"]",
      "instances": [
        {
          "schema_version": 0,
          "attributes": {
            "arn": "arn:aws:iam::710440188130:policy/describeECSServices-discord-diffusion-prod",
            "description": "Describe ECS Services",
            "id": "arn:aws:iam::710440188130:policy/describeECSServices-discord-diffusion-prod",
            "name": "describeECSServices-discord-diffusion-prod",
            "name_prefix": null,
            "path": "/",
            "policy": "{\"Statement\":[{\"Action\":\"ecs:DescribeServices\",\"Effect\":\"Allow\",\"Resource\":\"*\"}],\"Version\":\"2012-10-17\"}",
            "policy_id": "ANPA2K2MI7DRHFWJH7ACW",
            "tags": {},
            "tags_all": {
              "Project": "discord-diffusion",
              "auto-delete": "no"
            }
          },
          "sensitive_attributes": [],
          "private": "bnVsbA==",
          "dependencies": [
            "aws_lambda_layer_version.pynacl",
            "aws_lambda_layer_version.requests",
            "data.aws_caller_identity.current",
            "module.api_gw_lambda.aws_apigatewayv2_api.discord_gw",
            "module.api_gw_lambda.aws_cloudwatch_log_group.discord_api_to_lambda",
            "module.api_gw_lambda.aws_iam_policy.discord_api_lambda_logging",
            "module.api_gw_lambda.aws_iam_policy.lambda_send_sqs_message",
            "module.api_gw_lambda.aws_iam_role.discord_api_to_lambda",
            "module.api_gw_lambda.aws_iam_role_policy_attachment.discord_api_to_lambda",
            "module.api_gw_lambda.aws_iam_role_policy_attachment.discord_api_to_lambda_sqs",
            "module.api_gw_lambda.aws_lambda_function.discord_api_to_lambda",
            "module.api_gw_lambda.aws_lambda_permission.apigw",
            "module.api_gw_lambda.aws_sqs_queue.default_queue",
            "module.api_gw_lambda.data.archive_file.discord_api_to_lambda",
            "module.ecs_cluster.aws_ecs_cluster.discord",
            "module.ecs_cluster.aws_ecs_service.discord_diffusion",
            "module.ecs_cluster.aws_ecs_task_definition.ecs_task",
            "module.ecs_cluster.aws_iam_instance_profile.ecs_discord",
            "module.ecs_cluster.aws_iam_role.ecs_discord",
            "module.ecs_cluster.aws_iam_role.ecs_execution",
            "module.ecs_cluster.aws_iam_role.ecs_task_role",
            "module.ecs_cluster.aws_iam_role_policy_attachment.AWSLambdaSQSQueueExecutionRole",
            "module.ecs_cluster.aws_iam_role_policy_attachment.AWSLambdaSQSQueueExecutionRole_ECS",
            "module.ecs_cluster.aws_iam_role_policy_attachment.AmazonEC2ContainerServiceforEC2Role",
            "module.ecs_cluster.aws_iam_role_policy_attachment.AmazonECSTaskExecutionRolePolicy",
            "module.ecs_cluster.aws_launch_template.discord_diffusion",
            "module.ecs_cluster.aws_security_group.ecs_discord",
            "module.ecs_cluster.data.aws_iam_policy.AWSLambdaSQSQueueExecutionRole",
            "module.ecs_cluster.data.aws_iam_policy.AmazonEC2ContainerServiceforEC2Role",
            "module.ecs_cluster.data.aws_iam_policy.AmazonECSTaskExecutionRolePolicy",
            "module.ecs_cluster.data.aws_ssm_parameter.ecs_gpu_ami",
            "module.ecs_cluster.data.aws_subnets.public"
          ]
        }
      ]
    },
    {
      "module": "module.metrics_scaling",
      "mode": "managed",
      "type": "aws_iam_policy",
      "name": "event_rule",
      "provider": "provider[\"registry.terraform.io/hashicorp/aws\"]",
      "instances": [
        {
          "schema_version": 0,
          "attributes": {
            "arn": "arn:aws:iam::710440188130:policy/eventRule-discord-diffusion-prod",
            "description": "IAM policy for triggering step function",
            "id": "arn:aws:iam::710440188130:policy/eventRule-discord-diffusion-prod",
            "name": "eventRule-discord-diffusion-prod",
            "name_prefix": null,
            "path": "/",
            "policy": "{\"Statement\":[{\"Action\":[\"states:StartExecution\"],\"Effect\":\"Allow\",\"Resource\":[\"arn:aws:states:us-west-1:710440188130:stateMachine:discord-diffusion-prod\"]}],\"Version\":\"2012-10-17\"}",
            "policy_id": "ANPA2K2MI7DRIBL4G7BZR",
            "tags": {},
            "tags_all": {
              "Project": "discord-diffusion",
              "auto-delete": "no"
            }
          },
          "sensitive_attributes": [],
          "private": "bnVsbA==",
          "dependencies": [
            "aws_lambda_layer_version.pynacl",
            "aws_lambda_layer_version.requests",
            "data.aws_caller_identity.current",
            "module.api_gw_lambda.aws_apigatewayv2_api.discord_gw",
            "module.api_gw_lambda.aws_cloudwatch_log_group.discord_api_to_lambda",
            "module.api_gw_lambda.aws_iam_policy.discord_api_lambda_logging",
            "module.api_gw_lambda.aws_iam_policy.lambda_send_sqs_message",
            "module.api_gw_lambda.aws_iam_role.discord_api_to_lambda",
            "module.api_gw_lambda.aws_iam_role_policy_attachment.discord_api_to_lambda",
            "module.api_gw_lambda.aws_iam_role_policy_attachment.discord_api_to_lambda_sqs",
            "module.api_gw_lambda.aws_lambda_function.discord_api_to_lambda",
            "module.api_gw_lambda.aws_lambda_permission.apigw",
            "module.api_gw_lambda.aws_sqs_queue.default_queue",
            "module.api_gw_lambda.data.archive_file.discord_api_to_lambda",
            "module.ecs_cluster.aws_ecs_cluster.discord",
            "module.ecs_cluster.aws_ecs_service.discord_diffusion",
            "module.ecs_cluster.aws_ecs_task_definition.ecs_task",
            "module.ecs_cluster.aws_iam_instance_profile.ecs_discord",
            "module.ecs_cluster.aws_iam_role.ecs_discord",
            "module.ecs_cluster.aws_iam_role.ecs_execution",
            "module.ecs_cluster.aws_iam_role.ecs_task_role",
            "module.ecs_cluster.aws_iam_role_policy_attachment.AWSLambdaSQSQueueExecutionRole",
            "module.ecs_cluster.aws_iam_role_policy_attachment.AWSLambdaSQSQueueExecutionRole_ECS",
            "module.ecs_cluster.aws_iam_role_policy_attachment.AmazonEC2ContainerServiceforEC2Role",
            "module.ecs_cluster.aws_iam_role_policy_attachment.AmazonECSTaskExecutionRolePolicy",
            "module.ecs_cluster.aws_launch_template.discord_diffusion",
            "module.ecs_cluster.aws_security_group.ecs_discord",
            "module.ecs_cluster.data.aws_iam_policy.AWSLambdaSQSQueueExecutionRole",
            "module.ecs_cluster.data.aws_iam_policy.AmazonEC2ContainerServiceforEC2Role",
            "module.ecs_cluster.data.aws_iam_policy.AmazonECSTaskExecutionRolePolicy",
            "module.ecs_cluster.data.aws_ssm_parameter.ecs_gpu_ami",
            "module.ecs_cluster.data.aws_subnets.public",
            "module.metrics_scaling.aws_cloudwatch_log_group.lamdba_cw_metric",
            "module.metrics_scaling.aws_iam_policy.describe_ecs_services",
            "module.metrics_scaling.aws_iam_role.lamdba_cw_metric",
            "module.metrics_scaling.aws_iam_role.step_function",
            "module.metrics_scaling.aws_iam_role_policy_attachment.AmazonSQSReadOnlyAccess",
            "module.metrics_scaling.aws_iam_role_policy_attachment.CloudWatchAgentServerPolicy",
            "module.metrics_scaling.aws_iam_role_policy_attachment.describe_ecs_services",
            "module.metrics_scaling.aws_lambda_function.lamdba_cw_metric",
            "module.metrics_scaling.aws_sfn_state_machine.sfn_state_machine",
            "module.metrics_scaling.data.archive_file.lamdba_cw_metric",
            "module.metrics_scaling.data.aws_iam_policy.AmazonSQSReadOnlyAccess",
            "module.metrics_scaling.data.aws_iam_policy.CloudWatchAgentServerPolicy"
          ]
        }
      ]
    },
    {
      "module": "module.metrics_scaling",
      "mode": "managed",
      "type": "aws_iam_policy",
      "name": "lambda_cw_metric_lambda_logging",
      "provider": "provider[\"registry.terraform.io/hashicorp/aws\"]",
      "instances": [
        {
          "schema_version": 0,
          "attributes": {
            "arn": "arn:aws:iam::710440188130:policy/lambda-cw-metric-logging-discord-diffusion-prod",
            "description": "IAM policy for logging from a lambda",
            "id": "arn:aws:iam::710440188130:policy/lambda-cw-metric-logging-discord-diffusion-prod",
            "name": "lambda-cw-metric-logging-discord-diffusion-prod",
            "name_prefix": null,
            "path": "/",
            "policy": "{\"Statement\":[{\"Action\":\"logs:CreateLogGroup\",\"Effect\":\"Allow\",\"Resource\":\"arn:aws:logs:us-west-1:710440188130:*\"},{\"Action\":[\"logs:CreateLogStream\",\"logs:PutLogEvents\"],\"Effect\":\"Allow\",\"Resource\":\"arn:aws:logs:us-west-1:710440188130:log-group:/aws/lambda/lamdba-cw-metric-discord-diffusion-prod:*\"}],\"Version\":\"2012-10-17\"}",
            "policy_id": "ANPA2K2MI7DRJYD72HSDP",
            "tags": {},
            "tags_all": {
              "Project": "discord-diffusion",
              "auto-delete": "no"
            }
          },
          "sensitive_attributes": [],
          "private": "bnVsbA==",
          "dependencies": [
            "aws_lambda_layer_version.pynacl",
            "aws_lambda_layer_version.requests",
            "data.aws_caller_identity.current",
            "module.api_gw_lambda.aws_apigatewayv2_api.discord_gw",
            "module.api_gw_lambda.aws_cloudwatch_log_group.discord_api_to_lambda",
            "module.api_gw_lambda.aws_iam_policy.discord_api_lambda_logging",
            "module.api_gw_lambda.aws_iam_policy.lambda_send_sqs_message",
            "module.api_gw_lambda.aws_iam_role.discord_api_to_lambda",
            "module.api_gw_lambda.aws_iam_role_policy_attachment.discord_api_to_lambda",
            "module.api_gw_lambda.aws_iam_role_policy_attachment.discord_api_to_lambda_sqs",
            "module.api_gw_lambda.aws_lambda_function.discord_api_to_lambda",
            "module.api_gw_lambda.aws_lambda_permission.apigw",
            "module.api_gw_lambda.aws_sqs_queue.default_queue",
            "module.api_gw_lambda.data.archive_file.discord_api_to_lambda",
            "module.ecs_cluster.aws_ecs_cluster.discord",
            "module.ecs_cluster.aws_ecs_service.discord_diffusion",
            "module.ecs_cluster.aws_ecs_task_definition.ecs_task",
            "module.ecs_cluster.aws_iam_instance_profile.ecs_discord",
            "module.ecs_cluster.aws_iam_role.ecs_discord",
            "module.ecs_cluster.aws_iam_role.ecs_execution",
            "module.ecs_cluster.aws_iam_role.ecs_task_role",
            "module.ecs_cluster.aws_iam_role_policy_attachment.AWSLambdaSQSQueueExecutionRole",
            "module.ecs_cluster.aws_iam_role_policy_attachment.AWSLambdaSQSQueueExecutionRole_ECS",
            "module.ecs_cluster.aws_iam_role_policy_attachment.AmazonEC2ContainerServiceforEC2Role",
            "module.ecs_cluster.aws_iam_role_policy_attachment.AmazonECSTaskExecutionRolePolicy",
            "module.ecs_cluster.aws_launch_template.discord_diffusion",
            "module.ecs_cluster.aws_security_group.ecs_discord",
            "module.ecs_cluster.data.aws_iam_policy.AWSLambdaSQSQueueExecutionRole",
            "module.ecs_cluster.data.aws_iam_policy.AmazonEC2ContainerServiceforEC2Role",
            "module.ecs_cluster.data.aws_iam_policy.AmazonECSTaskExecutionRolePolicy",
            "module.ecs_cluster.data.aws_ssm_parameter.ecs_gpu_ami",
            "module.ecs_cluster.data.aws_subnets.public"
          ]
        }
      ]
    },
    {
      "module": "module.metrics_scaling",
      "mode": "managed",
      "type": "aws_iam_policy",
      "name": "step_lambda",
      "provider": "provider[\"registry.terraform.io/hashicorp/aws\"]",
      "instances": [
        {
          "schema_version": 0,
          "attributes": {
            "arn": "arn:aws:iam::710440188130:policy/stepLambda-discord-diffusion-prod",
            "description": "IAM policy for running lambda for step function",
            "id": "arn:aws:iam::710440188130:policy/stepLambda-discord-diffusion-prod",
            "name": "stepLambda-discord-diffusion-prod",
            "name_prefix": null,
            "path": "/",
            "policy": "{\"Statement\":[{\"Action\":[\"lambda:InvokeFunction\"],\"Effect\":\"Allow\",\"Resource\":[\"arn:aws:lambda:us-west-1:710440188130:function:lambda-cw-metric-discord-diffusion-prod\"]}],\"Version\":\"2012-10-17\"}",
            "policy_id": "ANPA2K2MI7DROWR7QVZKG",
            "tags": {},
            "tags_all": {
              "Project": "discord-diffusion",
              "auto-delete": "no"
            }
          },
          "sensitive_attributes": [],
          "private": "bnVsbA==",
          "dependencies": [
            "aws_lambda_layer_version.pynacl",
            "aws_lambda_layer_version.requests",
            "data.aws_caller_identity.current",
            "module.api_gw_lambda.aws_apigatewayv2_api.discord_gw",
            "module.api_gw_lambda.aws_cloudwatch_log_group.discord_api_to_lambda",
            "module.api_gw_lambda.aws_iam_policy.discord_api_lambda_logging",
            "module.api_gw_lambda.aws_iam_policy.lambda_send_sqs_message",
            "module.api_gw_lambda.aws_iam_role.discord_api_to_lambda",
            "module.api_gw_lambda.aws_iam_role_policy_attachment.discord_api_to_lambda",
            "module.api_gw_lambda.aws_iam_role_policy_attachment.discord_api_to_lambda_sqs",
            "module.api_gw_lambda.aws_lambda_function.discord_api_to_lambda",
            "module.api_gw_lambda.aws_lambda_permission.apigw",
            "module.api_gw_lambda.aws_sqs_queue.default_queue",
            "module.api_gw_lambda.data.archive_file.discord_api_to_lambda",
            "module.ecs_cluster.aws_ecs_cluster.discord",
            "module.ecs_cluster.aws_ecs_service.discord_diffusion",
            "module.ecs_cluster.aws_ecs_task_definition.ecs_task",
            "module.ecs_cluster.aws_iam_instance_profile.ecs_discord",
            "module.ecs_cluster.aws_iam_role.ecs_discord",
            "module.ecs_cluster.aws_iam_role.ecs_execution",
            "module.ecs_cluster.aws_iam_role.ecs_task_role",
            "module.ecs_cluster.aws_iam_role_policy_attachment.AWSLambdaSQSQueueExecutionRole",
            "module.ecs_cluster.aws_iam_role_policy_attachment.AWSLambdaSQSQueueExecutionRole_ECS",
            "module.ecs_cluster.aws_iam_role_policy_attachment.AmazonEC2ContainerServiceforEC2Role",
            "module.ecs_cluster.aws_iam_role_policy_attachment.AmazonECSTaskExecutionRolePolicy",
            "module.ecs_cluster.aws_launch_template.discord_diffusion",
            "module.ecs_cluster.aws_security_group.ecs_discord",
            "module.ecs_cluster.data.aws_iam_policy.AWSLambdaSQSQueueExecutionRole",
            "module.ecs_cluster.data.aws_iam_policy.AmazonEC2ContainerServiceforEC2Role",
            "module.ecs_cluster.data.aws_iam_policy.AmazonECSTaskExecutionRolePolicy",
            "module.ecs_cluster.data.aws_ssm_parameter.ecs_gpu_ami",
            "module.ecs_cluster.data.aws_subnets.public",
            "module.metrics_scaling.aws_cloudwatch_log_group.lamdba_cw_metric",
            "module.metrics_scaling.aws_iam_policy.describe_ecs_services",
            "module.metrics_scaling.aws_iam_role.lamdba_cw_metric",
            "module.metrics_scaling.aws_iam_role_policy_attachment.AmazonSQSReadOnlyAccess",
            "module.metrics_scaling.aws_iam_role_policy_attachment.CloudWatchAgentServerPolicy",
            "module.metrics_scaling.aws_iam_role_policy_attachment.describe_ecs_services",
            "module.metrics_scaling.aws_lambda_function.lamdba_cw_metric",
            "module.metrics_scaling.data.archive_file.lamdba_cw_metric",
            "module.metrics_scaling.data.aws_iam_policy.AmazonSQSReadOnlyAccess",
            "module.metrics_scaling.data.aws_iam_policy.CloudWatchAgentServerPolicy"
          ]
        }
      ]
    },
    {
      "module": "module.metrics_scaling",
      "mode": "managed",
      "type": "aws_iam_policy",
      "name": "step_xray",
      "provider": "provider[\"registry.terraform.io/hashicorp/aws\"]",
      "instances": [
        {
          "schema_version": 0,
          "attributes": {
            "arn": "arn:aws:iam::710440188130:policy/xray-discord-diffusion-prod",
            "description": "IAM policy for logging via xray",
            "id": "arn:aws:iam::710440188130:policy/xray-discord-diffusion-prod",
            "name": "xray-discord-diffusion-prod",
            "name_prefix": null,
            "path": "/",
            "policy": "{\"Statement\":[{\"Action\":[\"xray:PutTraceSegments\",\"xray:PutTelemetryRecords\",\"xray:GetSamplingRules\",\"xray:GetSamplingTargets\"],\"Effect\":\"Allow\",\"Resource\":[\"*\"]}],\"Version\":\"2012-10-17\"}",
            "policy_id": "ANPA2K2MI7DRESO4DG2VE",
            "tags": {},
            "tags_all": {
              "Project": "discord-diffusion",
              "auto-delete": "no"
            }
          },
          "sensitive_attributes": [],
          "private": "bnVsbA==",
          "dependencies": [
            "aws_lambda_layer_version.pynacl",
            "aws_lambda_layer_version.requests",
            "data.aws_caller_identity.current",
            "module.api_gw_lambda.aws_apigatewayv2_api.discord_gw",
            "module.api_gw_lambda.aws_cloudwatch_log_group.discord_api_to_lambda",
            "module.api_gw_lambda.aws_iam_policy.discord_api_lambda_logging",
            "module.api_gw_lambda.aws_iam_policy.lambda_send_sqs_message",
            "module.api_gw_lambda.aws_iam_role.discord_api_to_lambda",
            "module.api_gw_lambda.aws_iam_role_policy_attachment.discord_api_to_lambda",
            "module.api_gw_lambda.aws_iam_role_policy_attachment.discord_api_to_lambda_sqs",
            "module.api_gw_lambda.aws_lambda_function.discord_api_to_lambda",
            "module.api_gw_lambda.aws_lambda_permission.apigw",
            "module.api_gw_lambda.aws_sqs_queue.default_queue",
            "module.api_gw_lambda.data.archive_file.discord_api_to_lambda",
            "module.ecs_cluster.aws_ecs_cluster.discord",
            "module.ecs_cluster.aws_ecs_service.discord_diffusion",
            "module.ecs_cluster.aws_ecs_task_definition.ecs_task",
            "module.ecs_cluster.aws_iam_instance_profile.ecs_discord",
            "module.ecs_cluster.aws_iam_role.ecs_discord",
            "module.ecs_cluster.aws_iam_role.ecs_execution",
            "module.ecs_cluster.aws_iam_role.ecs_task_role",
            "module.ecs_cluster.aws_iam_role_policy_attachment.AWSLambdaSQSQueueExecutionRole",
            "module.ecs_cluster.aws_iam_role_policy_attachment.AWSLambdaSQSQueueExecutionRole_ECS",
            "module.ecs_cluster.aws_iam_role_policy_attachment.AmazonEC2ContainerServiceforEC2Role",
            "module.ecs_cluster.aws_iam_role_policy_attachment.AmazonECSTaskExecutionRolePolicy",
            "module.ecs_cluster.aws_launch_template.discord_diffusion",
            "module.ecs_cluster.aws_security_group.ecs_discord",
            "module.ecs_cluster.data.aws_iam_policy.AWSLambdaSQSQueueExecutionRole",
            "module.ecs_cluster.data.aws_iam_policy.AmazonEC2ContainerServiceforEC2Role",
            "module.ecs_cluster.data.aws_iam_policy.AmazonECSTaskExecutionRolePolicy",
            "module.ecs_cluster.data.aws_ssm_parameter.ecs_gpu_ami",
            "module.ecs_cluster.data.aws_subnets.public"
          ]
        }
      ]
    },
    {
      "module": "module.metrics_scaling",
      "mode": "managed",
      "type": "aws_iam_role",
      "name": "event_rule",
      "provider": "provider[\"registry.terraform.io/hashicorp/aws\"]",
      "instances": [
        {
          "schema_version": 0,
          "attributes": {
            "arn": "arn:aws:iam::710440188130:role/eventRule-discord-diffusion-prod",
            "assume_role_policy": "{\"Statement\":[{\"Action\":\"sts:AssumeRole\",\"Effect\":\"Allow\",\"Principal\":{\"Service\":\"events.amazonaws.com\"}}],\"Version\":\"2012-10-17\"}",
            "create_date": "2022-10-14T02:08:14Z",
            "description": "",
            "force_detach_policies": false,
            "id": "eventRule-discord-diffusion-prod",
            "inline_policy": [],
            "managed_policy_arns": [
              "arn:aws:iam::710440188130:policy/eventRule-discord-diffusion-prod"
            ],
            "max_session_duration": 3600,
            "name": "eventRule-discord-diffusion-prod",
            "name_prefix": "",
            "path": "/",
            "permissions_boundary": null,
            "tags": {},
            "tags_all": {
              "Project": "discord-diffusion",
              "auto-delete": "no"
            },
            "unique_id": "AROA2K2MI7DRCIQRKYR6O"
          },
          "sensitive_attributes": [],
          "private": "bnVsbA==",
          "dependencies": [
            "aws_lambda_layer_version.pynacl",
            "aws_lambda_layer_version.requests",
            "data.aws_caller_identity.current",
            "module.api_gw_lambda.aws_apigatewayv2_api.discord_gw",
            "module.api_gw_lambda.aws_cloudwatch_log_group.discord_api_to_lambda",
            "module.api_gw_lambda.aws_iam_policy.discord_api_lambda_logging",
            "module.api_gw_lambda.aws_iam_policy.lambda_send_sqs_message",
            "module.api_gw_lambda.aws_iam_role.discord_api_to_lambda",
            "module.api_gw_lambda.aws_iam_role_policy_attachment.discord_api_to_lambda",
            "module.api_gw_lambda.aws_iam_role_policy_attachment.discord_api_to_lambda_sqs",
            "module.api_gw_lambda.aws_lambda_function.discord_api_to_lambda",
            "module.api_gw_lambda.aws_lambda_permission.apigw",
            "module.api_gw_lambda.aws_sqs_queue.default_queue",
            "module.api_gw_lambda.data.archive_file.discord_api_to_lambda",
            "module.ecs_cluster.aws_ecs_cluster.discord",
            "module.ecs_cluster.aws_ecs_service.discord_diffusion",
            "module.ecs_cluster.aws_ecs_task_definition.ecs_task",
            "module.ecs_cluster.aws_iam_instance_profile.ecs_discord",
            "module.ecs_cluster.aws_iam_role.ecs_discord",
            "module.ecs_cluster.aws_iam_role.ecs_execution",
            "module.ecs_cluster.aws_iam_role.ecs_task_role",
            "module.ecs_cluster.aws_iam_role_policy_attachment.AWSLambdaSQSQueueExecutionRole",
            "module.ecs_cluster.aws_iam_role_policy_attachment.AWSLambdaSQSQueueExecutionRole_ECS",
            "module.ecs_cluster.aws_iam_role_policy_attachment.AmazonEC2ContainerServiceforEC2Role",
            "module.ecs_cluster.aws_iam_role_policy_attachment.AmazonECSTaskExecutionRolePolicy",
            "module.ecs_cluster.aws_launch_template.discord_diffusion",
            "module.ecs_cluster.aws_security_group.ecs_discord",
            "module.ecs_cluster.data.aws_iam_policy.AWSLambdaSQSQueueExecutionRole",
            "module.ecs_cluster.data.aws_iam_policy.AmazonEC2ContainerServiceforEC2Role",
            "module.ecs_cluster.data.aws_iam_policy.AmazonECSTaskExecutionRolePolicy",
            "module.ecs_cluster.data.aws_ssm_parameter.ecs_gpu_ami",
            "module.ecs_cluster.data.aws_subnets.public"
          ]
        }
      ]
    },
    {
      "module": "module.metrics_scaling",
      "mode": "managed",
      "type": "aws_iam_role",
      "name": "lamdba_cw_metric",
      "provider": "provider[\"registry.terraform.io/hashicorp/aws\"]",
      "instances": [
        {
          "schema_version": 0,
          "attributes": {
            "arn": "arn:aws:iam::710440188130:role/lambda-cw-metric-discord-diffusion-prod",
            "assume_role_policy": "{\"Statement\":[{\"Action\":\"sts:AssumeRole\",\"Effect\":\"Allow\",\"Principal\":{\"Service\":\"lambda.amazonaws.com\"},\"Sid\":\"\"}],\"Version\":\"2012-10-17\"}",
            "create_date": "2022-10-14T01:39:17Z",
            "description": "",
            "force_detach_policies": false,
            "id": "lambda-cw-metric-discord-diffusion-prod",
            "inline_policy": [],
            "managed_policy_arns": [
              "arn:aws:iam::710440188130:policy/describeECSServices-discord-diffusion-prod",
              "arn:aws:iam::aws:policy/AmazonSQSReadOnlyAccess",
              "arn:aws:iam::aws:policy/CloudWatchAgentServerPolicy"
            ],
            "max_session_duration": 3600,
            "name": "lambda-cw-metric-discord-diffusion-prod",
            "name_prefix": "",
            "path": "/",
            "permissions_boundary": null,
            "tags": {},
            "tags_all": {
              "Project": "discord-diffusion",
              "auto-delete": "no"
            },
            "unique_id": "AROA2K2MI7DRAKKO27NRC"
          },
          "sensitive_attributes": [],
          "private": "bnVsbA==",
          "dependencies": [
            "aws_lambda_layer_version.pynacl",
            "aws_lambda_layer_version.requests",
            "data.aws_caller_identity.current",
            "module.api_gw_lambda.aws_apigatewayv2_api.discord_gw",
            "module.api_gw_lambda.aws_cloudwatch_log_group.discord_api_to_lambda",
            "module.api_gw_lambda.aws_iam_policy.discord_api_lambda_logging",
            "module.api_gw_lambda.aws_iam_policy.lambda_send_sqs_message",
            "module.api_gw_lambda.aws_iam_role.discord_api_to_lambda",
            "module.api_gw_lambda.aws_iam_role_policy_attachment.discord_api_to_lambda",
            "module.api_gw_lambda.aws_iam_role_policy_attachment.discord_api_to_lambda_sqs",
            "module.api_gw_lambda.aws_lambda_function.discord_api_to_lambda",
            "module.api_gw_lambda.aws_lambda_permission.apigw",
            "module.api_gw_lambda.aws_sqs_queue.default_queue",
            "module.api_gw_lambda.data.archive_file.discord_api_to_lambda",
            "module.ecs_cluster.aws_ecs_cluster.discord",
            "module.ecs_cluster.aws_ecs_service.discord_diffusion",
            "module.ecs_cluster.aws_ecs_task_definition.ecs_task",
            "module.ecs_cluster.aws_iam_instance_profile.ecs_discord",
            "module.ecs_cluster.aws_iam_role.ecs_discord",
            "module.ecs_cluster.aws_iam_role.ecs_execution",
            "module.ecs_cluster.aws_iam_role.ecs_task_role",
            "module.ecs_cluster.aws_iam_role_policy_attachment.AWSLambdaSQSQueueExecutionRole",
            "module.ecs_cluster.aws_iam_role_policy_attachment.AWSLambdaSQSQueueExecutionRole_ECS",
            "module.ecs_cluster.aws_iam_role_policy_attachment.AmazonEC2ContainerServiceforEC2Role",
            "module.ecs_cluster.aws_iam_role_policy_attachment.AmazonECSTaskExecutionRolePolicy",
            "module.ecs_cluster.aws_launch_template.discord_diffusion",
            "module.ecs_cluster.aws_security_group.ecs_discord",
            "module.ecs_cluster.data.aws_iam_policy.AWSLambdaSQSQueueExecutionRole",
            "module.ecs_cluster.data.aws_iam_policy.AmazonEC2ContainerServiceforEC2Role",
            "module.ecs_cluster.data.aws_iam_policy.AmazonECSTaskExecutionRolePolicy",
            "module.ecs_cluster.data.aws_ssm_parameter.ecs_gpu_ami",
            "module.ecs_cluster.data.aws_subnets.public"
          ]
        }
      ]
    },
    {
      "module": "module.metrics_scaling",
      "mode": "managed",
      "type": "aws_iam_role",
      "name": "step_function",
      "provider": "provider[\"registry.terraform.io/hashicorp/aws\"]",
      "instances": [
        {
          "schema_version": 0,
          "attributes": {
            "arn": "arn:aws:iam::710440188130:role/stepFunction-discord-diffusion-prod",
            "assume_role_policy": "{\"Statement\":[{\"Action\":\"sts:AssumeRole\",\"Effect\":\"Allow\",\"Principal\":{\"Service\":\"states.amazonaws.com\"}}],\"Version\":\"2012-10-17\"}",
            "create_date": "2022-10-14T01:39:17Z",
            "description": "",
            "force_detach_policies": false,
            "id": "stepFunction-discord-diffusion-prod",
            "inline_policy": [],
            "managed_policy_arns": [
              "arn:aws:iam::710440188130:policy/stepLambda-discord-diffusion-prod",
              "arn:aws:iam::710440188130:policy/xray-discord-diffusion-prod"
            ],
            "max_session_duration": 3600,
            "name": "stepFunction-discord-diffusion-prod",
            "name_prefix": "",
            "path": "/",
            "permissions_boundary": null,
            "tags": {},
            "tags_all": {
              "Project": "discord-diffusion",
              "auto-delete": "no"
            },
            "unique_id": "AROA2K2MI7DRMXMK637SB"
          },
          "sensitive_attributes": [],
          "private": "bnVsbA==",
          "dependencies": [
            "aws_lambda_layer_version.pynacl",
            "aws_lambda_layer_version.requests",
            "data.aws_caller_identity.current",
            "module.api_gw_lambda.aws_apigatewayv2_api.discord_gw",
            "module.api_gw_lambda.aws_cloudwatch_log_group.discord_api_to_lambda",
            "module.api_gw_lambda.aws_iam_policy.discord_api_lambda_logging",
            "module.api_gw_lambda.aws_iam_policy.lambda_send_sqs_message",
            "module.api_gw_lambda.aws_iam_role.discord_api_to_lambda",
            "module.api_gw_lambda.aws_iam_role_policy_attachment.discord_api_to_lambda",
            "module.api_gw_lambda.aws_iam_role_policy_attachment.discord_api_to_lambda_sqs",
            "module.api_gw_lambda.aws_lambda_function.discord_api_to_lambda",
            "module.api_gw_lambda.aws_lambda_permission.apigw",
            "module.api_gw_lambda.aws_sqs_queue.default_queue",
            "module.api_gw_lambda.data.archive_file.discord_api_to_lambda",
            "module.ecs_cluster.aws_ecs_cluster.discord",
            "module.ecs_cluster.aws_ecs_service.discord_diffusion",
            "module.ecs_cluster.aws_ecs_task_definition.ecs_task",
            "module.ecs_cluster.aws_iam_instance_profile.ecs_discord",
            "module.ecs_cluster.aws_iam_role.ecs_discord",
            "module.ecs_cluster.aws_iam_role.ecs_execution",
            "module.ecs_cluster.aws_iam_role.ecs_task_role",
            "module.ecs_cluster.aws_iam_role_policy_attachment.AWSLambdaSQSQueueExecutionRole",
            "module.ecs_cluster.aws_iam_role_policy_attachment.AWSLambdaSQSQueueExecutionRole_ECS",
            "module.ecs_cluster.aws_iam_role_policy_attachment.AmazonEC2ContainerServiceforEC2Role",
            "module.ecs_cluster.aws_iam_role_policy_attachment.AmazonECSTaskExecutionRolePolicy",
            "module.ecs_cluster.aws_launch_template.discord_diffusion",
            "module.ecs_cluster.aws_security_group.ecs_discord",
            "module.ecs_cluster.data.aws_iam_policy.AWSLambdaSQSQueueExecutionRole",
            "module.ecs_cluster.data.aws_iam_policy.AmazonEC2ContainerServiceforEC2Role",
            "module.ecs_cluster.data.aws_iam_policy.AmazonECSTaskExecutionRolePolicy",
            "module.ecs_cluster.data.aws_ssm_parameter.ecs_gpu_ami",
            "module.ecs_cluster.data.aws_subnets.public"
          ]
        }
      ]
    },
    {
      "module": "module.metrics_scaling",
      "mode": "managed",
      "type": "aws_iam_role_policy_attachment",
      "name": "AmazonSQSReadOnlyAccess",
      "provider": "provider[\"registry.terraform.io/hashicorp/aws\"]",
      "instances": [
        {
          "schema_version": 0,
          "attributes": {
            "id": "lambda-cw-metric-discord-diffusion-prod-2022101401391898210000000e",
            "policy_arn": "arn:aws:iam::aws:policy/AmazonSQSReadOnlyAccess",
            "role": "lambda-cw-metric-discord-diffusion-prod"
          },
          "sensitive_attributes": [],
          "private": "bnVsbA==",
          "dependencies": [
            "aws_lambda_layer_version.pynacl",
            "aws_lambda_layer_version.requests",
            "data.aws_caller_identity.current",
            "module.api_gw_lambda.aws_apigatewayv2_api.discord_gw",
            "module.api_gw_lambda.aws_cloudwatch_log_group.discord_api_to_lambda",
            "module.api_gw_lambda.aws_iam_policy.discord_api_lambda_logging",
            "module.api_gw_lambda.aws_iam_policy.lambda_send_sqs_message",
            "module.api_gw_lambda.aws_iam_role.discord_api_to_lambda",
            "module.api_gw_lambda.aws_iam_role_policy_attachment.discord_api_to_lambda",
            "module.api_gw_lambda.aws_iam_role_policy_attachment.discord_api_to_lambda_sqs",
            "module.api_gw_lambda.aws_lambda_function.discord_api_to_lambda",
            "module.api_gw_lambda.aws_lambda_permission.apigw",
            "module.api_gw_lambda.aws_sqs_queue.default_queue",
            "module.api_gw_lambda.data.archive_file.discord_api_to_lambda",
            "module.ecs_cluster.aws_ecs_cluster.discord",
            "module.ecs_cluster.aws_ecs_service.discord_diffusion",
            "module.ecs_cluster.aws_ecs_task_definition.ecs_task",
            "module.ecs_cluster.aws_iam_instance_profile.ecs_discord",
            "module.ecs_cluster.aws_iam_role.ecs_discord",
            "module.ecs_cluster.aws_iam_role.ecs_execution",
            "module.ecs_cluster.aws_iam_role.ecs_task_role",
            "module.ecs_cluster.aws_iam_role_policy_attachment.AWSLambdaSQSQueueExecutionRole",
            "module.ecs_cluster.aws_iam_role_policy_attachment.AWSLambdaSQSQueueExecutionRole_ECS",
            "module.ecs_cluster.aws_iam_role_policy_attachment.AmazonEC2ContainerServiceforEC2Role",
            "module.ecs_cluster.aws_iam_role_policy_attachment.AmazonECSTaskExecutionRolePolicy",
            "module.ecs_cluster.aws_launch_template.discord_diffusion",
            "module.ecs_cluster.aws_security_group.ecs_discord",
            "module.ecs_cluster.data.aws_iam_policy.AWSLambdaSQSQueueExecutionRole",
            "module.ecs_cluster.data.aws_iam_policy.AmazonEC2ContainerServiceforEC2Role",
            "module.ecs_cluster.data.aws_iam_policy.AmazonECSTaskExecutionRolePolicy",
            "module.ecs_cluster.data.aws_ssm_parameter.ecs_gpu_ami",
            "module.ecs_cluster.data.aws_subnets.public",
            "module.metrics_scaling.aws_iam_role.lamdba_cw_metric",
            "module.metrics_scaling.data.aws_iam_policy.AmazonSQSReadOnlyAccess"
          ]
        }
      ]
    },
    {
      "module": "module.metrics_scaling",
      "mode": "managed",
      "type": "aws_iam_role_policy_attachment",
      "name": "CloudWatchAgentServerPolicy",
      "provider": "provider[\"registry.terraform.io/hashicorp/aws\"]",
      "instances": [
        {
          "schema_version": 0,
          "attributes": {
            "id": "lambda-cw-metric-discord-diffusion-prod-2022101401391898210000000d",
            "policy_arn": "arn:aws:iam::aws:policy/CloudWatchAgentServerPolicy",
            "role": "lambda-cw-metric-discord-diffusion-prod"
          },
          "sensitive_attributes": [],
          "private": "bnVsbA==",
          "dependencies": [
            "aws_lambda_layer_version.pynacl",
            "aws_lambda_layer_version.requests",
            "data.aws_caller_identity.current",
            "module.api_gw_lambda.aws_apigatewayv2_api.discord_gw",
            "module.api_gw_lambda.aws_cloudwatch_log_group.discord_api_to_lambda",
            "module.api_gw_lambda.aws_iam_policy.discord_api_lambda_logging",
            "module.api_gw_lambda.aws_iam_policy.lambda_send_sqs_message",
            "module.api_gw_lambda.aws_iam_role.discord_api_to_lambda",
            "module.api_gw_lambda.aws_iam_role_policy_attachment.discord_api_to_lambda",
            "module.api_gw_lambda.aws_iam_role_policy_attachment.discord_api_to_lambda_sqs",
            "module.api_gw_lambda.aws_lambda_function.discord_api_to_lambda",
            "module.api_gw_lambda.aws_lambda_permission.apigw",
            "module.api_gw_lambda.aws_sqs_queue.default_queue",
            "module.api_gw_lambda.data.archive_file.discord_api_to_lambda",
            "module.ecs_cluster.aws_ecs_cluster.discord",
            "module.ecs_cluster.aws_ecs_service.discord_diffusion",
            "module.ecs_cluster.aws_ecs_task_definition.ecs_task",
            "module.ecs_cluster.aws_iam_instance_profile.ecs_discord",
            "module.ecs_cluster.aws_iam_role.ecs_discord",
            "module.ecs_cluster.aws_iam_role.ecs_execution",
            "module.ecs_cluster.aws_iam_role.ecs_task_role",
            "module.ecs_cluster.aws_iam_role_policy_attachment.AWSLambdaSQSQueueExecutionRole",
            "module.ecs_cluster.aws_iam_role_policy_attachment.AWSLambdaSQSQueueExecutionRole_ECS",
            "module.ecs_cluster.aws_iam_role_policy_attachment.AmazonEC2ContainerServiceforEC2Role",
            "module.ecs_cluster.aws_iam_role_policy_attachment.AmazonECSTaskExecutionRolePolicy",
            "module.ecs_cluster.aws_launch_template.discord_diffusion",
            "module.ecs_cluster.aws_security_group.ecs_discord",
            "module.ecs_cluster.data.aws_iam_policy.AWSLambdaSQSQueueExecutionRole",
            "module.ecs_cluster.data.aws_iam_policy.AmazonEC2ContainerServiceforEC2Role",
            "module.ecs_cluster.data.aws_iam_policy.AmazonECSTaskExecutionRolePolicy",
            "module.ecs_cluster.data.aws_ssm_parameter.ecs_gpu_ami",
            "module.ecs_cluster.data.aws_subnets.public",
            "module.metrics_scaling.aws_iam_role.lamdba_cw_metric",
            "module.metrics_scaling.data.aws_iam_policy.CloudWatchAgentServerPolicy"
          ]
        }
      ]
    },
    {
      "module": "module.metrics_scaling",
      "mode": "managed",
      "type": "aws_iam_role_policy_attachment",
      "name": "describe_ecs_services",
      "provider": "provider[\"registry.terraform.io/hashicorp/aws\"]",
      "instances": [
        {
          "schema_version": 0,
          "attributes": {
            "id": "lambda-cw-metric-discord-diffusion-prod-2022101401391898220000000f",
            "policy_arn": "arn:aws:iam::710440188130:policy/describeECSServices-discord-diffusion-prod",
            "role": "lambda-cw-metric-discord-diffusion-prod"
          },
          "sensitive_attributes": [],
          "private": "bnVsbA==",
          "dependencies": [
            "aws_lambda_layer_version.pynacl",
            "aws_lambda_layer_version.requests",
            "data.aws_caller_identity.current",
            "module.api_gw_lambda.aws_apigatewayv2_api.discord_gw",
            "module.api_gw_lambda.aws_cloudwatch_log_group.discord_api_to_lambda",
            "module.api_gw_lambda.aws_iam_policy.discord_api_lambda_logging",
            "module.api_gw_lambda.aws_iam_policy.lambda_send_sqs_message",
            "module.api_gw_lambda.aws_iam_role.discord_api_to_lambda",
            "module.api_gw_lambda.aws_iam_role_policy_attachment.discord_api_to_lambda",
            "module.api_gw_lambda.aws_iam_role_policy_attachment.discord_api_to_lambda_sqs",
            "module.api_gw_lambda.aws_lambda_function.discord_api_to_lambda",
            "module.api_gw_lambda.aws_lambda_permission.apigw",
            "module.api_gw_lambda.aws_sqs_queue.default_queue",
            "module.api_gw_lambda.data.archive_file.discord_api_to_lambda",
            "module.ecs_cluster.aws_ecs_cluster.discord",
            "module.ecs_cluster.aws_ecs_service.discord_diffusion",
            "module.ecs_cluster.aws_ecs_task_definition.ecs_task",
            "module.ecs_cluster.aws_iam_instance_profile.ecs_discord",
            "module.ecs_cluster.aws_iam_role.ecs_discord",
            "module.ecs_cluster.aws_iam_role.ecs_execution",
            "module.ecs_cluster.aws_iam_role.ecs_task_role",
            "module.ecs_cluster.aws_iam_role_policy_attachment.AWSLambdaSQSQueueExecutionRole",
            "module.ecs_cluster.aws_iam_role_policy_attachment.AWSLambdaSQSQueueExecutionRole_ECS",
            "module.ecs_cluster.aws_iam_role_policy_attachment.AmazonEC2ContainerServiceforEC2Role",
            "module.ecs_cluster.aws_iam_role_policy_attachment.AmazonECSTaskExecutionRolePolicy",
            "module.ecs_cluster.aws_launch_template.discord_diffusion",
            "module.ecs_cluster.aws_security_group.ecs_discord",
            "module.ecs_cluster.data.aws_iam_policy.AWSLambdaSQSQueueExecutionRole",
            "module.ecs_cluster.data.aws_iam_policy.AmazonEC2ContainerServiceforEC2Role",
            "module.ecs_cluster.data.aws_iam_policy.AmazonECSTaskExecutionRolePolicy",
            "module.ecs_cluster.data.aws_ssm_parameter.ecs_gpu_ami",
            "module.ecs_cluster.data.aws_subnets.public",
            "module.metrics_scaling.aws_iam_policy.describe_ecs_services",
            "module.metrics_scaling.aws_iam_role.lamdba_cw_metric"
          ]
        }
      ]
    },
    {
      "module": "module.metrics_scaling",
      "mode": "managed",
      "type": "aws_iam_role_policy_attachment",
      "name": "event_rule",
      "provider": "provider[\"registry.terraform.io/hashicorp/aws\"]",
      "instances": [
        {
          "schema_version": 0,
          "attributes": {
            "id": "eventRule-discord-diffusion-prod-20221014020815253100000001",
            "policy_arn": "arn:aws:iam::710440188130:policy/eventRule-discord-diffusion-prod",
            "role": "eventRule-discord-diffusion-prod"
          },
          "sensitive_attributes": [],
          "private": "bnVsbA==",
          "dependencies": [
            "aws_lambda_layer_version.pynacl",
            "aws_lambda_layer_version.requests",
            "data.aws_caller_identity.current",
            "module.api_gw_lambda.aws_apigatewayv2_api.discord_gw",
            "module.api_gw_lambda.aws_cloudwatch_log_group.discord_api_to_lambda",
            "module.api_gw_lambda.aws_iam_policy.discord_api_lambda_logging",
            "module.api_gw_lambda.aws_iam_policy.lambda_send_sqs_message",
            "module.api_gw_lambda.aws_iam_role.discord_api_to_lambda",
            "module.api_gw_lambda.aws_iam_role_policy_attachment.discord_api_to_lambda",
            "module.api_gw_lambda.aws_iam_role_policy_attachment.discord_api_to_lambda_sqs",
            "module.api_gw_lambda.aws_lambda_function.discord_api_to_lambda",
            "module.api_gw_lambda.aws_lambda_permission.apigw",
            "module.api_gw_lambda.aws_sqs_queue.default_queue",
            "module.api_gw_lambda.data.archive_file.discord_api_to_lambda",
            "module.ecs_cluster.aws_ecs_cluster.discord",
            "module.ecs_cluster.aws_ecs_service.discord_diffusion",
            "module.ecs_cluster.aws_ecs_task_definition.ecs_task",
            "module.ecs_cluster.aws_iam_instance_profile.ecs_discord",
            "module.ecs_cluster.aws_iam_role.ecs_discord",
            "module.ecs_cluster.aws_iam_role.ecs_execution",
            "module.ecs_cluster.aws_iam_role.ecs_task_role",
            "module.ecs_cluster.aws_iam_role_policy_attachment.AWSLambdaSQSQueueExecutionRole",
            "module.ecs_cluster.aws_iam_role_policy_attachment.AWSLambdaSQSQueueExecutionRole_ECS",
            "module.ecs_cluster.aws_iam_role_policy_attachment.AmazonEC2ContainerServiceforEC2Role",
            "module.ecs_cluster.aws_iam_role_policy_attachment.AmazonECSTaskExecutionRolePolicy",
            "module.ecs_cluster.aws_launch_template.discord_diffusion",
            "module.ecs_cluster.aws_security_group.ecs_discord",
            "module.ecs_cluster.data.aws_iam_policy.AWSLambdaSQSQueueExecutionRole",
            "module.ecs_cluster.data.aws_iam_policy.AmazonEC2ContainerServiceforEC2Role",
            "module.ecs_cluster.data.aws_iam_policy.AmazonECSTaskExecutionRolePolicy",
            "module.ecs_cluster.data.aws_ssm_parameter.ecs_gpu_ami",
            "module.ecs_cluster.data.aws_subnets.public",
            "module.metrics_scaling.aws_cloudwatch_log_group.lamdba_cw_metric",
            "module.metrics_scaling.aws_iam_policy.describe_ecs_services",
            "module.metrics_scaling.aws_iam_policy.event_rule",
            "module.metrics_scaling.aws_iam_role.event_rule",
            "module.metrics_scaling.aws_iam_role.lamdba_cw_metric",
            "module.metrics_scaling.aws_iam_role.step_function",
            "module.metrics_scaling.aws_iam_role_policy_attachment.AmazonSQSReadOnlyAccess",
            "module.metrics_scaling.aws_iam_role_policy_attachment.CloudWatchAgentServerPolicy",
            "module.metrics_scaling.aws_iam_role_policy_attachment.describe_ecs_services",
            "module.metrics_scaling.aws_lambda_function.lamdba_cw_metric",
            "module.metrics_scaling.aws_sfn_state_machine.sfn_state_machine",
            "module.metrics_scaling.data.archive_file.lamdba_cw_metric",
            "module.metrics_scaling.data.aws_iam_policy.AmazonSQSReadOnlyAccess",
            "module.metrics_scaling.data.aws_iam_policy.CloudWatchAgentServerPolicy"
          ]
        }
      ]
    },
    {
      "module": "module.metrics_scaling",
      "mode": "managed",
      "type": "aws_iam_role_policy_attachment",
      "name": "step_lambda",
      "provider": "provider[\"registry.terraform.io/hashicorp/aws\"]",
      "instances": [
        {
          "schema_version": 0,
          "attributes": {
            "id": "stepFunction-discord-diffusion-prod-20221014013941344700000010",
            "policy_arn": "arn:aws:iam::710440188130:policy/stepLambda-discord-diffusion-prod",
            "role": "stepFunction-discord-diffusion-prod"
          },
          "sensitive_attributes": [],
          "private": "bnVsbA==",
          "dependencies": [
            "aws_lambda_layer_version.pynacl",
            "aws_lambda_layer_version.requests",
            "data.aws_caller_identity.current",
            "module.api_gw_lambda.aws_apigatewayv2_api.discord_gw",
            "module.api_gw_lambda.aws_cloudwatch_log_group.discord_api_to_lambda",
            "module.api_gw_lambda.aws_iam_policy.discord_api_lambda_logging",
            "module.api_gw_lambda.aws_iam_policy.lambda_send_sqs_message",
            "module.api_gw_lambda.aws_iam_role.discord_api_to_lambda",
            "module.api_gw_lambda.aws_iam_role_policy_attachment.discord_api_to_lambda",
            "module.api_gw_lambda.aws_iam_role_policy_attachment.discord_api_to_lambda_sqs",
            "module.api_gw_lambda.aws_lambda_function.discord_api_to_lambda",
            "module.api_gw_lambda.aws_lambda_permission.apigw",
            "module.api_gw_lambda.aws_sqs_queue.default_queue",
            "module.api_gw_lambda.data.archive_file.discord_api_to_lambda",
            "module.ecs_cluster.aws_ecs_cluster.discord",
            "module.ecs_cluster.aws_ecs_service.discord_diffusion",
            "module.ecs_cluster.aws_ecs_task_definition.ecs_task",
            "module.ecs_cluster.aws_iam_instance_profile.ecs_discord",
            "module.ecs_cluster.aws_iam_role.ecs_discord",
            "module.ecs_cluster.aws_iam_role.ecs_execution",
            "module.ecs_cluster.aws_iam_role.ecs_task_role",
            "module.ecs_cluster.aws_iam_role_policy_attachment.AWSLambdaSQSQueueExecutionRole",
            "module.ecs_cluster.aws_iam_role_policy_attachment.AWSLambdaSQSQueueExecutionRole_ECS",
            "module.ecs_cluster.aws_iam_role_policy_attachment.AmazonEC2ContainerServiceforEC2Role",
            "module.ecs_cluster.aws_iam_role_policy_attachment.AmazonECSTaskExecutionRolePolicy",
            "module.ecs_cluster.aws_launch_template.discord_diffusion",
            "module.ecs_cluster.aws_security_group.ecs_discord",
            "module.ecs_cluster.data.aws_iam_policy.AWSLambdaSQSQueueExecutionRole",
            "module.ecs_cluster.data.aws_iam_policy.AmazonEC2ContainerServiceforEC2Role",
            "module.ecs_cluster.data.aws_iam_policy.AmazonECSTaskExecutionRolePolicy",
            "module.ecs_cluster.data.aws_ssm_parameter.ecs_gpu_ami",
            "module.ecs_cluster.data.aws_subnets.public",
            "module.metrics_scaling.aws_cloudwatch_log_group.lamdba_cw_metric",
            "module.metrics_scaling.aws_iam_policy.describe_ecs_services",
            "module.metrics_scaling.aws_iam_policy.step_lambda",
            "module.metrics_scaling.aws_iam_role.lamdba_cw_metric",
            "module.metrics_scaling.aws_iam_role.step_function",
            "module.metrics_scaling.aws_iam_role_policy_attachment.AmazonSQSReadOnlyAccess",
            "module.metrics_scaling.aws_iam_role_policy_attachment.CloudWatchAgentServerPolicy",
            "module.metrics_scaling.aws_iam_role_policy_attachment.describe_ecs_services",
            "module.metrics_scaling.aws_lambda_function.lamdba_cw_metric",
            "module.metrics_scaling.data.archive_file.lamdba_cw_metric",
            "module.metrics_scaling.data.aws_iam_policy.AmazonSQSReadOnlyAccess",
            "module.metrics_scaling.data.aws_iam_policy.CloudWatchAgentServerPolicy"
          ]
        }
      ]
    },
    {
      "module": "module.metrics_scaling",
      "mode": "managed",
      "type": "aws_iam_role_policy_attachment",
      "name": "step_xray",
      "provider": "provider[\"registry.terraform.io/hashicorp/aws\"]",
      "instances": [
        {
          "schema_version": 0,
          "attributes": {
            "id": "stepFunction-discord-diffusion-prod-2022101401391862000000000c",
            "policy_arn": "arn:aws:iam::710440188130:policy/xray-discord-diffusion-prod",
            "role": "stepFunction-discord-diffusion-prod"
          },
          "sensitive_attributes": [],
          "private": "bnVsbA==",
          "dependencies": [
            "aws_lambda_layer_version.pynacl",
            "aws_lambda_layer_version.requests",
            "data.aws_caller_identity.current",
            "module.api_gw_lambda.aws_apigatewayv2_api.discord_gw",
            "module.api_gw_lambda.aws_cloudwatch_log_group.discord_api_to_lambda",
            "module.api_gw_lambda.aws_iam_policy.discord_api_lambda_logging",
            "module.api_gw_lambda.aws_iam_policy.lambda_send_sqs_message",
            "module.api_gw_lambda.aws_iam_role.discord_api_to_lambda",
            "module.api_gw_lambda.aws_iam_role_policy_attachment.discord_api_to_lambda",
            "module.api_gw_lambda.aws_iam_role_policy_attachment.discord_api_to_lambda_sqs",
            "module.api_gw_lambda.aws_lambda_function.discord_api_to_lambda",
            "module.api_gw_lambda.aws_lambda_permission.apigw",
            "module.api_gw_lambda.aws_sqs_queue.default_queue",
            "module.api_gw_lambda.data.archive_file.discord_api_to_lambda",
            "module.ecs_cluster.aws_ecs_cluster.discord",
            "module.ecs_cluster.aws_ecs_service.discord_diffusion",
            "module.ecs_cluster.aws_ecs_task_definition.ecs_task",
            "module.ecs_cluster.aws_iam_instance_profile.ecs_discord",
            "module.ecs_cluster.aws_iam_role.ecs_discord",
            "module.ecs_cluster.aws_iam_role.ecs_execution",
            "module.ecs_cluster.aws_iam_role.ecs_task_role",
            "module.ecs_cluster.aws_iam_role_policy_attachment.AWSLambdaSQSQueueExecutionRole",
            "module.ecs_cluster.aws_iam_role_policy_attachment.AWSLambdaSQSQueueExecutionRole_ECS",
            "module.ecs_cluster.aws_iam_role_policy_attachment.AmazonEC2ContainerServiceforEC2Role",
            "module.ecs_cluster.aws_iam_role_policy_attachment.AmazonECSTaskExecutionRolePolicy",
            "module.ecs_cluster.aws_launch_template.discord_diffusion",
            "module.ecs_cluster.aws_security_group.ecs_discord",
            "module.ecs_cluster.data.aws_iam_policy.AWSLambdaSQSQueueExecutionRole",
            "module.ecs_cluster.data.aws_iam_policy.AmazonEC2ContainerServiceforEC2Role",
            "module.ecs_cluster.data.aws_iam_policy.AmazonECSTaskExecutionRolePolicy",
            "module.ecs_cluster.data.aws_ssm_parameter.ecs_gpu_ami",
            "module.ecs_cluster.data.aws_subnets.public",
            "module.metrics_scaling.aws_iam_policy.step_xray",
            "module.metrics_scaling.aws_iam_role.step_function"
          ]
        }
      ]
    },
    {
      "module": "module.metrics_scaling",
      "mode": "managed",
      "type": "aws_lambda_function",
      "name": "lamdba_cw_metric",
      "provider": "provider[\"registry.terraform.io/hashicorp/aws\"]",
      "instances": [
        {
          "schema_version": 0,
          "attributes": {
            "architectures": [
              "arm64"
            ],
            "arn": "arn:aws:lambda:us-west-1:710440188130:function:lambda-cw-metric-discord-diffusion-prod",
            "code_signing_config_arn": "",
            "dead_letter_config": [],
            "description": "Custom Metric for scaling instances running",
            "environment": [],
            "ephemeral_storage": [
              {
                "size": 512
              }
            ],
            "file_system_config": [],
            "filename": "modules/scaling_alarm_lambda/files/custom_cw_metric.zip",
            "function_name": "lambda-cw-metric-discord-diffusion-prod",
            "handler": "custom_cw_metric.lambda_handler",
            "id": "lambda-cw-metric-discord-diffusion-prod",
            "image_config": [],
            "image_uri": "",
            "invoke_arn": "arn:aws:apigateway:us-west-1:lambda:path/2015-03-31/functions/arn:aws:lambda:us-west-1:710440188130:function:lambda-cw-metric-discord-diffusion-prod/invocations",
            "kms_key_arn": "",
            "last_modified": "2022-10-14T01:39:35.337+0000",
            "layers": [],
            "memory_size": 128,
            "package_type": "Zip",
            "publish": false,
            "qualified_arn": "arn:aws:lambda:us-west-1:710440188130:function:lambda-cw-metric-discord-diffusion-prod:$LATEST",
            "qualified_invoke_arn": "arn:aws:apigateway:us-west-1:lambda:path/2015-03-31/functions/arn:aws:lambda:us-west-1:710440188130:function:lambda-cw-metric-discord-diffusion-prod:$LATEST/invocations",
            "reserved_concurrent_executions": -1,
            "role": "arn:aws:iam::710440188130:role/lambda-cw-metric-discord-diffusion-prod",
            "runtime": "python3.8",
            "s3_bucket": null,
            "s3_key": null,
            "s3_object_version": null,
            "signing_job_arn": "",
            "signing_profile_version_arn": "",
            "source_code_hash": "d9/jo7vq11B8JpUtsKr3q/af8CMNTtDCeNp5uZBeAL0=",
            "source_code_size": 1778,
            "tags": {},
            "tags_all": {
              "Project": "discord-diffusion",
              "auto-delete": "no"
            },
            "timeout": 3,
            "timeouts": null,
            "tracing_config": [
              {
                "mode": "PassThrough"
              }
            ],
            "version": "$LATEST",
            "vpc_config": []
          },
          "sensitive_attributes": [],
          "private": "eyJlMmJmYjczMC1lY2FhLTExZTYtOGY4OC0zNDM2M2JjN2M0YzAiOnsiY3JlYXRlIjo2MDAwMDAwMDAwMDB9fQ==",
          "dependencies": [
            "aws_lambda_layer_version.pynacl",
            "aws_lambda_layer_version.requests",
            "data.aws_caller_identity.current",
            "module.api_gw_lambda.aws_apigatewayv2_api.discord_gw",
            "module.api_gw_lambda.aws_cloudwatch_log_group.discord_api_to_lambda",
            "module.api_gw_lambda.aws_iam_policy.discord_api_lambda_logging",
            "module.api_gw_lambda.aws_iam_policy.lambda_send_sqs_message",
            "module.api_gw_lambda.aws_iam_role.discord_api_to_lambda",
            "module.api_gw_lambda.aws_iam_role_policy_attachment.discord_api_to_lambda",
            "module.api_gw_lambda.aws_iam_role_policy_attachment.discord_api_to_lambda_sqs",
            "module.api_gw_lambda.aws_lambda_function.discord_api_to_lambda",
            "module.api_gw_lambda.aws_lambda_permission.apigw",
            "module.api_gw_lambda.aws_sqs_queue.default_queue",
            "module.api_gw_lambda.data.archive_file.discord_api_to_lambda",
            "module.ecs_cluster.aws_ecs_cluster.discord",
            "module.ecs_cluster.aws_ecs_service.discord_diffusion",
            "module.ecs_cluster.aws_ecs_task_definition.ecs_task",
            "module.ecs_cluster.aws_iam_instance_profile.ecs_discord",
            "module.ecs_cluster.aws_iam_role.ecs_discord",
            "module.ecs_cluster.aws_iam_role.ecs_execution",
            "module.ecs_cluster.aws_iam_role.ecs_task_role",
            "module.ecs_cluster.aws_iam_role_policy_attachment.AWSLambdaSQSQueueExecutionRole",
            "module.ecs_cluster.aws_iam_role_policy_attachment.AWSLambdaSQSQueueExecutionRole_ECS",
            "module.ecs_cluster.aws_iam_role_policy_attachment.AmazonEC2ContainerServiceforEC2Role",
            "module.ecs_cluster.aws_iam_role_policy_attachment.AmazonECSTaskExecutionRolePolicy",
            "module.ecs_cluster.aws_launch_template.discord_diffusion",
            "module.ecs_cluster.aws_security_group.ecs_discord",
            "module.ecs_cluster.data.aws_iam_policy.AWSLambdaSQSQueueExecutionRole",
            "module.ecs_cluster.data.aws_iam_policy.AmazonEC2ContainerServiceforEC2Role",
            "module.ecs_cluster.data.aws_iam_policy.AmazonECSTaskExecutionRolePolicy",
            "module.ecs_cluster.data.aws_ssm_parameter.ecs_gpu_ami",
            "module.ecs_cluster.data.aws_subnets.public",
            "module.metrics_scaling.aws_cloudwatch_log_group.lamdba_cw_metric",
            "module.metrics_scaling.aws_iam_policy.describe_ecs_services",
            "module.metrics_scaling.aws_iam_role.lamdba_cw_metric",
            "module.metrics_scaling.aws_iam_role_policy_attachment.AmazonSQSReadOnlyAccess",
            "module.metrics_scaling.aws_iam_role_policy_attachment.CloudWatchAgentServerPolicy",
            "module.metrics_scaling.aws_iam_role_policy_attachment.describe_ecs_services",
            "module.metrics_scaling.data.archive_file.lamdba_cw_metric",
            "module.metrics_scaling.data.aws_iam_policy.AmazonSQSReadOnlyAccess",
            "module.metrics_scaling.data.aws_iam_policy.CloudWatchAgentServerPolicy"
          ]
        }
      ]
    },
    {
      "module": "module.metrics_scaling",
      "mode": "managed",
      "type": "aws_sfn_state_machine",
      "name": "sfn_state_machine",
      "provider": "provider[\"registry.terraform.io/hashicorp/aws\"]",
      "instances": [
        {
          "schema_version": 0,
          "attributes": {
            "arn": "arn:aws:states:us-west-1:710440188130:stateMachine:discord-diffusion-prod",
            "creation_date": "2022-10-14T01:53:28Z",
            "definition": "{\n  \"Comment\": \"A description of my state machine\",\n  \"StartAt\": \"Lambda Invoke\",\n  \"States\": {\n    \"Lambda Invoke\": {\n      \"Type\": \"Task\",\n      \"Resource\": \"arn:aws:states:::lambda:invoke\",\n      \"OutputPath\": \"$.Payload\",\n      \"Parameters\": {\n        \"FunctionName\": \"arn:aws:lambda:us-west-1:710440188130:function:lambda-cw-metric-discord-diffusion-prod\",\n        \"Payload\": {\n          \"queueUrl\": \"https://sqs.us-west-1.amazonaws.com/710440188130/discord-diffusion-prod.fifo\",\n          \"queueName\": \"discord-diffusion-prod.fifo\",\n          \"accountId\": \"710440188130\",\n          \"service_name\": \"discord-diffusion-prod\",\n          \"cluster_name\": \"discord-diffusion-prod\",\n          \"acceptable_latency\": \"90\",\n          \"time_process_per_message\": \"15\"\n        }\n      },\n      \"Retry\": [\n        {\n          \"ErrorEquals\": [\n            \"Lambda.ServiceException\",\n            \"Lambda.AWSLambdaException\",\n            \"Lambda.SdkClientException\"\n          ],\n          \"IntervalSeconds\": 2,\n          \"MaxAttempts\": 6,\n          \"BackoffRate\": 2\n        }\n      ],\n      \"Next\": \"Wait\"\n    },\n    \"Wait\": {\n      \"Type\": \"Wait\",\n      \"Seconds\": 15,\n      \"Next\": \"Lambda Invoke (1)\"\n    },\n    \"Lambda Invoke (1)\": {\n      \"Type\": \"Task\",\n      \"Resource\": \"arn:aws:states:::lambda:invoke\",\n      \"OutputPath\": \"$.Payload\",\n      \"Parameters\": {\n        \"FunctionName\": \"arn:aws:lambda:us-west-1:710440188130:function:lambda-cw-metric-discord-diffusion-prod\",\n        \"Payload\": {\n          \"queueUrl\": \"https://sqs.us-west-1.amazonaws.com/710440188130/discord-diffusion-prod.fifo\",\n          \"queueName\": \"discord-diffusion-prod.fifo\",\n          \"accountId\": \"710440188130\",\n          \"service_name\": \"discord-diffusion-prod\",\n          \"cluster_name\": \"discord-diffusion-prod\",\n          \"acceptable_latency\": \"90\",\n          \"time_process_per_message\": \"15\"\n        }\n      },\n      \"Retry\": [\n        {\n          \"ErrorEquals\": [\n            \"Lambda.ServiceException\",\n            \"Lambda.AWSLambdaException\",\n            \"Lambda.SdkClientException\"\n          ],\n          \"IntervalSeconds\": 2,\n          \"MaxAttempts\": 6,\n          \"BackoffRate\": 2\n        }\n      ],\n      \"Next\": \"Wait (2)\"\n    },\n    \"Wait (2)\": {\n      \"Type\": \"Wait\",\n      \"Seconds\": 15,\n      \"Next\": \"Lambda Invoke (2)\"\n    },\n    \"Lambda Invoke (2)\": {\n      \"Type\": \"Task\",\n      \"Resource\": \"arn:aws:states:::lambda:invoke\",\n      \"OutputPath\": \"$.Payload\",\n      \"Parameters\": {\n        \"FunctionName\": \"arn:aws:lambda:us-west-1:710440188130:function:lambda-cw-metric-discord-diffusion-prod\",\n        \"Payload\": {\n          \"queueUrl\": \"https://sqs.us-west-1.amazonaws.com/710440188130/discord-diffusion-prod.fifo\",\n          \"queueName\": \"discord-diffusion-prod.fifo\",\n          \"accountId\": \"710440188130\",\n          \"service_name\": \"discord-diffusion-prod\",\n          \"cluster_name\": \"discord-diffusion-prod\",\n          \"acceptable_latency\": \"90\",\n          \"time_process_per_message\": \"15\"\n        }\n      },\n      \"Retry\": [\n        {\n          \"ErrorEquals\": [\n            \"Lambda.ServiceException\",\n            \"Lambda.AWSLambdaException\",\n            \"Lambda.SdkClientException\"\n          ],\n          \"IntervalSeconds\": 2,\n          \"MaxAttempts\": 6,\n          \"BackoffRate\": 2\n        }\n      ],\n      \"Next\": \"Wait (1)\"\n    },\n    \"Wait (1)\": {\n      \"Type\": \"Wait\",\n      \"Seconds\": 15,\n      \"Next\": \"Lambda Invoke (3)\"\n    },\n    \"Lambda Invoke (3)\": {\n      \"Type\": \"Task\",\n      \"Resource\": \"arn:aws:states:::lambda:invoke\",\n      \"OutputPath\": \"$.Payload\",\n      \"Parameters\": {\n        \"FunctionName\": \"arn:aws:lambda:us-west-1:710440188130:function:lambda-cw-metric-discord-diffusion-prod\",\n        \"Payload\": {\n          \"queueUrl\": \"https://sqs.us-west-1.amazonaws.com/710440188130/discord-diffusion-prod.fifo\",\n          \"queueName\": \"discord-diffusion-prod.fifo\",\n          \"accountId\": \"710440188130\",\n          \"service_name\": \"discord-diffusion-prod\",\n          \"cluster_name\": \"discord-diffusion-prod\",\n          \"acceptable_latency\": \"90\",\n          \"time_process_per_message\": \"15\"\n        }\n      },\n      \"Retry\": [\n        {\n          \"ErrorEquals\": [\n            \"Lambda.ServiceException\",\n            \"Lambda.AWSLambdaException\",\n            \"Lambda.SdkClientException\"\n          ],\n          \"IntervalSeconds\": 2,\n          \"MaxAttempts\": 6,\n          \"BackoffRate\": 2\n        }\n      ],\n      \"End\": true\n    }\n  }\n}\n",
            "id": "arn:aws:states:us-west-1:710440188130:stateMachine:discord-diffusion-prod",
            "logging_configuration": [
              {
                "include_execution_data": false,
                "level": "OFF",
                "log_destination": ""
              }
            ],
            "name": "discord-diffusion-prod",
            "role_arn": "arn:aws:iam::710440188130:role/stepFunction-discord-diffusion-prod",
            "status": "ACTIVE",
            "tags": {},
            "tags_all": {
              "Project": "discord-diffusion",
              "auto-delete": "no"
            },
            "tracing_configuration": [
              {
                "enabled": false
              }
            ],
            "type": "EXPRESS"
          },
          "sensitive_attributes": [],
          "private": "bnVsbA==",
          "dependencies": [
            "aws_lambda_layer_version.pynacl",
            "aws_lambda_layer_version.requests",
            "data.aws_caller_identity.current",
            "module.api_gw_lambda.aws_apigatewayv2_api.discord_gw",
            "module.api_gw_lambda.aws_cloudwatch_log_group.discord_api_to_lambda",
            "module.api_gw_lambda.aws_iam_policy.discord_api_lambda_logging",
            "module.api_gw_lambda.aws_iam_policy.lambda_send_sqs_message",
            "module.api_gw_lambda.aws_iam_role.discord_api_to_lambda",
            "module.api_gw_lambda.aws_iam_role_policy_attachment.discord_api_to_lambda",
            "module.api_gw_lambda.aws_iam_role_policy_attachment.discord_api_to_lambda_sqs",
            "module.api_gw_lambda.aws_lambda_function.discord_api_to_lambda",
            "module.api_gw_lambda.aws_lambda_permission.apigw",
            "module.api_gw_lambda.aws_sqs_queue.default_queue",
            "module.api_gw_lambda.data.archive_file.discord_api_to_lambda",
            "module.ecs_cluster.aws_ecs_cluster.discord",
            "module.ecs_cluster.aws_ecs_service.discord_diffusion",
            "module.ecs_cluster.aws_ecs_task_definition.ecs_task",
            "module.ecs_cluster.aws_iam_instance_profile.ecs_discord",
            "module.ecs_cluster.aws_iam_role.ecs_discord",
            "module.ecs_cluster.aws_iam_role.ecs_execution",
            "module.ecs_cluster.aws_iam_role.ecs_task_role",
            "module.ecs_cluster.aws_iam_role_policy_attachment.AWSLambdaSQSQueueExecutionRole",
            "module.ecs_cluster.aws_iam_role_policy_attachment.AWSLambdaSQSQueueExecutionRole_ECS",
            "module.ecs_cluster.aws_iam_role_policy_attachment.AmazonEC2ContainerServiceforEC2Role",
            "module.ecs_cluster.aws_iam_role_policy_attachment.AmazonECSTaskExecutionRolePolicy",
            "module.ecs_cluster.aws_launch_template.discord_diffusion",
            "module.ecs_cluster.aws_security_group.ecs_discord",
            "module.ecs_cluster.data.aws_iam_policy.AWSLambdaSQSQueueExecutionRole",
            "module.ecs_cluster.data.aws_iam_policy.AmazonEC2ContainerServiceforEC2Role",
            "module.ecs_cluster.data.aws_iam_policy.AmazonECSTaskExecutionRolePolicy",
            "module.ecs_cluster.data.aws_ssm_parameter.ecs_gpu_ami",
            "module.ecs_cluster.data.aws_subnets.public",
            "module.metrics_scaling.aws_cloudwatch_log_group.lamdba_cw_metric",
            "module.metrics_scaling.aws_iam_policy.describe_ecs_services",
            "module.metrics_scaling.aws_iam_role.lamdba_cw_metric",
            "module.metrics_scaling.aws_iam_role.step_function",
            "module.metrics_scaling.aws_iam_role_policy_attachment.AmazonSQSReadOnlyAccess",
            "module.metrics_scaling.aws_iam_role_policy_attachment.CloudWatchAgentServerPolicy",
            "module.metrics_scaling.aws_iam_role_policy_attachment.describe_ecs_services",
            "module.metrics_scaling.aws_lambda_function.lamdba_cw_metric",
            "module.metrics_scaling.data.archive_file.lamdba_cw_metric",
            "module.metrics_scaling.data.aws_iam_policy.AmazonSQSReadOnlyAccess",
            "module.metrics_scaling.data.aws_iam_policy.CloudWatchAgentServerPolicy"
          ]
        }
      ]
    }
  ],
  "check_results": []
}
