{
  "version": 4,
  "terraform_version": "1.3.1",
  "serial": 1733,
  "lineage": "5f973a2f-91db-afac-d3c0-7b7e3540188c",
  "outputs": {
    "ami": {
      "value": "ami-0b38ac3236214a6c0",
      "type": "string",
      "sensitive": true
    },
    "discord_interactions_endpoint_url": {
      "value": "https://igtq67irc2.execute-api.us-west-1.amazonaws.com",
      "type": "string"
    }
  },
  "resources": [
    {
      "mode": "data",
      "type": "aws_caller_identity",
      "name": "current",
      "provider": "provider[\"registry.terraform.io/hashicorp/aws\"]",
      "instances": [
        {
          "schema_version": 0,
          "attributes": {
            "account_id": "710440188130",
            "arn": "arn:aws:sts::710440188130:assumed-role/Admin/stejwar-Isengard",
            "id": "710440188130",
            "user_id": "AROA2K2MI7DRGXI64OQVQ:stejwar-Isengard"
          },
          "sensitive_attributes": []
        }
      ]
    },
    {
      "mode": "managed",
      "type": "aws_lambda_layer_version",
      "name": "pynacl",
      "provider": "provider[\"registry.terraform.io/hashicorp/aws\"]",
      "instances": [
        {
          "schema_version": 0,
          "attributes": {
            "arn": "arn:aws:lambda:us-west-1:710440188130:layer:discord-diffusion-prod-pynacl:11",
            "compatible_architectures": [
              "arm64"
            ],
            "compatible_runtimes": [
              "python3.8"
            ],
            "created_date": "2022-10-11T20:35:23.385+0000",
            "description": "",
            "filename": "files/pynacl_layer_arm64.zip",
            "id": "arn:aws:lambda:us-west-1:710440188130:layer:discord-diffusion-prod-pynacl:11",
            "layer_arn": "arn:aws:lambda:us-west-1:710440188130:layer:discord-diffusion-prod-pynacl",
            "layer_name": "discord-diffusion-prod-pynacl",
            "license_info": "",
            "s3_bucket": null,
            "s3_key": null,
            "s3_object_version": null,
            "signing_job_arn": "",
            "signing_profile_version_arn": "",
            "skip_destroy": false,
            "source_code_hash": "6UkGEFg5euMl+u7w40jUWnXDNjwHWeVIdvTAujUe/1Y=",
            "source_code_size": 1489102,
            "version": "11"
          },
          "sensitive_attributes": [],
          "private": "bnVsbA=="
        }
      ]
    },
    {
      "mode": "managed",
      "type": "aws_lambda_layer_version",
      "name": "requests",
      "provider": "provider[\"registry.terraform.io/hashicorp/aws\"]",
      "instances": [
        {
          "schema_version": 0,
          "attributes": {
            "arn": "arn:aws:lambda:us-west-1:710440188130:layer:discord-diffusion-prod-requests:11",
            "compatible_architectures": [
              "arm64"
            ],
            "compatible_runtimes": [
              "python3.8"
            ],
            "created_date": "2022-10-11T20:35:21.131+0000",
            "description": "",
            "filename": "files/requests_layer_arm64.zip",
            "id": "arn:aws:lambda:us-west-1:710440188130:layer:discord-diffusion-prod-requests:11",
            "layer_arn": "arn:aws:lambda:us-west-1:710440188130:layer:discord-diffusion-prod-requests",
            "layer_name": "discord-diffusion-prod-requests",
            "license_info": "",
            "s3_bucket": null,
            "s3_key": null,
            "s3_object_version": null,
            "signing_job_arn": "",
            "signing_profile_version_arn": "",
            "skip_destroy": false,
            "source_code_hash": "b16a7tNuXQzKXAgrPEQuw/+2Is+/1s5KzuPoVUhTvYI=",
            "source_code_size": 803231,
            "version": "11"
          },
          "sensitive_attributes": [],
          "private": "bnVsbA=="
        }
      ]
    },
    {
      "module": "module.api_gw_lambda",
      "mode": "data",
      "type": "archive_file",
      "name": "discord_api_to_lambda",
      "provider": "provider[\"registry.terraform.io/hashicorp/archive\"]",
      "instances": [
        {
          "schema_version": 0,
          "attributes": {
            "excludes": null,
            "id": "99baa74539000d367542b899bc5647174522db50",
            "output_base64sha256": "7xyR6RS62v6B2J6Hp2vu4dep8XOJfb0kUb6DzMJO8UQ=",
            "output_file_mode": null,
            "output_md5": "22bca8430a34b318a8512f055c195487",
            "output_path": "modules/api_lambda_sqs/files/discord_api_gw.zip",
            "output_sha": "99baa74539000d367542b899bc5647174522db50",
            "output_size": 2549,
            "source": [],
            "source_content": null,
            "source_content_filename": null,
            "source_dir": "modules/api_lambda_sqs/files/discord_api_gw",
            "source_file": null,
            "type": "zip"
          },
          "sensitive_attributes": []
        }
      ]
    },
    {
      "module": "module.api_gw_lambda",
      "mode": "managed",
      "type": "aws_apigatewayv2_api",
      "name": "discord_gw",
      "provider": "provider[\"registry.terraform.io/hashicorp/aws\"]",
      "instances": [
        {
          "schema_version": 0,
          "attributes": {
            "api_endpoint": "https://igtq67irc2.execute-api.us-west-1.amazonaws.com",
            "api_key_selection_expression": "$request.header.x-api-key",
            "arn": "arn:aws:apigateway:us-west-1::/apis/igtq67irc2",
            "body": null,
            "cors_configuration": [
              {
                "allow_credentials": false,
                "allow_headers": [
                  "*"
                ],
                "allow_methods": [
                  "OPTIONS",
                  "PUT"
                ],
                "allow_origins": [
                  "https://discord.com"
                ],
                "expose_headers": [],
                "max_age": 0
              }
            ],
            "credentials_arn": null,
            "description": "HTTP Gateway for Discord Requests",
            "disable_execute_api_endpoint": false,
            "execution_arn": "arn:aws:execute-api:us-west-1:710440188130:igtq67irc2",
            "fail_on_warnings": null,
            "id": "igtq67irc2",
            "name": "discord-diffusion",
            "protocol_type": "HTTP",
            "route_key": "POST /",
            "route_selection_expression": "$request.method $request.path",
            "tags": {},
            "tags_all": {
              "Project": "discord-diffusion",
              "auto-delete": "no"
            },
            "target": "arn:aws:lambda:us-west-1:710440188130:function:lambda-api-discord-diffusion-prod",
            "version": ""
          },
          "sensitive_attributes": [],
          "private": "bnVsbA==",
          "dependencies": [
            "aws_lambda_layer_version.pynacl",
            "aws_lambda_layer_version.requests",
            "data.aws_caller_identity.current",
            "module.api_gw_lambda.aws_cloudwatch_log_group.discord_api_to_lambda",
            "module.api_gw_lambda.aws_iam_policy.discord_api_lambda_logging",
            "module.api_gw_lambda.aws_iam_policy.lambda_send_sqs_message",
            "module.api_gw_lambda.aws_iam_role.discord_api_to_lambda",
            "module.api_gw_lambda.aws_iam_role_policy_attachment.discord_api_to_lambda",
            "module.api_gw_lambda.aws_iam_role_policy_attachment.discord_api_to_lambda_sqs",
            "module.api_gw_lambda.aws_lambda_function.discord_api_to_lambda",
            "module.api_gw_lambda.aws_sqs_queue.default_queue",
            "module.api_gw_lambda.data.archive_file.discord_api_to_lambda"
          ]
        }
      ]
    },
    {
      "module": "module.api_gw_lambda",
      "mode": "managed",
      "type": "aws_cloudwatch_log_group",
      "name": "discord_api_to_lambda",
      "provider": "provider[\"registry.terraform.io/hashicorp/aws\"]",
      "instances": [
        {
          "schema_version": 0,
          "attributes": {
            "arn": "arn:aws:logs:us-west-1:710440188130:log-group:/aws/lambda/lambda-api-discord-diffusion-prod",
            "id": "/aws/lambda/lambda-api-discord-diffusion-prod",
            "kms_key_id": "",
            "name": "/aws/lambda/lambda-api-discord-diffusion-prod",
            "name_prefix": null,
            "retention_in_days": 14,
            "tags": {},
            "tags_all": {
              "Project": "discord-diffusion",
              "auto-delete": "no"
            }
          },
          "sensitive_attributes": [],
          "private": "bnVsbA=="
        }
      ]
    },
    {
      "module": "module.api_gw_lambda",
      "mode": "managed",
      "type": "aws_iam_policy",
      "name": "discord_api_lambda_logging",
      "provider": "provider[\"registry.terraform.io/hashicorp/aws\"]",
      "instances": [
        {
          "schema_version": 0,
          "attributes": {
            "arn": "arn:aws:iam::710440188130:policy/apigw-logging-discord-diffusion-prod",
            "description": "IAM policy for logging from a lambda",
            "id": "arn:aws:iam::710440188130:policy/apigw-logging-discord-diffusion-prod",
            "name": "apigw-logging-discord-diffusion-prod",
            "name_prefix": null,
            "path": "/",
            "policy": "{\"Statement\":[{\"Action\":\"logs:CreateLogGroup\",\"Effect\":\"Allow\",\"Resource\":\"arn:aws:logs:us-west-1:710440188130:*\"},{\"Action\":[\"logs:CreateLogStream\",\"logs:PutLogEvents\"],\"Effect\":\"Allow\",\"Resource\":\"arn:aws:logs:us-west-1:710440188130:log-group:/aws/lambda/lambda-api-discord-diffusion-prod:*\"}],\"Version\":\"2012-10-17\"}",
            "policy_id": "ANPA2K2MI7DRMTLLFAH72",
            "tags": {},
            "tags_all": {
              "Project": "discord-diffusion",
              "auto-delete": "no"
            }
          },
          "sensitive_attributes": [],
          "private": "bnVsbA==",
          "dependencies": [
            "data.aws_caller_identity.current"
          ]
        }
      ]
    },
    {
      "module": "module.api_gw_lambda",
      "mode": "managed",
      "type": "aws_iam_policy",
      "name": "lambda_send_sqs_message",
      "provider": "provider[\"registry.terraform.io/hashicorp/aws\"]",
      "instances": [
        {
          "schema_version": 0,
          "attributes": {
            "arn": "arn:aws:iam::710440188130:policy/LambdaWriteSQS-discord-diffusion-prod",
            "description": "IAM policy for writing to sqs queue",
            "id": "arn:aws:iam::710440188130:policy/LambdaWriteSQS-discord-diffusion-prod",
            "name": "LambdaWriteSQS-discord-diffusion-prod",
            "name_prefix": null,
            "path": "/",
            "policy": "{\"Statement\":[{\"Action\":\"sqs:SendMessage\",\"Effect\":\"Allow\",\"Resource\":\"arn:aws:sqs:us-west-1:710440188130:discord-diffusion-prod20221011203518436600000002.fifo\"}],\"Version\":\"2012-10-17\"}",
            "policy_id": "ANPA2K2MI7DRB5T4VXCMH",
            "tags": {},
            "tags_all": {
              "Project": "discord-diffusion",
              "auto-delete": "no"
            }
          },
          "sensitive_attributes": [],
          "private": "bnVsbA==",
          "dependencies": [
            "module.api_gw_lambda.aws_sqs_queue.default_queue"
          ]
        }
      ]
    },
    {
      "module": "module.api_gw_lambda",
      "mode": "managed",
      "type": "aws_iam_role",
      "name": "discord_api_to_lambda",
      "provider": "provider[\"registry.terraform.io/hashicorp/aws\"]",
      "instances": [
        {
          "schema_version": 0,
          "attributes": {
            "arn": "arn:aws:iam::710440188130:role/lambda-api-discord-diffusion-prod",
            "assume_role_policy": "{\"Statement\":[{\"Action\":\"sts:AssumeRole\",\"Effect\":\"Allow\",\"Principal\":{\"Service\":\"lambda.amazonaws.com\"},\"Sid\":\"\"}],\"Version\":\"2012-10-17\"}",
            "create_date": "2022-10-11T20:35:20Z",
            "description": "",
            "force_detach_policies": false,
            "id": "lambda-api-discord-diffusion-prod",
            "inline_policy": [],
            "managed_policy_arns": [
              "arn:aws:iam::710440188130:policy/LambdaWriteSQS-discord-diffusion-prod",
              "arn:aws:iam::710440188130:policy/apigw-logging-discord-diffusion-prod"
            ],
            "max_session_duration": 3600,
            "name": "lambda-api-discord-diffusion-prod",
            "name_prefix": "",
            "path": "/",
            "permissions_boundary": null,
            "tags": {},
            "tags_all": {
              "Project": "discord-diffusion",
              "auto-delete": "no"
            },
            "unique_id": "AROA2K2MI7DRMYTQDCJVT"
          },
          "sensitive_attributes": [],
          "private": "bnVsbA=="
        }
      ]
    },
    {
      "module": "module.api_gw_lambda",
      "mode": "managed",
      "type": "aws_iam_role_policy_attachment",
      "name": "discord_api_to_lambda",
      "provider": "provider[\"registry.terraform.io/hashicorp/aws\"]",
      "instances": [
        {
          "schema_version": 0,
          "attributes": {
            "id": "lambda-api-discord-diffusion-prod-20221011203521250000000003",
            "policy_arn": "arn:aws:iam::710440188130:policy/apigw-logging-discord-diffusion-prod",
            "role": "lambda-api-discord-diffusion-prod"
          },
          "sensitive_attributes": [],
          "private": "bnVsbA==",
          "dependencies": [
            "data.aws_caller_identity.current",
            "module.api_gw_lambda.aws_iam_policy.discord_api_lambda_logging",
            "module.api_gw_lambda.aws_iam_role.discord_api_to_lambda"
          ]
        }
      ]
    },
    {
      "module": "module.api_gw_lambda",
      "mode": "managed",
      "type": "aws_iam_role_policy_attachment",
      "name": "discord_api_to_lambda_sqs",
      "provider": "provider[\"registry.terraform.io/hashicorp/aws\"]",
      "instances": [
        {
          "schema_version": 0,
          "attributes": {
            "id": "lambda-api-discord-diffusion-prod-20221011203545395900000006",
            "policy_arn": "arn:aws:iam::710440188130:policy/LambdaWriteSQS-discord-diffusion-prod",
            "role": "lambda-api-discord-diffusion-prod"
          },
          "sensitive_attributes": [],
          "private": "bnVsbA==",
          "dependencies": [
            "module.api_gw_lambda.aws_iam_policy.lambda_send_sqs_message",
            "module.api_gw_lambda.aws_iam_role.discord_api_to_lambda",
            "module.api_gw_lambda.aws_sqs_queue.default_queue"
          ]
        }
      ]
    },
    {
      "module": "module.api_gw_lambda",
      "mode": "managed",
      "type": "aws_lambda_function",
      "name": "discord_api_to_lambda",
      "provider": "provider[\"registry.terraform.io/hashicorp/aws\"]",
      "instances": [
        {
          "schema_version": 0,
          "attributes": {
            "architectures": [
              "arm64"
            ],
            "arn": "arn:aws:lambda:us-west-1:710440188130:function:lambda-api-discord-diffusion-prod",
            "code_signing_config_arn": "",
            "dead_letter_config": [],
            "description": "Discord First Response",
            "environment": [
              {
                "variables": {
                  "APPLICATION_ID": "1026679548953243660",
                  "PUBLIC_KEY": "743f6ba5346ef9fffbd24c8c55b5b739386c65832c71d3fc1aa509a7ba010f00",
                  "SQS_QUEUE_URL": "https://sqs.us-west-1.amazonaws.com/710440188130/discord-diffusion-prod20221011203518436600000002.fifo"
                }
              }
            ],
            "ephemeral_storage": [
              {
                "size": 512
              }
            ],
            "file_system_config": [],
            "filename": "modules/api_lambda_sqs/files/discord_api_gw.zip",
            "function_name": "lambda-api-discord-diffusion-prod",
            "handler": "lambda_function.lambda_handler",
            "id": "lambda-api-discord-diffusion-prod",
            "image_config": [],
            "image_uri": "",
            "invoke_arn": "arn:aws:apigateway:us-west-1:lambda:path/2015-03-31/functions/arn:aws:lambda:us-west-1:710440188130:function:lambda-api-discord-diffusion-prod/invocations",
            "kms_key_arn": "",
            "last_modified": "2022-10-11T20:35:56.181+0000",
            "layers": [
              "arn:aws:lambda:us-west-1:710440188130:layer:discord-diffusion-prod-requests:11",
              "arn:aws:lambda:us-west-1:710440188130:layer:discord-diffusion-prod-pynacl:11"
            ],
            "memory_size": 128,
            "package_type": "Zip",
            "publish": false,
            "qualified_arn": "arn:aws:lambda:us-west-1:710440188130:function:lambda-api-discord-diffusion-prod:$LATEST",
            "qualified_invoke_arn": "arn:aws:apigateway:us-west-1:lambda:path/2015-03-31/functions/arn:aws:lambda:us-west-1:710440188130:function:lambda-api-discord-diffusion-prod:$LATEST/invocations",
            "reserved_concurrent_executions": -1,
            "role": "arn:aws:iam::710440188130:role/lambda-api-discord-diffusion-prod",
            "runtime": "python3.8",
            "s3_bucket": null,
            "s3_key": null,
            "s3_object_version": null,
            "signing_job_arn": "",
            "signing_profile_version_arn": "",
            "source_code_hash": "7xyR6RS62v6B2J6Hp2vu4dep8XOJfb0kUb6DzMJO8UQ=",
            "source_code_size": 2549,
            "tags": {},
            "tags_all": {
              "Project": "discord-diffusion",
              "auto-delete": "no"
            },
            "timeout": 3,
            "timeouts": null,
            "tracing_config": [
              {
                "mode": "PassThrough"
              }
            ],
            "version": "$LATEST",
            "vpc_config": []
          },
          "sensitive_attributes": [],
          "private": "eyJlMmJmYjczMC1lY2FhLTExZTYtOGY4OC0zNDM2M2JjN2M0YzAiOnsiY3JlYXRlIjo2MDAwMDAwMDAwMDB9fQ==",
          "dependencies": [
            "aws_lambda_layer_version.pynacl",
            "aws_lambda_layer_version.requests",
            "data.aws_caller_identity.current",
            "module.api_gw_lambda.aws_cloudwatch_log_group.discord_api_to_lambda",
            "module.api_gw_lambda.aws_iam_policy.discord_api_lambda_logging",
            "module.api_gw_lambda.aws_iam_policy.lambda_send_sqs_message",
            "module.api_gw_lambda.aws_iam_role.discord_api_to_lambda",
            "module.api_gw_lambda.aws_iam_role_policy_attachment.discord_api_to_lambda",
            "module.api_gw_lambda.aws_iam_role_policy_attachment.discord_api_to_lambda_sqs",
            "module.api_gw_lambda.aws_sqs_queue.default_queue",
            "module.api_gw_lambda.data.archive_file.discord_api_to_lambda"
          ]
        }
      ]
    },
    {
      "module": "module.api_gw_lambda",
      "mode": "managed",
      "type": "aws_lambda_permission",
      "name": "apigw",
      "provider": "provider[\"registry.terraform.io/hashicorp/aws\"]",
      "instances": [
        {
          "schema_version": 0,
          "attributes": {
            "action": "lambda:InvokeFunction",
            "event_source_token": null,
            "function_name": "arn:aws:lambda:us-west-1:710440188130:function:lambda-api-discord-diffusion-prod",
            "function_url_auth_type": null,
            "id": "terraform-20221011203556034000000007",
            "principal": "apigateway.amazonaws.com",
            "principal_org_id": null,
            "qualifier": "",
            "source_account": null,
            "source_arn": "arn:aws:execute-api:us-west-1:710440188130:igtq67irc2/*/*",
            "statement_id": "terraform-20221011203556034000000007",
            "statement_id_prefix": "terraform-"
          },
          "sensitive_attributes": [],
          "private": "bnVsbA==",
          "dependencies": [
            "aws_lambda_layer_version.pynacl",
            "aws_lambda_layer_version.requests",
            "data.aws_caller_identity.current",
            "module.api_gw_lambda.aws_apigatewayv2_api.discord_gw",
            "module.api_gw_lambda.aws_cloudwatch_log_group.discord_api_to_lambda",
            "module.api_gw_lambda.aws_iam_policy.discord_api_lambda_logging",
            "module.api_gw_lambda.aws_iam_policy.lambda_send_sqs_message",
            "module.api_gw_lambda.aws_iam_role.discord_api_to_lambda",
            "module.api_gw_lambda.aws_iam_role_policy_attachment.discord_api_to_lambda",
            "module.api_gw_lambda.aws_iam_role_policy_attachment.discord_api_to_lambda_sqs",
            "module.api_gw_lambda.aws_lambda_function.discord_api_to_lambda",
            "module.api_gw_lambda.aws_sqs_queue.default_queue",
            "module.api_gw_lambda.data.archive_file.discord_api_to_lambda"
          ]
        }
      ]
    },
    {
      "module": "module.api_gw_lambda",
      "mode": "managed",
      "type": "aws_sqs_queue",
      "name": "default_queue",
      "provider": "provider[\"registry.terraform.io/hashicorp/aws\"]",
      "instances": [
        {
          "schema_version": 0,
          "attributes": {
            "arn": "arn:aws:sqs:us-west-1:710440188130:discord-diffusion-prod20221011203518436600000002.fifo",
            "content_based_deduplication": true,
            "deduplication_scope": "queue",
            "delay_seconds": 0,
            "fifo_queue": true,
            "fifo_throughput_limit": "perQueue",
            "id": "https://sqs.us-west-1.amazonaws.com/710440188130/discord-diffusion-prod20221011203518436600000002.fifo",
            "kms_data_key_reuse_period_seconds": 300,
            "kms_master_key_id": "",
            "max_message_size": 262144,
            "message_retention_seconds": 345600,
            "name": "discord-diffusion-prod20221011203518436600000002.fifo",
            "name_prefix": "discord-diffusion-prod",
            "policy": "",
            "receive_wait_time_seconds": 20,
            "redrive_allow_policy": "",
            "redrive_policy": "",
            "sqs_managed_sse_enabled": true,
            "tags": {},
            "tags_all": {
              "Project": "discord-diffusion",
              "auto-delete": "no"
            },
            "url": "https://sqs.us-west-1.amazonaws.com/710440188130/discord-diffusion-prod20221011203518436600000002.fifo",
            "visibility_timeout_seconds": 120
          },
          "sensitive_attributes": [],
          "private": "bnVsbA=="
        }
      ]
    },
    {
      "module": "module.discord_ui",
      "mode": "data",
      "type": "archive_file",
      "name": "discord_ui",
      "provider": "provider[\"registry.terraform.io/hashicorp/archive\"]",
      "instances": [
        {
          "schema_version": 0,
          "attributes": {
            "excludes": null,
            "id": "972cf519b70b95f3b4543f9005e9f42d1f66bcfb",
            "output_base64sha256": "aCtxzkjuPxm0Ho8mBRBNlp9eNyBMPnGCsIgm9w4AzVA=",
            "output_file_mode": null,
            "output_md5": "0c681f71b8aaefd066ef4de562f75f10",
            "output_path": "modules/discord_ui/files/discord_ui.zip",
            "output_sha": "972cf519b70b95f3b4543f9005e9f42d1f66bcfb",
            "output_size": 1335,
            "source": [],
            "source_content": null,
            "source_content_filename": null,
            "source_dir": "modules/discord_ui/files/discord_ui",
            "source_file": null,
            "type": "zip"
          },
          "sensitive_attributes": []
        }
      ]
    },
    {
      "module": "module.discord_ui",
      "mode": "managed",
      "type": "aws_cloudwatch_log_group",
      "name": "discord_ui",
      "provider": "provider[\"registry.terraform.io/hashicorp/aws\"]",
      "instances": [
        {
          "schema_version": 0,
          "attributes": {
            "arn": "arn:aws:logs:us-west-1:710440188130:log-group:/aws/lambda/discord-ui-discord-diffusion-prod",
            "id": "/aws/lambda/discord-ui-discord-diffusion-prod",
            "kms_key_id": "",
            "name": "/aws/lambda/discord-ui-discord-diffusion-prod",
            "name_prefix": null,
            "retention_in_days": 14,
            "tags": {},
            "tags_all": {
              "Project": "discord-diffusion",
              "auto-delete": "no"
            }
          },
          "sensitive_attributes": [],
          "private": "bnVsbA=="
        }
      ]
    },
    {
      "module": "module.discord_ui",
      "mode": "managed",
      "type": "aws_iam_policy",
      "name": "discord_ui",
      "provider": "provider[\"registry.terraform.io/hashicorp/aws\"]",
      "instances": [
        {
          "schema_version": 0,
          "attributes": {
            "arn": "arn:aws:iam::710440188130:policy/discord-ui-logging-discord-diffusion-prod",
            "description": "IAM policy for logging from a lambda",
            "id": "arn:aws:iam::710440188130:policy/discord-ui-logging-discord-diffusion-prod",
            "name": "discord-ui-logging-discord-diffusion-prod",
            "name_prefix": null,
            "path": "/",
            "policy": "{\"Statement\":[{\"Action\":\"logs:CreateLogGroup\",\"Effect\":\"Allow\",\"Resource\":\"arn:aws:logs:us-west-1:710440188130:*\"},{\"Action\":[\"logs:CreateLogStream\",\"logs:PutLogEvents\"],\"Effect\":\"Allow\",\"Resource\":\"arn:aws:logs:us-west-1:710440188130:log-group:/aws/lambda/discord-ui-discord-diffusion-prod:*\"}],\"Version\":\"2012-10-17\"}",
            "policy_id": "ANPA2K2MI7DRPF4AMGGTY",
            "tags": {},
            "tags_all": {
              "Project": "discord-diffusion",
              "auto-delete": "no"
            }
          },
          "sensitive_attributes": [],
          "private": "bnVsbA==",
          "dependencies": [
            "data.aws_caller_identity.current"
          ]
        }
      ]
    },
    {
      "module": "module.discord_ui",
      "mode": "managed",
      "type": "aws_iam_policy",
      "name": "lambda_read_sec_param",
      "provider": "provider[\"registry.terraform.io/hashicorp/aws\"]",
      "instances": [
        {
          "schema_version": 0,
          "attributes": {
            "arn": "arn:aws:iam::710440188130:policy/LambdaReadSSMSecrets-discord-diffusion-prod",
            "description": "IAM policy for logging from a lambda",
            "id": "arn:aws:iam::710440188130:policy/LambdaReadSSMSecrets-discord-diffusion-prod",
            "name": "LambdaReadSSMSecrets-discord-diffusion-prod",
            "name_prefix": null,
            "path": "/",
            "policy": "{\"Statement\":[{\"Action\":[\"kms:Decrypt\",\"ssm:GetParameters\",\"ssm:GetParameter\"],\"Effect\":\"Allow\",\"Resource\":[\"arn:aws:kms:*:710440188130:alias/aws/ssm\",\"arn:aws:ssm:us-west-1:710440188130:parameter/BOT_TOKEN\"]}],\"Version\":\"2012-10-17\"}",
            "policy_id": "ANPA2K2MI7DRLSZMJQOFT",
            "tags": {},
            "tags_all": {
              "Project": "discord-diffusion",
              "auto-delete": "no"
            }
          },
          "sensitive_attributes": [],
          "private": "bnVsbA==",
          "dependencies": [
            "data.aws_caller_identity.current",
            "module.discord_ui.aws_ssm_parameter.secret"
          ]
        }
      ]
    },
    {
      "module": "module.discord_ui",
      "mode": "managed",
      "type": "aws_iam_role",
      "name": "discord_ui",
      "provider": "provider[\"registry.terraform.io/hashicorp/aws\"]",
      "instances": [
        {
          "schema_version": 0,
          "attributes": {
            "arn": "arn:aws:iam::710440188130:role/discord-ui-discord-diffusion-prod",
            "assume_role_policy": "{\"Statement\":[{\"Action\":\"sts:AssumeRole\",\"Effect\":\"Allow\",\"Principal\":{\"Service\":\"lambda.amazonaws.com\"},\"Sid\":\"\"}],\"Version\":\"2012-10-17\"}",
            "create_date": "2022-10-11T20:35:20Z",
            "description": "",
            "force_detach_policies": false,
            "id": "discord-ui-discord-diffusion-prod",
            "inline_policy": [],
            "managed_policy_arns": [
              "arn:aws:iam::710440188130:policy/LambdaReadSSMSecrets-discord-diffusion-prod",
              "arn:aws:iam::710440188130:policy/discord-ui-logging-discord-diffusion-prod"
            ],
            "max_session_duration": 3600,
            "name": "discord-ui-discord-diffusion-prod",
            "name_prefix": "",
            "path": "/",
            "permissions_boundary": null,
            "tags": {},
            "tags_all": {
              "Project": "discord-diffusion",
              "auto-delete": "no"
            },
            "unique_id": "AROA2K2MI7DREXU2PZG5D"
          },
          "sensitive_attributes": [],
          "private": "bnVsbA=="
        }
      ]
    },
    {
      "module": "module.discord_ui",
      "mode": "managed",
      "type": "aws_iam_role_policy_attachment",
      "name": "discord_ui_logging",
      "provider": "provider[\"registry.terraform.io/hashicorp/aws\"]",
      "instances": [
        {
          "schema_version": 0,
          "attributes": {
            "id": "discord-ui-discord-diffusion-prod-20221011203521255200000005",
            "policy_arn": "arn:aws:iam::710440188130:policy/discord-ui-logging-discord-diffusion-prod",
            "role": "discord-ui-discord-diffusion-prod"
          },
          "sensitive_attributes": [],
          "private": "bnVsbA==",
          "dependencies": [
            "data.aws_caller_identity.current",
            "module.discord_ui.aws_iam_policy.discord_ui",
            "module.discord_ui.aws_iam_role.discord_ui"
          ]
        }
      ]
    },
    {
      "module": "module.discord_ui",
      "mode": "managed",
      "type": "aws_iam_role_policy_attachment",
      "name": "discord_ui_ssm",
      "provider": "provider[\"registry.terraform.io/hashicorp/aws\"]",
      "instances": [
        {
          "schema_version": 0,
          "attributes": {
            "id": "discord-ui-discord-diffusion-prod-20221011203521250000000004",
            "policy_arn": "arn:aws:iam::710440188130:policy/LambdaReadSSMSecrets-discord-diffusion-prod",
            "role": "discord-ui-discord-diffusion-prod"
          },
          "sensitive_attributes": [],
          "private": "bnVsbA==",
          "dependencies": [
            "data.aws_caller_identity.current",
            "module.discord_ui.aws_iam_policy.lambda_read_sec_param",
            "module.discord_ui.aws_iam_role.discord_ui",
            "module.discord_ui.aws_ssm_parameter.secret"
          ]
        }
      ]
    },
    {
      "module": "module.discord_ui",
      "mode": "managed",
      "type": "aws_lambda_function",
      "name": "discord_ui",
      "provider": "provider[\"registry.terraform.io/hashicorp/aws\"]",
      "instances": [
        {
          "schema_version": 0,
          "attributes": {
            "architectures": [
              "arm64"
            ],
            "arn": "arn:aws:lambda:us-west-1:710440188130:function:discord-ui-discord-diffusion-prod",
            "code_signing_config_arn": "",
            "dead_letter_config": [],
            "description": "Discord UI",
            "environment": [
              {
                "variables": {
                  "APPLICATION_ID": "1026679548953243660"
                }
              }
            ],
            "ephemeral_storage": [
              {
                "size": 512
              }
            ],
            "file_system_config": [],
            "filename": "modules/discord_ui/files/discord_ui.zip",
            "function_name": "discord-ui-discord-diffusion-prod",
            "handler": "lambda_function.lambda_handler",
            "id": "discord-ui-discord-diffusion-prod",
            "image_config": [],
            "image_uri": "",
            "invoke_arn": "arn:aws:apigateway:us-west-1:lambda:path/2015-03-31/functions/arn:aws:lambda:us-west-1:710440188130:function:discord-ui-discord-diffusion-prod/invocations",
            "kms_key_arn": "",
            "last_modified": "2022-10-11T20:35:38.151+0000",
            "layers": [
              "arn:aws:lambda:us-west-1:710440188130:layer:discord-diffusion-prod-requests:11"
            ],
            "memory_size": 128,
            "package_type": "Zip",
            "publish": false,
            "qualified_arn": "arn:aws:lambda:us-west-1:710440188130:function:discord-ui-discord-diffusion-prod:$LATEST",
            "qualified_invoke_arn": "arn:aws:apigateway:us-west-1:lambda:path/2015-03-31/functions/arn:aws:lambda:us-west-1:710440188130:function:discord-ui-discord-diffusion-prod:$LATEST/invocations",
            "reserved_concurrent_executions": -1,
            "role": "arn:aws:iam::710440188130:role/discord-ui-discord-diffusion-prod",
            "runtime": "python3.8",
            "s3_bucket": null,
            "s3_key": null,
            "s3_object_version": null,
            "signing_job_arn": "",
            "signing_profile_version_arn": "",
            "source_code_hash": "aCtxzkjuPxm0Ho8mBRBNlp9eNyBMPnGCsIgm9w4AzVA=",
            "source_code_size": 1335,
            "tags": {},
            "tags_all": {
              "Project": "discord-diffusion",
              "auto-delete": "no"
            },
            "timeout": 3,
            "timeouts": null,
            "tracing_config": [
              {
                "mode": "PassThrough"
              }
            ],
            "version": "$LATEST",
            "vpc_config": []
          },
          "sensitive_attributes": [],
          "private": "eyJlMmJmYjczMC1lY2FhLTExZTYtOGY4OC0zNDM2M2JjN2M0YzAiOnsiY3JlYXRlIjo2MDAwMDAwMDAwMDB9fQ==",
          "dependencies": [
            "aws_lambda_layer_version.requests",
            "data.aws_caller_identity.current",
            "module.discord_ui.aws_cloudwatch_log_group.discord_ui",
            "module.discord_ui.aws_iam_policy.discord_ui",
            "module.discord_ui.aws_iam_policy.lambda_read_sec_param",
            "module.discord_ui.aws_iam_role.discord_ui",
            "module.discord_ui.aws_iam_role_policy_attachment.discord_ui_logging",
            "module.discord_ui.aws_iam_role_policy_attachment.discord_ui_ssm",
            "module.discord_ui.aws_ssm_parameter.secret",
            "module.discord_ui.data.archive_file.discord_ui"
          ]
        }
      ]
    },
    {
      "module": "module.discord_ui",
      "mode": "managed",
      "type": "aws_ssm_parameter",
      "name": "secret",
      "provider": "provider[\"registry.terraform.io/hashicorp/aws\"]",
      "instances": [
        {
          "schema_version": 0,
          "attributes": {
            "allowed_pattern": "",
            "arn": "arn:aws:ssm:us-west-1:710440188130:parameter/BOT_TOKEN",
            "data_type": "text",
            "description": "Discord Bot Secret",
            "id": "BOT_TOKEN",
            "insecure_value": null,
            "key_id": "alias/aws/ssm",
            "name": "BOT_TOKEN",
            "overwrite": null,
            "tags": {},
            "tags_all": {
              "Project": "discord-diffusion",
              "auto-delete": "no"
            },
            "tier": "Standard",
            "type": "SecureString",
            "value": "MTAyNjY3OTU0ODk1MzI0MzY2MA.GxM6kd.bJYPZmI25I9fRL5H88rwsIIaony0PwhPVv4J0c",
            "version": 1
          },
          "sensitive_attributes": [],
          "private": "bnVsbA=="
        }
      ]
    },
    {
      "module": "module.ecs_cluster",
      "mode": "data",
      "type": "aws_iam_policy",
      "name": "AWSLambdaSQSQueueExecutionRole",
      "provider": "provider[\"registry.terraform.io/hashicorp/aws\"]",
      "instances": [
        {
          "schema_version": 0,
          "attributes": {
            "arn": "arn:aws:iam::aws:policy/service-role/AWSLambdaSQSQueueExecutionRole",
            "description": "Provides receive message, delete message, and read attribute access to SQS queues, and write permissions to CloudWatch logs.",
            "id": "arn:aws:iam::aws:policy/service-role/AWSLambdaSQSQueueExecutionRole",
            "name": "AWSLambdaSQSQueueExecutionRole",
            "path": "/service-role/",
            "path_prefix": null,
            "policy": "{\n  \"Version\": \"2012-10-17\",\n  \"Statement\": [\n    {\n      \"Effect\": \"Allow\",\n      \"Action\": [\n        \"sqs:ReceiveMessage\",\n        \"sqs:DeleteMessage\",\n        \"sqs:GetQueueAttributes\",\n        \"logs:CreateLogGroup\",\n        \"logs:CreateLogStream\",\n        \"logs:PutLogEvents\"\n      ],\n      \"Resource\": \"*\"\n    }\n  ]\n}",
            "policy_id": "ANPAJFWJZI6JNND4TSELK",
            "tags": {}
          },
          "sensitive_attributes": []
        }
      ]
    },
    {
      "module": "module.ecs_cluster",
      "mode": "data",
      "type": "aws_iam_policy",
      "name": "AmazonEC2ContainerServiceforEC2Role",
      "provider": "provider[\"registry.terraform.io/hashicorp/aws\"]",
      "instances": [
        {
          "schema_version": 0,
          "attributes": {
            "arn": "arn:aws:iam::aws:policy/service-role/AmazonEC2ContainerServiceforEC2Role",
            "description": "Default policy for the Amazon EC2 Role for Amazon EC2 Container Service.",
            "id": "arn:aws:iam::aws:policy/service-role/AmazonEC2ContainerServiceforEC2Role",
            "name": "AmazonEC2ContainerServiceforEC2Role",
            "path": "/service-role/",
            "path_prefix": null,
            "policy": "{\n  \"Version\": \"2012-10-17\",\n  \"Statement\": [\n    {\n      \"Effect\": \"Allow\",\n      \"Action\": [\n        \"ec2:DescribeTags\",\n        \"ecs:CreateCluster\",\n        \"ecs:DeregisterContainerInstance\",\n        \"ecs:DiscoverPollEndpoint\",\n        \"ecs:Poll\",\n        \"ecs:RegisterContainerInstance\",\n        \"ecs:StartTelemetrySession\",\n        \"ecs:UpdateContainerInstancesState\",\n        \"ecs:Submit*\",\n        \"ecr:GetAuthorizationToken\",\n        \"ecr:BatchCheckLayerAvailability\",\n        \"ecr:GetDownloadUrlForLayer\",\n        \"ecr:BatchGetImage\",\n        \"logs:CreateLogStream\",\n        \"logs:PutLogEvents\"\n      ],\n      \"Resource\": \"*\"\n    }\n  ]\n}",
            "policy_id": "ANPAJLYJCVHC7TQHCSQDS",
            "tags": {}
          },
          "sensitive_attributes": []
        }
      ]
    },
    {
      "module": "module.ecs_cluster",
      "mode": "data",
      "type": "aws_ssm_parameter",
      "name": "ecs_gpu_ami",
      "provider": "provider[\"registry.terraform.io/hashicorp/aws\"]",
      "instances": [
        {
          "schema_version": 0,
          "attributes": {
            "arn": "arn:aws:ssm:us-west-1::parameter/aws/service/ecs/optimized-ami/amazon-linux-2/gpu/recommended/image_id",
            "id": "/aws/service/ecs/optimized-ami/amazon-linux-2/gpu/recommended/image_id",
            "name": "/aws/service/ecs/optimized-ami/amazon-linux-2/gpu/recommended/image_id",
            "type": "String",
            "value": "ami-0b38ac3236214a6c0",
            "version": 91,
            "with_decryption": true
          },
          "sensitive_attributes": []
        }
      ]
    },
    {
      "module": "module.ecs_cluster",
      "mode": "data",
      "type": "aws_subnets",
      "name": "public",
      "provider": "provider[\"registry.terraform.io/hashicorp/aws\"]",
      "instances": [
        {
          "schema_version": 0,
          "attributes": {
            "filter": [
              {
                "name": "vpc-id",
                "values": [
                  "vpc-0bb816f64e49ccb2f"
                ]
              }
            ],
            "id": "us-west-1",
            "ids": [
              "subnet-05a4a1b31d35ff002",
              "subnet-0627859786de0395d"
            ],
            "tags": {
              "Tier": "Public"
            },
            "timeouts": null
          },
          "sensitive_attributes": []
        }
      ]
    },
    {
      "module": "module.ecs_cluster",
      "mode": "managed",
      "type": "aws_ecs_cluster",
      "name": "discord",
      "provider": "provider[\"registry.terraform.io/hashicorp/aws\"]",
      "instances": [
        {
          "schema_version": 0,
          "attributes": {
            "arn": "arn:aws:ecs:us-west-1:710440188130:cluster/discord-diffusion-prod",
            "capacity_providers": [],
            "configuration": [],
            "default_capacity_provider_strategy": [],
            "id": "arn:aws:ecs:us-west-1:710440188130:cluster/discord-diffusion-prod",
            "name": "discord-diffusion-prod",
            "setting": [
              {
                "name": "containerInsights",
                "value": "disabled"
              }
            ],
            "tags": {},
            "tags_all": {
              "Project": "discord-diffusion",
              "auto-delete": "no"
            }
          },
          "sensitive_attributes": [],
          "private": "bnVsbA=="
        }
      ]
    },
    {
      "module": "module.ecs_cluster",
      "mode": "managed",
      "type": "aws_iam_instance_profile",
      "name": "ecs_discord",
      "provider": "provider[\"registry.terraform.io/hashicorp/aws\"]",
      "instances": [
        {
          "schema_version": 0,
          "attributes": {
            "arn": "arn:aws:iam::710440188130:instance-profile/test_profile",
            "create_date": "2022-10-11T22:02:26Z",
            "id": "test_profile",
            "name": "test_profile",
            "name_prefix": null,
            "path": "/",
            "role": "DiscordECS-discord-diffusion-prod",
            "tags": {},
            "tags_all": {
              "Project": "discord-diffusion",
              "auto-delete": "no"
            },
            "unique_id": "AIPA2K2MI7DRAUPJQFMZF"
          },
          "sensitive_attributes": [],
          "private": "bnVsbA==",
          "dependencies": [
            "module.ecs_cluster.aws_iam_role.ecs_discord"
          ]
        }
      ]
    },
    {
      "module": "module.ecs_cluster",
      "mode": "managed",
      "type": "aws_iam_role",
      "name": "ecs_discord",
      "provider": "provider[\"registry.terraform.io/hashicorp/aws\"]",
      "instances": [
        {
          "schema_version": 0,
          "attributes": {
            "arn": "arn:aws:iam::710440188130:role/DiscordECS-discord-diffusion-prod",
            "assume_role_policy": "{\"Statement\":[{\"Action\":\"sts:AssumeRole\",\"Effect\":\"Allow\",\"Principal\":{\"Service\":\"ec2.amazonaws.com\"}}],\"Version\":\"2012-10-17\"}",
            "create_date": "2022-10-11T22:00:32Z",
            "description": "",
            "force_detach_policies": false,
            "id": "DiscordECS-discord-diffusion-prod",
            "inline_policy": [],
            "managed_policy_arns": [
              "arn:aws:iam::aws:policy/service-role/AWSLambdaSQSQueueExecutionRole",
              "arn:aws:iam::aws:policy/service-role/AmazonEC2ContainerServiceforEC2Role"
            ],
            "max_session_duration": 3600,
            "name": "DiscordECS-discord-diffusion-prod",
            "name_prefix": "",
            "path": "/",
            "permissions_boundary": null,
            "tags": {},
            "tags_all": {
              "Project": "discord-diffusion",
              "auto-delete": "no"
            },
            "unique_id": "AROA2K2MI7DRL554KPSDT"
          },
          "sensitive_attributes": [],
          "private": "bnVsbA=="
        }
      ]
    },
    {
      "module": "module.ecs_cluster",
      "mode": "managed",
      "type": "aws_iam_role_policy_attachment",
      "name": "AWSLambdaSQSQueueExecutionRole",
      "provider": "provider[\"registry.terraform.io/hashicorp/aws\"]",
      "instances": [
        {
          "schema_version": 0,
          "attributes": {
            "id": "DiscordECS-discord-diffusion-prod-20221011220033697000000002",
            "policy_arn": "arn:aws:iam::aws:policy/service-role/AWSLambdaSQSQueueExecutionRole",
            "role": "DiscordECS-discord-diffusion-prod"
          },
          "sensitive_attributes": [],
          "private": "bnVsbA==",
          "dependencies": [
            "module.ecs_cluster.aws_iam_role.ecs_discord",
            "module.ecs_cluster.data.aws_iam_policy.AWSLambdaSQSQueueExecutionRole"
          ]
        }
      ]
    },
    {
      "module": "module.ecs_cluster",
      "mode": "managed",
      "type": "aws_iam_role_policy_attachment",
      "name": "AmazonEC2ContainerServiceforEC2Role",
      "provider": "provider[\"registry.terraform.io/hashicorp/aws\"]",
      "instances": [
        {
          "schema_version": 0,
          "attributes": {
            "id": "DiscordECS-discord-diffusion-prod-20221011220033554000000001",
            "policy_arn": "arn:aws:iam::aws:policy/service-role/AmazonEC2ContainerServiceforEC2Role",
            "role": "DiscordECS-discord-diffusion-prod"
          },
          "sensitive_attributes": [],
          "private": "bnVsbA==",
          "dependencies": [
            "module.ecs_cluster.aws_iam_role.ecs_discord",
            "module.ecs_cluster.data.aws_iam_policy.AmazonEC2ContainerServiceforEC2Role"
          ]
        }
      ]
    },
    {
      "module": "module.ecs_cluster",
      "mode": "managed",
      "type": "aws_launch_template",
      "name": "discord_diffusion",
      "provider": "provider[\"registry.terraform.io/hashicorp/aws\"]",
      "instances": [
        {
          "schema_version": 0,
          "attributes": {
            "arn": "arn:aws:ec2:us-west-1:710440188130:launch-template/lt-0905ddc831d84d0cd",
            "block_device_mappings": [
              {
                "device_name": "/dev/xvda",
                "ebs": [
                  {
                    "delete_on_termination": "",
                    "encrypted": "",
                    "iops": 0,
                    "kms_key_id": "",
                    "snapshot_id": "",
                    "throughput": 0,
                    "volume_size": 40,
                    "volume_type": "gp3"
                  }
                ],
                "no_device": "",
                "virtual_name": ""
              }
            ],
            "capacity_reservation_specification": [],
            "cpu_options": [],
            "credit_specification": [],
            "default_version": 2,
            "description": "",
            "disable_api_stop": false,
            "disable_api_termination": false,
            "ebs_optimized": "",
            "elastic_gpu_specifications": [],
            "elastic_inference_accelerator": [],
            "enclave_options": [],
            "hibernation_options": [],
            "iam_instance_profile": [
              {
                "arn": "arn:aws:iam::710440188130:instance-profile/test_profile",
                "name": ""
              }
            ],
            "id": "lt-0905ddc831d84d0cd",
            "image_id": "ami-0b38ac3236214a6c0",
            "instance_initiated_shutdown_behavior": "terminate",
            "instance_market_options": [],
            "instance_requirements": [],
            "instance_type": "g4dn.xlarge",
            "kernel_id": "",
            "key_name": "discord-diffusion-prod",
            "latest_version": 3,
            "license_specification": [],
            "maintenance_options": [],
            "metadata_options": [],
            "monitoring": [],
            "name": "discord-diffusion-prod",
            "name_prefix": "",
            "network_interfaces": [],
            "placement": [],
            "private_dns_name_options": [],
            "ram_disk_id": "",
            "security_group_names": [],
            "tag_specifications": [],
            "tags": {},
            "tags_all": {
              "Project": "discord-diffusion",
              "auto-delete": "no"
            },
            "update_default_version": null,
            "user_data": "ICAgICMhL2Jpbi9iYXNoCiAgICBjYXQgPDwnRU9GJyA+PiAvZXRjL2Vjcy9lY3MuY29uZmlnCiAgICBFQ1NfQ0xVU1RFUj1hcm46YXdzOmVjczp1cy13ZXN0LTE6NzEwNDQwMTg4MTMwOmNsdXN0ZXIvZGlzY29yZC1kaWZmdXNpb24tcHJvZAogICAgRUNTX0VOQUJMRV9HUFVfU1VQUE9SVD10cnVlCiAgICBFT0YK",
            "vpc_security_group_ids": [
              "sg-04af596d13b045005"
            ]
          },
          "sensitive_attributes": [
            [
              {
                "type": "get_attr",
                "value": "image_id"
              }
            ]
          ],
          "private": "bnVsbA==",
          "dependencies": [
            "module.ecs_cluster.aws_ecs_cluster.discord",
            "module.ecs_cluster.aws_iam_instance_profile.ecs_discord",
            "module.ecs_cluster.aws_iam_role.ecs_discord",
            "module.ecs_cluster.aws_security_group.ecs_discord",
            "module.ecs_cluster.data.aws_ssm_parameter.ecs_gpu_ami"
          ]
        }
      ]
    },
    {
      "module": "module.ecs_cluster",
      "mode": "managed",
      "type": "aws_security_group",
      "name": "ecs_discord",
      "provider": "provider[\"registry.terraform.io/hashicorp/aws\"]",
      "instances": [
        {
          "schema_version": 1,
          "attributes": {
            "arn": "arn:aws:ec2:us-west-1:710440188130:security-group/sg-04af596d13b045005",
            "description": "Allow TLS inbound traffic",
            "egress": [
              {
                "cidr_blocks": [
                  "0.0.0.0/0"
                ],
                "description": "",
                "from_port": 0,
                "ipv6_cidr_blocks": [
                  "::/0"
                ],
                "prefix_list_ids": [],
                "protocol": "-1",
                "security_groups": [],
                "self": false,
                "to_port": 0
              }
            ],
            "id": "sg-04af596d13b045005",
            "ingress": [
              {
                "cidr_blocks": [
                  "0.0.0.0/0"
                ],
                "description": "HTTP",
                "from_port": 80,
                "ipv6_cidr_blocks": [],
                "prefix_list_ids": [],
                "protocol": "tcp",
                "security_groups": [],
                "self": false,
                "to_port": 80
              },
              {
                "cidr_blocks": [
                  "0.0.0.0/0"
                ],
                "description": "HTTPS",
                "from_port": 443,
                "ipv6_cidr_blocks": [],
                "prefix_list_ids": [],
                "protocol": "tcp",
                "security_groups": [],
                "self": false,
                "to_port": 443
              }
            ],
            "name": "ECS-Discord-discord-diffusion-prod",
            "name_prefix": "",
            "owner_id": "710440188130",
            "revoke_rules_on_delete": false,
            "tags": {},
            "tags_all": {
              "Project": "discord-diffusion",
              "auto-delete": "no"
            },
            "timeouts": null,
            "vpc_id": "vpc-0bb816f64e49ccb2f"
          },
          "sensitive_attributes": [],
          "private": "eyJlMmJmYjczMC1lY2FhLTExZTYtOGY4OC0zNDM2M2JjN2M0YzAiOnsiY3JlYXRlIjo2MDAwMDAwMDAwMDAsImRlbGV0ZSI6OTAwMDAwMDAwMDAwfSwic2NoZW1hX3ZlcnNpb24iOiIxIn0="
        }
      ]
    }
  ],
  "check_results": []
}
